
Microsoft Visual Studio Solution File, Format Version 12.00
# Visual Studio 2012
Project("{FAE04EC0-301F-11D3-BF4B-00C04F79EFBC}") = "WebViewLocalContent", "WebViewLocalContent\WebViewLocalContent.csproj", "{723BE2FA-D4B8-459E-A51A-B4B0327AB2CA}"
EndProject
Project("{FAE04EC0-301F-11D3-BF4B-00C04F79EFBC}") = "WebViewLocalContent.iOS", "iOS\WebViewLocalContent.iOS.csproj", "{29166DE2-37E5-4544-927E-3477C2A154F3}"
EndProject
Project("{FAE04EC0-301F-11D3-BF4B-00C04F79EFBC}") = "WebViewLocalContent.Droid", "Droid\WebViewLocalContent.Droid.csproj", "{B9208A7E-EBEC-4459-966E-E2336C629594}"
EndProject
Global
	GlobalSection(SolutionConfigurationPlatforms) = preSolution
		Debug|Any CPU = Debug|Any CPU
		Release|Any CPU = Release|Any CPU
		Debug|iPhoneSimulator = Debug|iPhoneSimulator
		Release|iPhoneSimulator = Release|iPhoneSimulator
		Debug|iPhone = Debug|iPhone
		Release|iPhone = Release|iPhone
		Ad-Hoc|iPhone = Ad-Hoc|iPhone
		AppStore|iPhone = AppStore|iPhone
	EndGlobalSection
	GlobalSection(ProjectConfigurationPlatforms) = postSolution
		{29166DE2-37E5-4544-927E-3477C2A154F3}.Ad-Hoc|iPhone.ActiveCfg = Ad-Hoc|iPhone
		{29166DE2-37E5-4544-927E-3477C2A154F3}.Ad-Hoc|iPhone.Build.0 = Ad-Hoc|iPhone
		{29166DE2-37E5-4544-927E-3477C2A154F3}.AppStore|iPhone.ActiveCfg = AppStore|iPhone
		{29166DE2-37E5-4544-927E-3477C2A154F3}.AppStore|iPhone.Build.0 = AppStore|iPhone
		{29166DE2-37E5-4544-927E-3477C2A154F3}.Debug|Any CPU.ActiveCfg = Debug|iPhoneSimulator
		{29166DE2-37E5-4544-927E-3477C2A154F3}.Debug|Any CPU.Build.0 = Debug|iPhoneSimulator
		{29166DE2-37E5-4544-927E-3477C2A154F3}.Debug|iPhone.ActiveCfg = Debug|iPhone
		{29166DE2-37E5-4544-927E-3477C2A154F3}.Debug|iPhone.Build.0 = Debug|iPhone
		{29166DE2-37E5-4544-927E-3477C2A154F3}.Debug|iPhoneSimulator.ActiveCfg = Debug|iPhoneSimulator
		{29166DE2-37E5-4544-927E-3477C2A154F3}.Debug|iPhoneSimulator.Build.0 = Debug|iPhoneSimulator
		{29166DE2-37E5-4544-927E-3477C2A154F3}.Release|Any CPU.ActiveCfg = Release|iPhoneSimulator
		{29166DE2-37E5-4544-927E-3477C2A154F3}.Release|Any CPU.Build.0 = Release|iPhoneSimulator
		{29166DE2-37E5-4544-927E-3477C2A154F3}.Release|iPhone.ActiveCfg = Release|iPhone
		{29166DE2-37E5-4544-927E-3477C2A154F3}.Release|iPhone.Build.0 = Release|iPhone
		{29166DE2-37E5-4544-927E-3477C2A154F3}.Release|iPhoneSimulator.ActiveCfg = Release|iPhoneSimulator
		{29166DE2-37E5-4544-927E-3477C2A154F3}.Release|iPhoneSimulator.Build.0 = Release|iPhoneSimulator
		{723BE2FA-D4B8-459E-A51A-B4B0327AB2CA}.Ad-Hoc|iPhone.ActiveCfg = Debug|Any CPU
		{723BE2FA-D4B8-459E-A51A-B4B0327AB2CA}.Ad-Hoc|iPhone.Build.0 = Debug|Any CPU
		{723BE2FA-D4B8-459E-A51A-B4B0327AB2CA}.AppStore|iPhone.ActiveCfg = Debug|Any CPU
		{723BE2FA-D4B8-459E-A51A-B4B0327AB2CA}.AppStore|iPhone.Build.0 = Debug|Any CPU
		{723BE2FA-D4B8-459E-A51A-B4B0327AB2CA}.Debug|Any CPU.ActiveCfg = Debug|Any CPU
		{723BE2FA-D4B8-459E-A51A-B4B0327AB2CA}.Debug|Any CPU.Build.0 = Debug|Any CPU
		{723BE2FA-D4B8-459E-A51A-B4B0327AB2CA}.Debug|iPhone.ActiveCfg = Debug|Any CPU
		{723BE2FA-D4B8-459E-A51A-B4B0327AB2CA}.Debug|iPhone.Build.0 = Debug|Any CPU
		{723BE2FA-D4B8-459E-A51A-B4B0327AB2CA}.Debug|iPhoneSimulator.ActiveCfg = Debug|Any CPU
		{723BE2FA-D4B8-459E-A51A-B4B0327AB2CA}.Debug|iPhoneSimulator.Build.0 = Debug|Any CPU
		{723BE2FA-D4B8-459E-A51A-B4B0327AB2CA}.Release|Any CPU.ActiveCfg = Release|Any CPU
		{723BE2FA-D4B8-459E-A51A-B4B0327AB2CA}.Release|Any CPU.Build.0 = Release|Any CPU
		{723BE2FA-D4B8-459E-A51A-B4B0327AB2CA}.Release|iPhone.ActiveCfg = Release|Any CPU
		{723BE2FA-D4B8-459E-A51A-B4B0327AB2CA}.Release|iPhone.Build.0 = Release|Any CPU
		{723BE2FA-D4B8-459E-A51A-B4B0327AB2CA}.Release|iPhoneSimulator.ActiveCfg = Release|Any CPU
		{723BE2FA-D4B8-459E-A51A-B4B0327AB2CA}.Release|iPhoneSimulator.Build.0 = Release|Any CPU
		{B9208A7E-EBEC-4459-966E-E2336C629594}.Ad-Hoc|iPhone.ActiveCfg = Release|Any CPU
		{B9208A7E-EBEC-4459-966E-E2336C629594}.Ad-Hoc|iPhone.Build.0 = Release|Any CPU
		{B9208A7E-EBEC-4459-966E-E2336C629594}.AppStore|iPhone.ActiveCfg = Release|Any CPU
		{B9208A7E-EBEC-4459-966E-E2336C629594}.AppStore|iPhone.Build.0 = Release|Any CPU
		{B9208A7E-EBEC-4459-966E-E2336C629594}.Debug|Any CPU.ActiveCfg = Debug|Any CPU
		{B9208A7E-EBEC-4459-966E-E2336C629594}.Debug|Any CPU.Build.0 = Debug|Any CPU
		{B9208A7E-EBEC-4459-966E-E2336C629594}.Debug|iPhone.ActiveCfg = Debug|Any CPU
		{B9208A7E-EBEC-4459-966E-E2336C629594}.Debug|iPhone.Build.0 = Debug|Any CPU
		{B9208A7E-EBEC-4459-966E-E2336C629594}.Debug|iPhoneSimulator.ActiveCfg = Debug|Any CPU
		{B9208A7E-EBEC-4459-966E-E2336C629594}.Debug|iPhoneSimulator.Build.0 = Debug|Any CPU
		{B9208A7E-EBEC-4459-966E-E2336C629594}.Release|Any CPU.ActiveCfg = Release|Any CPU
		{B9208A7E-EBEC-4459-966E-E2336C629594}.Release|Any CPU.Build.0 = Release|Any CPU
		{B9208A7E-EBEC-4459-966E-E2336C629594}.Release|iPhone.ActiveCfg = Release|Any CPU
		{B9208A7E-EBEC-4459-966E-E2336C629594}.Release|iPhone.Build.0 = Release|Any CPU
		{B9208A7E-EBEC-4459-966E-E2336C629594}.Release|iPhoneSimulator.ActiveCfg = Release|Any CPU
		{B9208A7E-EBEC-4459-966E-E2336C629594}.Release|iPhoneSimulator.Build.0 = Release|Any CPU
	EndGlobalSection
EndGlobal
