
Microsoft Visual Studio Solution File, Format Version 12.00
# Visual Studio 15
VisualStudioVersion = 15.0.26228.0
MinimumVisualStudioVersion = 10.0.40219.1
Project("{FAE04EC0-301F-11D3-BF4B-00C04F79EFBC}") = "Artists.IOS", "Artists\Artists.IOS.csproj", "{AC4CFB22-4A51-415A-BAB2-DEB54B59CE09}"
EndProject
Project("{D954291E-2A0B-460D-934E-DC6B0785DB48}") = "Artists.Shared", "Artists.Shared\Artists.Shared.shproj", "{631A8D5C-DF58-445D-9700-CEBC02F29CB1}"
EndProject
Project("{FAE04EC0-301F-11D3-BF4B-00C04F79EFBC}") = "Artists.Droid", "Artists.Droid\Artists.Droid.csproj", "{FEC03EC7-C26A-4FC4-801B-4BCD1489B89B}"
EndProject
Project("{2150E333-8FDC-42A3-9474-1A3956D46DE8}") = "Xamarin.Forms", "Xamarin.Forms", "{69E30054-59FE-4A54-9438-DE093FF6DF72}"
EndProject
Project("{FAE04EC0-301F-11D3-BF4B-00C04F79EFBC}") = "ArtistsXF.Android", "ArtistsXF\ArtistsXF.Android\ArtistsXF.Android.csproj", "{84103041-6C78-4E0A-AF7A-D6F5658B246B}"
EndProject
Project("{FAE04EC0-301F-11D3-BF4B-00C04F79EFBC}") = "ArtistsXF", "ArtistsXF\ArtistsXF\ArtistsXF.csproj", "{C300AC3B-6210-43B5-B3BA-56FEDD7D02C0}"
EndProject
Project("{FAE04EC0-301F-11D3-BF4B-00C04F79EFBC}") = "ArtistsXF.UWP", "ArtistsXF\ArtistsXF.UWP\ArtistsXF.UWP.csproj", "{3C5FEEAD-72EA-4681-938C-E4C7965A14D1}"
EndProject
Project("{FAE04EC0-301F-11D3-BF4B-00C04F79EFBC}") = "ArtistsXF.iOS", "ArtistsXF\ArtistsXF.iOS\ArtistsXF.iOS.csproj", "{2B916FE1-400D-40A0-B876-CD602F6D2F30}"
EndProject
Global
	GlobalSection(SharedMSBuildProjectFiles) = preSolution
		Artists.Shared\Artists.Shared.projitems*{631a8d5c-df58-445d-9700-cebc02f29cb1}*SharedItemsImports = 13
		Artists.Shared\Artists.Shared.projitems*{ac4cfb22-4a51-415a-bab2-deb54b59ce09}*SharedItemsImports = 4
		Artists.Shared\Artists.Shared.projitems*{c300ac3b-6210-43b5-b3ba-56fedd7d02c0}*SharedItemsImports = 4
		Artists.Shared\Artists.Shared.projitems*{fec03ec7-c26a-4fc4-801b-4bcd1489b89b}*SharedItemsImports = 4
	EndGlobalSection
	GlobalSection(SolutionConfigurationPlatforms) = preSolution
		Ad-Hoc|Any CPU = Ad-Hoc|Any CPU
		Ad-Hoc|ARM = Ad-Hoc|ARM
		Ad-Hoc|iPhone = Ad-Hoc|iPhone
		Ad-Hoc|iPhoneSimulator = Ad-Hoc|iPhoneSimulator
		Ad-Hoc|x64 = Ad-Hoc|x64
		Ad-Hoc|x86 = Ad-Hoc|x86
		AppStore|Any CPU = AppStore|Any CPU
		AppStore|ARM = AppStore|ARM
		AppStore|iPhone = AppStore|iPhone
		AppStore|iPhoneSimulator = AppStore|iPhoneSimulator
		AppStore|x64 = AppStore|x64
		AppStore|x86 = AppStore|x86
		Debug|Any CPU = Debug|Any CPU
		Debug|ARM = Debug|ARM
		Debug|iPhone = Debug|iPhone
		Debug|iPhoneSimulator = Debug|iPhoneSimulator
		Debug|x64 = Debug|x64
		Debug|x86 = Debug|x86
		Release|Any CPU = Release|Any CPU
		Release|ARM = Release|ARM
		Release|iPhone = Release|iPhone
		Release|iPhoneSimulator = Release|iPhoneSimulator
		Release|x64 = Release|x64
		Release|x86 = Release|x86
	EndGlobalSection
	GlobalSection(ProjectConfigurationPlatforms) = postSolution
		{AC4CFB22-4A51-415A-BAB2-DEB54B59CE09}.Ad-Hoc|Any CPU.ActiveCfg = Ad-Hoc|iPhoneSimulator
		{AC4CFB22-4A51-415A-BAB2-DEB54B59CE09}.Ad-Hoc|ARM.ActiveCfg = Ad-Hoc|iPhone
		{AC4CFB22-4A51-415A-BAB2-DEB54B59CE09}.Ad-Hoc|iPhone.ActiveCfg = Ad-Hoc|iPhone
		{AC4CFB22-4A51-415A-BAB2-DEB54B59CE09}.Ad-Hoc|iPhone.Build.0 = Ad-Hoc|iPhone
		{AC4CFB22-4A51-415A-BAB2-DEB54B59CE09}.Ad-Hoc|iPhoneSimulator.ActiveCfg = Ad-Hoc|iPhoneSimulator
		{AC4CFB22-4A51-415A-BAB2-DEB54B59CE09}.Ad-Hoc|iPhoneSimulator.Build.0 = Ad-Hoc|iPhoneSimulator
		{AC4CFB22-4A51-415A-BAB2-DEB54B59CE09}.Ad-Hoc|x64.ActiveCfg = Ad-Hoc|iPhone
		{AC4CFB22-4A51-415A-BAB2-DEB54B59CE09}.Ad-Hoc|x86.ActiveCfg = Ad-Hoc|iPhone
		{AC4CFB22-4A51-415A-BAB2-DEB54B59CE09}.AppStore|Any CPU.ActiveCfg = AppStore|iPhoneSimulator
		{AC4CFB22-4A51-415A-BAB2-DEB54B59CE09}.AppStore|ARM.ActiveCfg = AppStore|iPhone
		{AC4CFB22-4A51-415A-BAB2-DEB54B59CE09}.AppStore|iPhone.ActiveCfg = AppStore|iPhone
		{AC4CFB22-4A51-415A-BAB2-DEB54B59CE09}.AppStore|iPhone.Build.0 = AppStore|iPhone
		{AC4CFB22-4A51-415A-BAB2-DEB54B59CE09}.AppStore|iPhoneSimulator.ActiveCfg = AppStore|iPhoneSimulator
		{AC4CFB22-4A51-415A-BAB2-DEB54B59CE09}.AppStore|iPhoneSimulator.Build.0 = AppStore|iPhoneSimulator
		{AC4CFB22-4A51-415A-BAB2-DEB54B59CE09}.AppStore|x64.ActiveCfg = AppStore|iPhone
		{AC4CFB22-4A51-415A-BAB2-DEB54B59CE09}.AppStore|x86.ActiveCfg = AppStore|iPhone
		{AC4CFB22-4A51-415A-BAB2-DEB54B59CE09}.Debug|Any CPU.ActiveCfg = Debug|iPhoneSimulator
		{AC4CFB22-4A51-415A-BAB2-DEB54B59CE09}.Debug|ARM.ActiveCfg = Debug|iPhone
		{AC4CFB22-4A51-415A-BAB2-DEB54B59CE09}.Debug|iPhone.ActiveCfg = Debug|iPhone
		{AC4CFB22-4A51-415A-BAB2-DEB54B59CE09}.Debug|iPhone.Build.0 = Debug|iPhone
		{AC4CFB22-4A51-415A-BAB2-DEB54B59CE09}.Debug|iPhoneSimulator.ActiveCfg = Debug|iPhoneSimulator
		{AC4CFB22-4A51-415A-BAB2-DEB54B59CE09}.Debug|iPhoneSimulator.Build.0 = Debug|iPhoneSimulator
		{AC4CFB22-4A51-415A-BAB2-DEB54B59CE09}.Debug|x64.ActiveCfg = Debug|iPhone
		{AC4CFB22-4A51-415A-BAB2-DEB54B59CE09}.Debug|x86.ActiveCfg = Debug|iPhone
		{AC4CFB22-4A51-415A-BAB2-DEB54B59CE09}.Release|Any CPU.ActiveCfg = Release|iPhoneSimulator
		{AC4CFB22-4A51-415A-BAB2-DEB54B59CE09}.Release|ARM.ActiveCfg = Release|iPhone
		{AC4CFB22-4A51-415A-BAB2-DEB54B59CE09}.Release|iPhone.ActiveCfg = Release|iPhone
		{AC4CFB22-4A51-415A-BAB2-DEB54B59CE09}.Release|iPhone.Build.0 = Release|iPhone
		{AC4CFB22-4A51-415A-BAB2-DEB54B59CE09}.Release|iPhoneSimulator.ActiveCfg = Release|iPhoneSimulator
		{AC4CFB22-4A51-415A-BAB2-DEB54B59CE09}.Release|iPhoneSimulator.Build.0 = Release|iPhoneSimulator
		{AC4CFB22-4A51-415A-BAB2-DEB54B59CE09}.Release|x64.ActiveCfg = Release|iPhone
		{AC4CFB22-4A51-415A-BAB2-DEB54B59CE09}.Release|x86.ActiveCfg = Release|iPhone
		{FEC03EC7-C26A-4FC4-801B-4BCD1489B89B}.Ad-Hoc|Any CPU.ActiveCfg = Release|Any CPU
		{FEC03EC7-C26A-4FC4-801B-4BCD1489B89B}.Ad-Hoc|Any CPU.Build.0 = Release|Any CPU
		{FEC03EC7-C26A-4FC4-801B-4BCD1489B89B}.Ad-Hoc|Any CPU.Deploy.0 = Release|Any CPU
		{FEC03EC7-C26A-4FC4-801B-4BCD1489B89B}.Ad-Hoc|ARM.ActiveCfg = Debug|Any CPU
		{FEC03EC7-C26A-4FC4-801B-4BCD1489B89B}.Ad-Hoc|ARM.Build.0 = Debug|Any CPU
		{FEC03EC7-C26A-4FC4-801B-4BCD1489B89B}.Ad-Hoc|ARM.Deploy.0 = Debug|Any CPU
		{FEC03EC7-C26A-4FC4-801B-4BCD1489B89B}.Ad-Hoc|iPhone.ActiveCfg = Release|Any CPU
		{FEC03EC7-C26A-4FC4-801B-4BCD1489B89B}.Ad-Hoc|iPhone.Build.0 = Release|Any CPU
		{FEC03EC7-C26A-4FC4-801B-4BCD1489B89B}.Ad-Hoc|iPhone.Deploy.0 = Release|Any CPU
		{FEC03EC7-C26A-4FC4-801B-4BCD1489B89B}.Ad-Hoc|iPhoneSimulator.ActiveCfg = Release|Any CPU
		{FEC03EC7-C26A-4FC4-801B-4BCD1489B89B}.Ad-Hoc|iPhoneSimulator.Build.0 = Release|Any CPU
		{FEC03EC7-C26A-4FC4-801B-4BCD1489B89B}.Ad-Hoc|iPhoneSimulator.Deploy.0 = Release|Any CPU
		{FEC03EC7-C26A-4FC4-801B-4BCD1489B89B}.Ad-Hoc|x64.ActiveCfg = Debug|Any CPU
		{FEC03EC7-C26A-4FC4-801B-4BCD1489B89B}.Ad-Hoc|x64.Build.0 = Debug|Any CPU
		{FEC03EC7-C26A-4FC4-801B-4BCD1489B89B}.Ad-Hoc|x64.Deploy.0 = Debug|Any CPU
		{FEC03EC7-C26A-4FC4-801B-4BCD1489B89B}.Ad-Hoc|x86.ActiveCfg = Debug|Any CPU
		{FEC03EC7-C26A-4FC4-801B-4BCD1489B89B}.Ad-Hoc|x86.Build.0 = Debug|Any CPU
		{FEC03EC7-C26A-4FC4-801B-4BCD1489B89B}.Ad-Hoc|x86.Deploy.0 = Debug|Any CPU
		{FEC03EC7-C26A-4FC4-801B-4BCD1489B89B}.AppStore|Any CPU.ActiveCfg = Release|Any CPU
		{FEC03EC7-C26A-4FC4-801B-4BCD1489B89B}.AppStore|Any CPU.Build.0 = Release|Any CPU
		{FEC03EC7-C26A-4FC4-801B-4BCD1489B89B}.AppStore|Any CPU.Deploy.0 = Release|Any CPU
		{FEC03EC7-C26A-4FC4-801B-4BCD1489B89B}.AppStore|ARM.ActiveCfg = Debug|Any CPU
		{FEC03EC7-C26A-4FC4-801B-4BCD1489B89B}.AppStore|ARM.Build.0 = Debug|Any CPU
		{FEC03EC7-C26A-4FC4-801B-4BCD1489B89B}.AppStore|ARM.Deploy.0 = Debug|Any CPU
		{FEC03EC7-C26A-4FC4-801B-4BCD1489B89B}.AppStore|iPhone.ActiveCfg = Release|Any CPU
		{FEC03EC7-C26A-4FC4-801B-4BCD1489B89B}.AppStore|iPhone.Build.0 = Release|Any CPU
		{FEC03EC7-C26A-4FC4-801B-4BCD1489B89B}.AppStore|iPhone.Deploy.0 = Release|Any CPU
		{FEC03EC7-C26A-4FC4-801B-4BCD1489B89B}.AppStore|iPhoneSimulator.ActiveCfg = Release|Any CPU
		{FEC03EC7-C26A-4FC4-801B-4BCD1489B89B}.AppStore|iPhoneSimulator.Build.0 = Release|Any CPU
		{FEC03EC7-C26A-4FC4-801B-4BCD1489B89B}.AppStore|iPhoneSimulator.Deploy.0 = Release|Any CPU
		{FEC03EC7-C26A-4FC4-801B-4BCD1489B89B}.AppStore|x64.ActiveCfg = Debug|Any CPU
		{FEC03EC7-C26A-4FC4-801B-4BCD1489B89B}.AppStore|x64.Build.0 = Debug|Any CPU
		{FEC03EC7-C26A-4FC4-801B-4BCD1489B89B}.AppStore|x64.Deploy.0 = Debug|Any CPU
		{FEC03EC7-C26A-4FC4-801B-4BCD1489B89B}.AppStore|x86.ActiveCfg = Debug|Any CPU
		{FEC03EC7-C26A-4FC4-801B-4BCD1489B89B}.AppStore|x86.Build.0 = Debug|Any CPU
		{FEC03EC7-C26A-4FC4-801B-4BCD1489B89B}.AppStore|x86.Deploy.0 = Debug|Any CPU
		{FEC03EC7-C26A-4FC4-801B-4BCD1489B89B}.Debug|Any CPU.ActiveCfg = Debug|Any CPU
		{FEC03EC7-C26A-4FC4-801B-4BCD1489B89B}.Debug|Any CPU.Build.0 = Debug|Any CPU
		{FEC03EC7-C26A-4FC4-801B-4BCD1489B89B}.Debug|Any CPU.Deploy.0 = Debug|Any CPU
		{FEC03EC7-C26A-4FC4-801B-4BCD1489B89B}.Debug|ARM.ActiveCfg = Debug|Any CPU
		{FEC03EC7-C26A-4FC4-801B-4BCD1489B89B}.Debug|ARM.Build.0 = Debug|Any CPU
		{FEC03EC7-C26A-4FC4-801B-4BCD1489B89B}.Debug|ARM.Deploy.0 = Debug|Any CPU
		{FEC03EC7-C26A-4FC4-801B-4BCD1489B89B}.Debug|iPhone.ActiveCfg = Debug|Any CPU
		{FEC03EC7-C26A-4FC4-801B-4BCD1489B89B}.Debug|iPhone.Build.0 = Debug|Any CPU
		{FEC03EC7-C26A-4FC4-801B-4BCD1489B89B}.Debug|iPhone.Deploy.0 = Debug|Any CPU
		{FEC03EC7-C26A-4FC4-801B-4BCD1489B89B}.Debug|iPhoneSimulator.ActiveCfg = Debug|Any CPU
		{FEC03EC7-C26A-4FC4-801B-4BCD1489B89B}.Debug|iPhoneSimulator.Build.0 = Debug|Any CPU
		{FEC03EC7-C26A-4FC4-801B-4BCD1489B89B}.Debug|iPhoneSimulator.Deploy.0 = Debug|Any CPU
		{FEC03EC7-C26A-4FC4-801B-4BCD1489B89B}.Debug|x64.ActiveCfg = Debug|Any CPU
		{FEC03EC7-C26A-4FC4-801B-4BCD1489B89B}.Debug|x64.Build.0 = Debug|Any CPU
		{FEC03EC7-C26A-4FC4-801B-4BCD1489B89B}.Debug|x64.Deploy.0 = Debug|Any CPU
		{FEC03EC7-C26A-4FC4-801B-4BCD1489B89B}.Debug|x86.ActiveCfg = Debug|Any CPU
		{FEC03EC7-C26A-4FC4-801B-4BCD1489B89B}.Debug|x86.Build.0 = Debug|Any CPU
		{FEC03EC7-C26A-4FC4-801B-4BCD1489B89B}.Debug|x86.Deploy.0 = Debug|Any CPU
		{FEC03EC7-C26A-4FC4-801B-4BCD1489B89B}.Release|Any CPU.ActiveCfg = Release|Any CPU
		{FEC03EC7-C26A-4FC4-801B-4BCD1489B89B}.Release|Any CPU.Build.0 = Release|Any CPU
		{FEC03EC7-C26A-4FC4-801B-4BCD1489B89B}.Release|Any CPU.Deploy.0 = Release|Any CPU
		{FEC03EC7-C26A-4FC4-801B-4BCD1489B89B}.Release|ARM.ActiveCfg = Release|Any CPU
		{FEC03EC7-C26A-4FC4-801B-4BCD1489B89B}.Release|ARM.Build.0 = Release|Any CPU
		{FEC03EC7-C26A-4FC4-801B-4BCD1489B89B}.Release|ARM.Deploy.0 = Release|Any CPU
		{FEC03EC7-C26A-4FC4-801B-4BCD1489B89B}.Release|iPhone.ActiveCfg = Release|Any CPU
		{FEC03EC7-C26A-4FC4-801B-4BCD1489B89B}.Release|iPhone.Build.0 = Release|Any CPU
		{FEC03EC7-C26A-4FC4-801B-4BCD1489B89B}.Release|iPhone.Deploy.0 = Release|Any CPU
		{FEC03EC7-C26A-4FC4-801B-4BCD1489B89B}.Release|iPhoneSimulator.ActiveCfg = Release|Any CPU
		{FEC03EC7-C26A-4FC4-801B-4BCD1489B89B}.Release|iPhoneSimulator.Build.0 = Release|Any CPU
		{FEC03EC7-C26A-4FC4-801B-4BCD1489B89B}.Release|iPhoneSimulator.Deploy.0 = Release|Any CPU
		{FEC03EC7-C26A-4FC4-801B-4BCD1489B89B}.Release|x64.ActiveCfg = Release|Any CPU
		{FEC03EC7-C26A-4FC4-801B-4BCD1489B89B}.Release|x64.Build.0 = Release|Any CPU
		{FEC03EC7-C26A-4FC4-801B-4BCD1489B89B}.Release|x64.Deploy.0 = Release|Any CPU
		{FEC03EC7-C26A-4FC4-801B-4BCD1489B89B}.Release|x86.ActiveCfg = Release|Any CPU
		{FEC03EC7-C26A-4FC4-801B-4BCD1489B89B}.Release|x86.Build.0 = Release|Any CPU
		{FEC03EC7-C26A-4FC4-801B-4BCD1489B89B}.Release|x86.Deploy.0 = Release|Any CPU
		{84103041-6C78-4E0A-AF7A-D6F5658B246B}.Ad-Hoc|Any CPU.ActiveCfg = Release|Any CPU
		{84103041-6C78-4E0A-AF7A-D6F5658B246B}.Ad-Hoc|Any CPU.Build.0 = Release|Any CPU
		{84103041-6C78-4E0A-AF7A-D6F5658B246B}.Ad-Hoc|Any CPU.Deploy.0 = Release|Any CPU
		{84103041-6C78-4E0A-AF7A-D6F5658B246B}.Ad-Hoc|ARM.ActiveCfg = Release|Any CPU
		{84103041-6C78-4E0A-AF7A-D6F5658B246B}.Ad-Hoc|ARM.Build.0 = Release|Any CPU
		{84103041-6C78-4E0A-AF7A-D6F5658B246B}.Ad-Hoc|ARM.Deploy.0 = Release|Any CPU
		{84103041-6C78-4E0A-AF7A-D6F5658B246B}.Ad-Hoc|iPhone.ActiveCfg = Release|Any CPU
		{84103041-6C78-4E0A-AF7A-D6F5658B246B}.Ad-Hoc|iPhone.Build.0 = Release|Any CPU
		{84103041-6C78-4E0A-AF7A-D6F5658B246B}.Ad-Hoc|iPhone.Deploy.0 = Release|Any CPU
		{84103041-6C78-4E0A-AF7A-D6F5658B246B}.Ad-Hoc|iPhoneSimulator.ActiveCfg = Release|Any CPU
		{84103041-6C78-4E0A-AF7A-D6F5658B246B}.Ad-Hoc|iPhoneSimulator.Build.0 = Release|Any CPU
		{84103041-6C78-4E0A-AF7A-D6F5658B246B}.Ad-Hoc|iPhoneSimulator.Deploy.0 = Release|Any CPU
		{84103041-6C78-4E0A-AF7A-D6F5658B246B}.Ad-Hoc|x64.ActiveCfg = Release|Any CPU
		{84103041-6C78-4E0A-AF7A-D6F5658B246B}.Ad-Hoc|x64.Build.0 = Release|Any CPU
		{84103041-6C78-4E0A-AF7A-D6F5658B246B}.Ad-Hoc|x64.Deploy.0 = Release|Any CPU
		{84103041-6C78-4E0A-AF7A-D6F5658B246B}.Ad-Hoc|x86.ActiveCfg = Release|Any CPU
		{84103041-6C78-4E0A-AF7A-D6F5658B246B}.Ad-Hoc|x86.Build.0 = Release|Any CPU
		{84103041-6C78-4E0A-AF7A-D6F5658B246B}.Ad-Hoc|x86.Deploy.0 = Release|Any CPU
		{84103041-6C78-4E0A-AF7A-D6F5658B246B}.AppStore|Any CPU.ActiveCfg = Release|Any CPU
		{84103041-6C78-4E0A-AF7A-D6F5658B246B}.AppStore|Any CPU.Build.0 = Release|Any CPU
		{84103041-6C78-4E0A-AF7A-D6F5658B246B}.AppStore|Any CPU.Deploy.0 = Release|Any CPU
		{84103041-6C78-4E0A-AF7A-D6F5658B246B}.AppStore|ARM.ActiveCfg = Release|Any CPU
		{84103041-6C78-4E0A-AF7A-D6F5658B246B}.AppStore|ARM.Build.0 = Release|Any CPU
		{84103041-6C78-4E0A-AF7A-D6F5658B246B}.AppStore|ARM.Deploy.0 = Release|Any CPU
		{84103041-6C78-4E0A-AF7A-D6F5658B246B}.AppStore|iPhone.ActiveCfg = Release|Any CPU
		{84103041-6C78-4E0A-AF7A-D6F5658B246B}.AppStore|iPhone.Build.0 = Release|Any CPU
		{84103041-6C78-4E0A-AF7A-D6F5658B246B}.AppStore|iPhone.Deploy.0 = Release|Any CPU
		{84103041-6C78-4E0A-AF7A-D6F5658B246B}.AppStore|iPhoneSimulator.ActiveCfg = Release|Any CPU
		{84103041-6C78-4E0A-AF7A-D6F5658B246B}.AppStore|iPhoneSimulator.Build.0 = Release|Any CPU
		{84103041-6C78-4E0A-AF7A-D6F5658B246B}.AppStore|iPhoneSimulator.Deploy.0 = Release|Any CPU
		{84103041-6C78-4E0A-AF7A-D6F5658B246B}.AppStore|x64.ActiveCfg = Release|Any CPU
		{84103041-6C78-4E0A-AF7A-D6F5658B246B}.AppStore|x64.Build.0 = Release|Any CPU
		{84103041-6C78-4E0A-AF7A-D6F5658B246B}.AppStore|x64.Deploy.0 = Release|Any CPU
		{84103041-6C78-4E0A-AF7A-D6F5658B246B}.AppStore|x86.ActiveCfg = Release|Any CPU
		{84103041-6C78-4E0A-AF7A-D6F5658B246B}.AppStore|x86.Build.0 = Release|Any CPU
		{84103041-6C78-4E0A-AF7A-D6F5658B246B}.AppStore|x86.Deploy.0 = Release|Any CPU
		{84103041-6C78-4E0A-AF7A-D6F5658B246B}.Debug|Any CPU.ActiveCfg = Debug|Any CPU
		{84103041-6C78-4E0A-AF7A-D6F5658B246B}.Debug|Any CPU.Build.0 = Debug|Any CPU
		{84103041-6C78-4E0A-AF7A-D6F5658B246B}.Debug|Any CPU.Deploy.0 = Debug|Any CPU
		{84103041-6C78-4E0A-AF7A-D6F5658B246B}.Debug|ARM.ActiveCfg = Debug|Any CPU
		{84103041-6C78-4E0A-AF7A-D6F5658B246B}.Debug|ARM.Build.0 = Debug|Any CPU
		{84103041-6C78-4E0A-AF7A-D6F5658B246B}.Debug|ARM.Deploy.0 = Debug|Any CPU
		{84103041-6C78-4E0A-AF7A-D6F5658B246B}.Debug|iPhone.ActiveCfg = Debug|Any CPU
		{84103041-6C78-4E0A-AF7A-D6F5658B246B}.Debug|iPhone.Build.0 = Debug|Any CPU
		{84103041-6C78-4E0A-AF7A-D6F5658B246B}.Debug|iPhone.Deploy.0 = Debug|Any CPU
		{84103041-6C78-4E0A-AF7A-D6F5658B246B}.Debug|iPhoneSimulator.ActiveCfg = Debug|Any CPU
		{84103041-6C78-4E0A-AF7A-D6F5658B246B}.Debug|iPhoneSimulator.Build.0 = Debug|Any CPU
		{84103041-6C78-4E0A-AF7A-D6F5658B246B}.Debug|iPhoneSimulator.Deploy.0 = Debug|Any CPU
		{84103041-6C78-4E0A-AF7A-D6F5658B246B}.Debug|x64.ActiveCfg = Debug|Any CPU
		{84103041-6C78-4E0A-AF7A-D6F5658B246B}.Debug|x64.Build.0 = Debug|Any CPU
		{84103041-6C78-4E0A-AF7A-D6F5658B246B}.Debug|x64.Deploy.0 = Debug|Any CPU
		{84103041-6C78-4E0A-AF7A-D6F5658B246B}.Debug|x86.ActiveCfg = Debug|Any CPU
		{84103041-6C78-4E0A-AF7A-D6F5658B246B}.Debug|x86.Build.0 = Debug|Any CPU
		{84103041-6C78-4E0A-AF7A-D6F5658B246B}.Debug|x86.Deploy.0 = Debug|Any CPU
		{84103041-6C78-4E0A-AF7A-D6F5658B246B}.Release|Any CPU.ActiveCfg = Release|Any CPU
		{84103041-6C78-4E0A-AF7A-D6F5658B246B}.Release|Any CPU.Build.0 = Release|Any CPU
		{84103041-6C78-4E0A-AF7A-D6F5658B246B}.Release|Any CPU.Deploy.0 = Release|Any CPU
		{84103041-6C78-4E0A-AF7A-D6F5658B246B}.Release|ARM.ActiveCfg = Release|Any CPU
		{84103041-6C78-4E0A-AF7A-D6F5658B246B}.Release|ARM.Build.0 = Release|Any CPU
		{84103041-6C78-4E0A-AF7A-D6F5658B246B}.Release|ARM.Deploy.0 = Release|Any CPU
		{84103041-6C78-4E0A-AF7A-D6F5658B246B}.Release|iPhone.ActiveCfg = Release|Any CPU
		{84103041-6C78-4E0A-AF7A-D6F5658B246B}.Release|iPhone.Build.0 = Release|Any CPU
		{84103041-6C78-4E0A-AF7A-D6F5658B246B}.Release|iPhone.Deploy.0 = Release|Any CPU
		{84103041-6C78-4E0A-AF7A-D6F5658B246B}.Release|iPhoneSimulator.ActiveCfg = Release|Any CPU
		{84103041-6C78-4E0A-AF7A-D6F5658B246B}.Release|iPhoneSimulator.Build.0 = Release|Any CPU
		{84103041-6C78-4E0A-AF7A-D6F5658B246B}.Release|iPhoneSimulator.Deploy.0 = Release|Any CPU
		{84103041-6C78-4E0A-AF7A-D6F5658B246B}.Release|x64.ActiveCfg = Release|Any CPU
		{84103041-6C78-4E0A-AF7A-D6F5658B246B}.Release|x64.Build.0 = Release|Any CPU
		{84103041-6C78-4E0A-AF7A-D6F5658B246B}.Release|x64.Deploy.0 = Release|Any CPU
		{84103041-6C78-4E0A-AF7A-D6F5658B246B}.Release|x86.ActiveCfg = Release|Any CPU
		{84103041-6C78-4E0A-AF7A-D6F5658B246B}.Release|x86.Build.0 = Release|Any CPU
		{84103041-6C78-4E0A-AF7A-D6F5658B246B}.Release|x86.Deploy.0 = Release|Any CPU
		{C300AC3B-6210-43B5-B3BA-56FEDD7D02C0}.Ad-Hoc|Any CPU.ActiveCfg = Release|Any CPU
		{C300AC3B-6210-43B5-B3BA-56FEDD7D02C0}.Ad-Hoc|Any CPU.Build.0 = Release|Any CPU
		{C300AC3B-6210-43B5-B3BA-56FEDD7D02C0}.Ad-Hoc|ARM.ActiveCfg = Release|Any CPU
		{C300AC3B-6210-43B5-B3BA-56FEDD7D02C0}.Ad-Hoc|ARM.Build.0 = Release|Any CPU
		{C300AC3B-6210-43B5-B3BA-56FEDD7D02C0}.Ad-Hoc|iPhone.ActiveCfg = Release|Any CPU
		{C300AC3B-6210-43B5-B3BA-56FEDD7D02C0}.Ad-Hoc|iPhone.Build.0 = Release|Any CPU
		{C300AC3B-6210-43B5-B3BA-56FEDD7D02C0}.Ad-Hoc|iPhoneSimulator.ActiveCfg = Release|Any CPU
		{C300AC3B-6210-43B5-B3BA-56FEDD7D02C0}.Ad-Hoc|iPhoneSimulator.Build.0 = Release|Any CPU
		{C300AC3B-6210-43B5-B3BA-56FEDD7D02C0}.Ad-Hoc|x64.ActiveCfg = Release|Any CPU
		{C300AC3B-6210-43B5-B3BA-56FEDD7D02C0}.Ad-Hoc|x64.Build.0 = Release|Any CPU
		{C300AC3B-6210-43B5-B3BA-56FEDD7D02C0}.Ad-Hoc|x86.ActiveCfg = Release|Any CPU
		{C300AC3B-6210-43B5-B3BA-56FEDD7D02C0}.Ad-Hoc|x86.Build.0 = Release|Any CPU
		{C300AC3B-6210-43B5-B3BA-56FEDD7D02C0}.AppStore|Any CPU.ActiveCfg = Release|Any CPU
		{C300AC3B-6210-43B5-B3BA-56FEDD7D02C0}.AppStore|Any CPU.Build.0 = Release|Any CPU
		{C300AC3B-6210-43B5-B3BA-56FEDD7D02C0}.AppStore|ARM.ActiveCfg = Release|Any CPU
		{C300AC3B-6210-43B5-B3BA-56FEDD7D02C0}.AppStore|ARM.Build.0 = Release|Any CPU
		{C300AC3B-6210-43B5-B3BA-56FEDD7D02C0}.AppStore|iPhone.ActiveCfg = Release|Any CPU
		{C300AC3B-6210-43B5-B3BA-56FEDD7D02C0}.AppStore|iPhone.Build.0 = Release|Any CPU
		{C300AC3B-6210-43B5-B3BA-56FEDD7D02C0}.AppStore|iPhoneSimulator.ActiveCfg = Release|Any CPU
		{C300AC3B-6210-43B5-B3BA-56FEDD7D02C0}.AppStore|iPhoneSimulator.Build.0 = Release|Any CPU
		{C300AC3B-6210-43B5-B3BA-56FEDD7D02C0}.AppStore|x64.ActiveCfg = Release|Any CPU
		{C300AC3B-6210-43B5-B3BA-56FEDD7D02C0}.AppStore|x64.Build.0 = Release|Any CPU
		{C300AC3B-6210-43B5-B3BA-56FEDD7D02C0}.AppStore|x86.ActiveCfg = Release|Any CPU
		{C300AC3B-6210-43B5-B3BA-56FEDD7D02C0}.AppStore|x86.Build.0 = Release|Any CPU
		{C300AC3B-6210-43B5-B3BA-56FEDD7D02C0}.Debug|Any CPU.ActiveCfg = Debug|Any CPU
		{C300AC3B-6210-43B5-B3BA-56FEDD7D02C0}.Debug|Any CPU.Build.0 = Debug|Any CPU
		{C300AC3B-6210-43B5-B3BA-56FEDD7D02C0}.Debug|ARM.ActiveCfg = Debug|Any CPU
		{C300AC3B-6210-43B5-B3BA-56FEDD7D02C0}.Debug|ARM.Build.0 = Debug|Any CPU
		{C300AC3B-6210-43B5-B3BA-56FEDD7D02C0}.Debug|iPhone.ActiveCfg = Debug|Any CPU
		{C300AC3B-6210-43B5-B3BA-56FEDD7D02C0}.Debug|iPhone.Build.0 = Debug|Any CPU
		{C300AC3B-6210-43B5-B3BA-56FEDD7D02C0}.Debug|iPhoneSimulator.ActiveCfg = Debug|Any CPU
		{C300AC3B-6210-43B5-B3BA-56FEDD7D02C0}.Debug|iPhoneSimulator.Build.0 = Debug|Any CPU
		{C300AC3B-6210-43B5-B3BA-56FEDD7D02C0}.Debug|x64.ActiveCfg = Debug|Any CPU
		{C300AC3B-6210-43B5-B3BA-56FEDD7D02C0}.Debug|x64.Build.0 = Debug|Any CPU
		{C300AC3B-6210-43B5-B3BA-56FEDD7D02C0}.Debug|x86.ActiveCfg = Debug|Any CPU
		{C300AC3B-6210-43B5-B3BA-56FEDD7D02C0}.Debug|x86.Build.0 = Debug|Any CPU
		{C300AC3B-6210-43B5-B3BA-56FEDD7D02C0}.Release|Any CPU.ActiveCfg = Release|Any CPU
		{C300AC3B-6210-43B5-B3BA-56FEDD7D02C0}.Release|Any CPU.Build.0 = Release|Any CPU
		{C300AC3B-6210-43B5-B3BA-56FEDD7D02C0}.Release|ARM.ActiveCfg = Release|Any CPU
		{C300AC3B-6210-43B5-B3BA-56FEDD7D02C0}.Release|ARM.Build.0 = Release|Any CPU
		{C300AC3B-6210-43B5-B3BA-56FEDD7D02C0}.Release|iPhone.ActiveCfg = Release|Any CPU
		{C300AC3B-6210-43B5-B3BA-56FEDD7D02C0}.Release|iPhone.Build.0 = Release|Any CPU
		{C300AC3B-6210-43B5-B3BA-56FEDD7D02C0}.Release|iPhoneSimulator.ActiveCfg = Release|Any CPU
		{C300AC3B-6210-43B5-B3BA-56FEDD7D02C0}.Release|iPhoneSimulator.Build.0 = Release|Any CPU
		{C300AC3B-6210-43B5-B3BA-56FEDD7D02C0}.Release|x64.ActiveCfg = Release|Any CPU
		{C300AC3B-6210-43B5-B3BA-56FEDD7D02C0}.Release|x64.Build.0 = Release|Any CPU
		{C300AC3B-6210-43B5-B3BA-56FEDD7D02C0}.Release|x86.ActiveCfg = Release|Any CPU
		{C300AC3B-6210-43B5-B3BA-56FEDD7D02C0}.Release|x86.Build.0 = Release|Any CPU
		{3C5FEEAD-72EA-4681-938C-E4C7965A14D1}.Ad-Hoc|Any CPU.ActiveCfg = Release|x86
		{3C5FEEAD-72EA-4681-938C-E4C7965A14D1}.Ad-Hoc|Any CPU.Build.0 = Release|x86
		{3C5FEEAD-72EA-4681-938C-E4C7965A14D1}.Ad-Hoc|Any CPU.Deploy.0 = Release|x86
		{3C5FEEAD-72EA-4681-938C-E4C7965A14D1}.Ad-Hoc|ARM.ActiveCfg = Release|ARM
		{3C5FEEAD-72EA-4681-938C-E4C7965A14D1}.Ad-Hoc|ARM.Build.0 = Release|ARM
		{3C5FEEAD-72EA-4681-938C-E4C7965A14D1}.Ad-Hoc|ARM.Deploy.0 = Release|ARM
		{3C5FEEAD-72EA-4681-938C-E4C7965A14D1}.Ad-Hoc|iPhone.ActiveCfg = Release|x86
		{3C5FEEAD-72EA-4681-938C-E4C7965A14D1}.Ad-Hoc|iPhone.Build.0 = Release|x86
		{3C5FEEAD-72EA-4681-938C-E4C7965A14D1}.Ad-Hoc|iPhone.Deploy.0 = Release|x86
		{3C5FEEAD-72EA-4681-938C-E4C7965A14D1}.Ad-Hoc|iPhoneSimulator.ActiveCfg = Release|x86
		{3C5FEEAD-72EA-4681-938C-E4C7965A14D1}.Ad-Hoc|iPhoneSimulator.Build.0 = Release|x86
		{3C5FEEAD-72EA-4681-938C-E4C7965A14D1}.Ad-Hoc|iPhoneSimulator.Deploy.0 = Release|x86
		{3C5FEEAD-72EA-4681-938C-E4C7965A14D1}.Ad-Hoc|x64.ActiveCfg = Release|x64
		{3C5FEEAD-72EA-4681-938C-E4C7965A14D1}.Ad-Hoc|x64.Build.0 = Release|x64
		{3C5FEEAD-72EA-4681-938C-E4C7965A14D1}.Ad-Hoc|x64.Deploy.0 = Release|x64
		{3C5FEEAD-72EA-4681-938C-E4C7965A14D1}.Ad-Hoc|x86.ActiveCfg = Release|x86
		{3C5FEEAD-72EA-4681-938C-E4C7965A14D1}.Ad-Hoc|x86.Build.0 = Release|x86
		{3C5FEEAD-72EA-4681-938C-E4C7965A14D1}.Ad-Hoc|x86.Deploy.0 = Release|x86
		{3C5FEEAD-72EA-4681-938C-E4C7965A14D1}.AppStore|Any CPU.ActiveCfg = Release|x86
		{3C5FEEAD-72EA-4681-938C-E4C7965A14D1}.AppStore|Any CPU.Build.0 = Release|x86
		{3C5FEEAD-72EA-4681-938C-E4C7965A14D1}.AppStore|Any CPU.Deploy.0 = Release|x86
		{3C5FEEAD-72EA-4681-938C-E4C7965A14D1}.AppStore|ARM.ActiveCfg = Release|ARM
		{3C5FEEAD-72EA-4681-938C-E4C7965A14D1}.AppStore|ARM.Build.0 = Release|ARM
		{3C5FEEAD-72EA-4681-938C-E4C7965A14D1}.AppStore|ARM.Deploy.0 = Release|ARM
		{3C5FEEAD-72EA-4681-938C-E4C7965A14D1}.AppStore|iPhone.ActiveCfg = Release|x86
		{3C5FEEAD-72EA-4681-938C-E4C7965A14D1}.AppStore|iPhone.Build.0 = Release|x86
		{3C5FEEAD-72EA-4681-938C-E4C7965A14D1}.AppStore|iPhone.Deploy.0 = Release|x86
		{3C5FEEAD-72EA-4681-938C-E4C7965A14D1}.AppStore|iPhoneSimulator.ActiveCfg = Release|x86
		{3C5FEEAD-72EA-4681-938C-E4C7965A14D1}.AppStore|iPhoneSimulator.Build.0 = Release|x86
		{3C5FEEAD-72EA-4681-938C-E4C7965A14D1}.AppStore|iPhoneSimulator.Deploy.0 = Release|x86
		{3C5FEEAD-72EA-4681-938C-E4C7965A14D1}.AppStore|x64.ActiveCfg = Release|x64
		{3C5FEEAD-72EA-4681-938C-E4C7965A14D1}.AppStore|x64.Build.0 = Release|x64
		{3C5FEEAD-72EA-4681-938C-E4C7965A14D1}.AppStore|x64.Deploy.0 = Release|x64
		{3C5FEEAD-72EA-4681-938C-E4C7965A14D1}.AppStore|x86.ActiveCfg = Release|x86
		{3C5FEEAD-72EA-4681-938C-E4C7965A14D1}.AppStore|x86.Build.0 = Release|x86
		{3C5FEEAD-72EA-4681-938C-E4C7965A14D1}.AppStore|x86.Deploy.0 = Release|x86
		{3C5FEEAD-72EA-4681-938C-E4C7965A14D1}.Debug|Any CPU.ActiveCfg = Debug|x86
		{3C5FEEAD-72EA-4681-938C-E4C7965A14D1}.Debug|ARM.ActiveCfg = Debug|ARM
		{3C5FEEAD-72EA-4681-938C-E4C7965A14D1}.Debug|ARM.Build.0 = Debug|ARM
		{3C5FEEAD-72EA-4681-938C-E4C7965A14D1}.Debug|ARM.Deploy.0 = Debug|ARM
		{3C5FEEAD-72EA-4681-938C-E4C7965A14D1}.Debug|iPhone.ActiveCfg = Debug|x86
		{3C5FEEAD-72EA-4681-938C-E4C7965A14D1}.Debug|iPhoneSimulator.ActiveCfg = Debug|x86
		{3C5FEEAD-72EA-4681-938C-E4C7965A14D1}.Debug|iPhoneSimulator.Build.0 = Debug|x86
		{3C5FEEAD-72EA-4681-938C-E4C7965A14D1}.Debug|iPhoneSimulator.Deploy.0 = Debug|x86
		{3C5FEEAD-72EA-4681-938C-E4C7965A14D1}.Debug|x64.ActiveCfg = Debug|x64
		{3C5FEEAD-72EA-4681-938C-E4C7965A14D1}.Debug|x64.Build.0 = Debug|x64
		{3C5FEEAD-72EA-4681-938C-E4C7965A14D1}.Debug|x64.Deploy.0 = Debug|x64
		{3C5FEEAD-72EA-4681-938C-E4C7965A14D1}.Debug|x86.ActiveCfg = Debug|x86
		{3C5FEEAD-72EA-4681-938C-E4C7965A14D1}.Debug|x86.Build.0 = Debug|x86
		{3C5FEEAD-72EA-4681-938C-E4C7965A14D1}.Debug|x86.Deploy.0 = Debug|x86
		{3C5FEEAD-72EA-4681-938C-E4C7965A14D1}.Release|Any CPU.ActiveCfg = Release|x86
		{3C5FEEAD-72EA-4681-938C-E4C7965A14D1}.Release|ARM.ActiveCfg = Release|ARM
		{3C5FEEAD-72EA-4681-938C-E4C7965A14D1}.Release|ARM.Build.0 = Release|ARM
		{3C5FEEAD-72EA-4681-938C-E4C7965A14D1}.Release|ARM.Deploy.0 = Release|ARM
		{3C5FEEAD-72EA-4681-938C-E4C7965A14D1}.Release|iPhone.ActiveCfg = Release|x86
		{3C5FEEAD-72EA-4681-938C-E4C7965A14D1}.Release|iPhoneSimulator.ActiveCfg = Release|x86
		{3C5FEEAD-72EA-4681-938C-E4C7965A14D1}.Release|x64.ActiveCfg = Release|x64
		{3C5FEEAD-72EA-4681-938C-E4C7965A14D1}.Release|x64.Build.0 = Release|x64
		{3C5FEEAD-72EA-4681-938C-E4C7965A14D1}.Release|x64.Deploy.0 = Release|x64
		{3C5FEEAD-72EA-4681-938C-E4C7965A14D1}.Release|x86.ActiveCfg = Release|x86
		{3C5FEEAD-72EA-4681-938C-E4C7965A14D1}.Release|x86.Build.0 = Release|x86
		{3C5FEEAD-72EA-4681-938C-E4C7965A14D1}.Release|x86.Deploy.0 = Release|x86
		{2B916FE1-400D-40A0-B876-CD602F6D2F30}.Ad-Hoc|Any CPU.ActiveCfg = Ad-Hoc|iPhone
		{2B916FE1-400D-40A0-B876-CD602F6D2F30}.Ad-Hoc|ARM.ActiveCfg = Ad-Hoc|iPhone
		{2B916FE1-400D-40A0-B876-CD602F6D2F30}.Ad-Hoc|iPhone.ActiveCfg = Ad-Hoc|iPhone
		{2B916FE1-400D-40A0-B876-CD602F6D2F30}.Ad-Hoc|iPhone.Build.0 = Ad-Hoc|iPhone
		{2B916FE1-400D-40A0-B876-CD602F6D2F30}.Ad-Hoc|iPhoneSimulator.ActiveCfg = Ad-Hoc|iPhoneSimulator
		{2B916FE1-400D-40A0-B876-CD602F6D2F30}.Ad-Hoc|iPhoneSimulator.Build.0 = Ad-Hoc|iPhoneSimulator
		{2B916FE1-400D-40A0-B876-CD602F6D2F30}.Ad-Hoc|x64.ActiveCfg = Ad-Hoc|iPhone
		{2B916FE1-400D-40A0-B876-CD602F6D2F30}.Ad-Hoc|x86.ActiveCfg = Ad-Hoc|iPhone
		{2B916FE1-400D-40A0-B876-CD602F6D2F30}.AppStore|Any CPU.ActiveCfg = AppStore|iPhone
		{2B916FE1-400D-40A0-B876-CD602F6D2F30}.AppStore|ARM.ActiveCfg = AppStore|iPhone
		{2B916FE1-400D-40A0-B876-CD602F6D2F30}.AppStore|iPhone.ActiveCfg = AppStore|iPhone
		{2B916FE1-400D-40A0-B876-CD602F6D2F30}.AppStore|iPhone.Build.0 = AppStore|iPhone
		{2B916FE1-400D-40A0-B876-CD602F6D2F30}.AppStore|iPhoneSimulator.ActiveCfg = AppStore|iPhoneSimulator
		{2B916FE1-400D-40A0-B876-CD602F6D2F30}.AppStore|iPhoneSimulator.Build.0 = AppStore|iPhoneSimulator
		{2B916FE1-400D-40A0-B876-CD602F6D2F30}.AppStore|x64.ActiveCfg = AppStore|iPhone
		{2B916FE1-400D-40A0-B876-CD602F6D2F30}.AppStore|x86.ActiveCfg = AppStore|iPhone
		{2B916FE1-400D-40A0-B876-CD602F6D2F30}.Debug|Any CPU.ActiveCfg = Debug|iPhone
		{2B916FE1-400D-40A0-B876-CD602F6D2F30}.Debug|ARM.ActiveCfg = Debug|iPhone
		{2B916FE1-400D-40A0-B876-CD602F6D2F30}.Debug|iPhone.ActiveCfg = Debug|iPhone
		{2B916FE1-400D-40A0-B876-CD602F6D2F30}.Debug|iPhone.Build.0 = Debug|iPhone
		{2B916FE1-400D-40A0-B876-CD602F6D2F30}.Debug|iPhoneSimulator.ActiveCfg = Debug|iPhoneSimulator
		{2B916FE1-400D-40A0-B876-CD602F6D2F30}.Debug|iPhoneSimulator.Build.0 = Debug|iPhoneSimulator
		{2B916FE1-400D-40A0-B876-CD602F6D2F30}.Debug|x64.ActiveCfg = Debug|iPhone
		{2B916FE1-400D-40A0-B876-CD602F6D2F30}.Debug|x86.ActiveCfg = Debug|iPhone
		{2B916FE1-400D-40A0-B876-CD602F6D2F30}.Release|Any CPU.ActiveCfg = Release|iPhone
		{2B916FE1-400D-40A0-B876-CD602F6D2F30}.Release|ARM.ActiveCfg = Release|iPhone
		{2B916FE1-400D-40A0-B876-CD602F6D2F30}.Release|iPhone.ActiveCfg = Release|iPhone
		{2B916FE1-400D-40A0-B876-CD602F6D2F30}.Release|iPhone.Build.0 = Release|iPhone
		{2B916FE1-400D-40A0-B876-CD602F6D2F30}.Release|iPhoneSimulator.ActiveCfg = Release|iPhoneSimulator
		{2B916FE1-400D-40A0-B876-CD602F6D2F30}.Release|iPhoneSimulator.Build.0 = Release|iPhoneSimulator
		{2B916FE1-400D-40A0-B876-CD602F6D2F30}.Release|x64.ActiveCfg = Release|iPhone
		{2B916FE1-400D-40A0-B876-CD602F6D2F30}.Release|x86.ActiveCfg = Release|iPhone
	EndGlobalSection
	GlobalSection(SolutionProperties) = preSolution
		HideSolutionNode = FALSE
	EndGlobalSection
	GlobalSection(NestedProjects) = preSolution
		{84103041-6C78-4E0A-AF7A-D6F5658B246B} = {69E30054-59FE-4A54-9438-DE093FF6DF72}
		{C300AC3B-6210-43B5-B3BA-56FEDD7D02C0} = {69E30054-59FE-4A54-9438-DE093FF6DF72}
		{3C5FEEAD-72EA-4681-938C-E4C7965A14D1} = {69E30054-59FE-4A54-9438-DE093FF6DF72}
		{2B916FE1-400D-40A0-B876-CD602F6D2F30} = {69E30054-59FE-4A54-9438-DE093FF6DF72}
	EndGlobalSection
EndGlobal
