
Microsoft Visual Studio Solution File, Format Version 12.00
# Visual Studio 2012
Project("{FAE04EC0-301F-11D3-BF4B-00C04F79EFBC}") = "ListViewScrollTo", "ListViewScrollTo\ListViewScrollTo.csproj", "{2CBB653F-3073-469B-B512-3AC233D8577A}"
EndProject
Project("{FAE04EC0-301F-11D3-BF4B-00C04F79EFBC}") = "ListViewScrollTo.iOS", "iOS\ListViewScrollTo.iOS.csproj", "{EF438E92-C012-42B7-9FD1-E12FDD9886B4}"
EndProject
Project("{FAE04EC0-301F-11D3-BF4B-00C04F79EFBC}") = "ListViewScrollTo.Droid", "Droid\ListViewScrollTo.Droid.csproj", "{852054F0-0205-422F-95D6-16253204A310}"
EndProject
Global
	GlobalSection(SolutionConfigurationPlatforms) = preSolution
		Debug|Any CPU = Debug|Any CPU
		Release|Any CPU = Release|Any CPU
		Debug|iPhoneSimulator = Debug|iPhoneSimulator
		Release|iPhoneSimulator = Release|iPhoneSimulator
		Debug|iPhone = Debug|iPhone
		Release|iPhone = Release|iPhone
		Ad-Hoc|iPhone = Ad-Hoc|iPhone
		AppStore|iPhone = AppStore|iPhone
	EndGlobalSection
	GlobalSection(ProjectConfigurationPlatforms) = postSolution
		{2CBB653F-3073-469B-B512-3AC233D8577A}.Ad-Hoc|iPhone.ActiveCfg = Debug|Any CPU
		{2CBB653F-3073-469B-B512-3AC233D8577A}.Ad-Hoc|iPhone.Build.0 = Debug|Any CPU
		{2CBB653F-3073-469B-B512-3AC233D8577A}.AppStore|iPhone.ActiveCfg = Debug|Any CPU
		{2CBB653F-3073-469B-B512-3AC233D8577A}.AppStore|iPhone.Build.0 = Debug|Any CPU
		{2CBB653F-3073-469B-B512-3AC233D8577A}.Debug|Any CPU.ActiveCfg = Debug|Any CPU
		{2CBB653F-3073-469B-B512-3AC233D8577A}.Debug|Any CPU.Build.0 = Debug|Any CPU
		{2CBB653F-3073-469B-B512-3AC233D8577A}.Debug|iPhone.ActiveCfg = Debug|Any CPU
		{2CBB653F-3073-469B-B512-3AC233D8577A}.Debug|iPhone.Build.0 = Debug|Any CPU
		{2CBB653F-3073-469B-B512-3AC233D8577A}.Debug|iPhoneSimulator.ActiveCfg = Debug|Any CPU
		{2CBB653F-3073-469B-B512-3AC233D8577A}.Debug|iPhoneSimulator.Build.0 = Debug|Any CPU
		{2CBB653F-3073-469B-B512-3AC233D8577A}.Release|Any CPU.ActiveCfg = Release|Any CPU
		{2CBB653F-3073-469B-B512-3AC233D8577A}.Release|Any CPU.Build.0 = Release|Any CPU
		{2CBB653F-3073-469B-B512-3AC233D8577A}.Release|iPhone.ActiveCfg = Release|Any CPU
		{2CBB653F-3073-469B-B512-3AC233D8577A}.Release|iPhone.Build.0 = Release|Any CPU
		{2CBB653F-3073-469B-B512-3AC233D8577A}.Release|iPhoneSimulator.ActiveCfg = Release|Any CPU
		{2CBB653F-3073-469B-B512-3AC233D8577A}.Release|iPhoneSimulator.Build.0 = Release|Any CPU
		{852054F0-0205-422F-95D6-16253204A310}.Ad-Hoc|iPhone.ActiveCfg = Release|Any CPU
		{852054F0-0205-422F-95D6-16253204A310}.Ad-Hoc|iPhone.Build.0 = Release|Any CPU
		{852054F0-0205-422F-95D6-16253204A310}.AppStore|iPhone.ActiveCfg = Release|Any CPU
		{852054F0-0205-422F-95D6-16253204A310}.AppStore|iPhone.Build.0 = Release|Any CPU
		{852054F0-0205-422F-95D6-16253204A310}.Debug|Any CPU.ActiveCfg = Debug|Any CPU
		{852054F0-0205-422F-95D6-16253204A310}.Debug|Any CPU.Build.0 = Debug|Any CPU
		{852054F0-0205-422F-95D6-16253204A310}.Debug|iPhone.ActiveCfg = Debug|Any CPU
		{852054F0-0205-422F-95D6-16253204A310}.Debug|iPhone.Build.0 = Debug|Any CPU
		{852054F0-0205-422F-95D6-16253204A310}.Debug|iPhoneSimulator.ActiveCfg = Debug|Any CPU
		{852054F0-0205-422F-95D6-16253204A310}.Debug|iPhoneSimulator.Build.0 = Debug|Any CPU
		{852054F0-0205-422F-95D6-16253204A310}.Release|Any CPU.ActiveCfg = Release|Any CPU
		{852054F0-0205-422F-95D6-16253204A310}.Release|Any CPU.Build.0 = Release|Any CPU
		{852054F0-0205-422F-95D6-16253204A310}.Release|iPhone.ActiveCfg = Release|Any CPU
		{852054F0-0205-422F-95D6-16253204A310}.Release|iPhone.Build.0 = Release|Any CPU
		{852054F0-0205-422F-95D6-16253204A310}.Release|iPhoneSimulator.ActiveCfg = Release|Any CPU
		{852054F0-0205-422F-95D6-16253204A310}.Release|iPhoneSimulator.Build.0 = Release|Any CPU
		{EF438E92-C012-42B7-9FD1-E12FDD9886B4}.Ad-Hoc|iPhone.ActiveCfg = Ad-Hoc|iPhone
		{EF438E92-C012-42B7-9FD1-E12FDD9886B4}.Ad-Hoc|iPhone.Build.0 = Ad-Hoc|iPhone
		{EF438E92-C012-42B7-9FD1-E12FDD9886B4}.AppStore|iPhone.ActiveCfg = AppStore|iPhone
		{EF438E92-C012-42B7-9FD1-E12FDD9886B4}.AppStore|iPhone.Build.0 = AppStore|iPhone
		{EF438E92-C012-42B7-9FD1-E12FDD9886B4}.Debug|Any CPU.ActiveCfg = Debug|iPhoneSimulator
		{EF438E92-C012-42B7-9FD1-E12FDD9886B4}.Debug|Any CPU.Build.0 = Debug|iPhoneSimulator
		{EF438E92-C012-42B7-9FD1-E12FDD9886B4}.Debug|iPhone.ActiveCfg = Debug|iPhone
		{EF438E92-C012-42B7-9FD1-E12FDD9886B4}.Debug|iPhone.Build.0 = Debug|iPhone
		{EF438E92-C012-42B7-9FD1-E12FDD9886B4}.Debug|iPhoneSimulator.ActiveCfg = Debug|iPhoneSimulator
		{EF438E92-C012-42B7-9FD1-E12FDD9886B4}.Debug|iPhoneSimulator.Build.0 = Debug|iPhoneSimulator
		{EF438E92-C012-42B7-9FD1-E12FDD9886B4}.Release|Any CPU.ActiveCfg = Release|iPhoneSimulator
		{EF438E92-C012-42B7-9FD1-E12FDD9886B4}.Release|Any CPU.Build.0 = Release|iPhoneSimulator
		{EF438E92-C012-42B7-9FD1-E12FDD9886B4}.Release|iPhone.ActiveCfg = Release|iPhone
		{EF438E92-C012-42B7-9FD1-E12FDD9886B4}.Release|iPhone.Build.0 = Release|iPhone
		{EF438E92-C012-42B7-9FD1-E12FDD9886B4}.Release|iPhoneSimulator.ActiveCfg = Release|iPhoneSimulator
		{EF438E92-C012-42B7-9FD1-E12FDD9886B4}.Release|iPhoneSimulator.Build.0 = Release|iPhoneSimulator
	EndGlobalSection
EndGlobal
