
Microsoft Visual Studio Solution File, Format Version 12.00
# Visual Studio 15
VisualStudioVersion = 15.0.27428.2015
MinimumVisualStudioVersion = 10.0.40219.1
Project("{FAE04EC0-301F-11D3-BF4B-00C04F79EFBC}") = "SimpleAudioRecorder.Android", "SimpleAudioRecorder\SimpleAudioRecorder.Android\SimpleAudioRecorder.Android.csproj", "{8D3D0868-9BB7-49C7-A560-75DF3256250D}"
EndProject
Project("{FAE04EC0-301F-11D3-BF4B-00C04F79EFBC}") = "SimpleAudioRecorder.iOS", "SimpleAudioRecorder\SimpleAudioRecorder.iOS\SimpleAudioRecorder.iOS.csproj", "{108F90A7-C351-4B01-8230-1AEFE45E36AE}"
EndProject
Project("{FAE04EC0-301F-11D3-BF4B-00C04F79EFBC}") = "SimpleAudioRecorder.UWP", "SimpleAudioRecorder\SimpleAudioRecorder.UWP\SimpleAudioRecorder.UWP.csproj", "{DD605030-1BA9-4657-AC8F-B0073B862D92}"
EndProject
Project("{D954291E-2A0B-460D-934E-DC6B0785DB48}") = "SimpleAudioRecorder", "SimpleAudioRecorder\SimpleAudioRecorder\SimpleAudioRecorder.shproj", "{034B7C59-C72A-4D38-B826-31D014EF769A}"
EndProject
Global
	GlobalSection(SharedMSBuildProjectFiles) = preSolution
		SimpleAudioRecorder\SimpleAudioRecorder\SimpleAudioRecorder.projitems*{034b7c59-c72a-4d38-b826-31d014ef769a}*SharedItemsImports = 13
		SimpleAudioRecorder\SimpleAudioRecorder\SimpleAudioRecorder.projitems*{108f90a7-c351-4b01-8230-1aefe45e36ae}*SharedItemsImports = 4
		SimpleAudioRecorder\SimpleAudioRecorder\SimpleAudioRecorder.projitems*{8d3d0868-9bb7-49c7-a560-75df3256250d}*SharedItemsImports = 4
		SimpleAudioRecorder\SimpleAudioRecorder\SimpleAudioRecorder.projitems*{dd605030-1ba9-4657-ac8f-b0073b862d92}*SharedItemsImports = 4
	EndGlobalSection
	GlobalSection(SolutionConfigurationPlatforms) = preSolution
		Ad-Hoc|Any CPU = Ad-Hoc|Any CPU
		Ad-Hoc|ARM = Ad-Hoc|ARM
		Ad-Hoc|iPhone = Ad-Hoc|iPhone
		Ad-Hoc|iPhoneSimulator = Ad-Hoc|iPhoneSimulator
		Ad-Hoc|x64 = Ad-Hoc|x64
		Ad-Hoc|x86 = Ad-Hoc|x86
		AppStore|Any CPU = AppStore|Any CPU
		AppStore|ARM = AppStore|ARM
		AppStore|iPhone = AppStore|iPhone
		AppStore|iPhoneSimulator = AppStore|iPhoneSimulator
		AppStore|x64 = AppStore|x64
		AppStore|x86 = AppStore|x86
		Debug|Any CPU = Debug|Any CPU
		Debug|ARM = Debug|ARM
		Debug|iPhone = Debug|iPhone
		Debug|iPhoneSimulator = Debug|iPhoneSimulator
		Debug|x64 = Debug|x64
		Debug|x86 = Debug|x86
		Release|Any CPU = Release|Any CPU
		Release|ARM = Release|ARM
		Release|iPhone = Release|iPhone
		Release|iPhoneSimulator = Release|iPhoneSimulator
		Release|x64 = Release|x64
		Release|x86 = Release|x86
	EndGlobalSection
	GlobalSection(ProjectConfigurationPlatforms) = postSolution
		{8D3D0868-9BB7-49C7-A560-75DF3256250D}.Ad-Hoc|Any CPU.ActiveCfg = Release|Any CPU
		{8D3D0868-9BB7-49C7-A560-75DF3256250D}.Ad-Hoc|Any CPU.Build.0 = Release|Any CPU
		{8D3D0868-9BB7-49C7-A560-75DF3256250D}.Ad-Hoc|Any CPU.Deploy.0 = Release|Any CPU
		{8D3D0868-9BB7-49C7-A560-75DF3256250D}.Ad-Hoc|ARM.ActiveCfg = Release|Any CPU
		{8D3D0868-9BB7-49C7-A560-75DF3256250D}.Ad-Hoc|ARM.Build.0 = Release|Any CPU
		{8D3D0868-9BB7-49C7-A560-75DF3256250D}.Ad-Hoc|ARM.Deploy.0 = Release|Any CPU
		{8D3D0868-9BB7-49C7-A560-75DF3256250D}.Ad-Hoc|iPhone.ActiveCfg = Release|Any CPU
		{8D3D0868-9BB7-49C7-A560-75DF3256250D}.Ad-Hoc|iPhone.Build.0 = Release|Any CPU
		{8D3D0868-9BB7-49C7-A560-75DF3256250D}.Ad-Hoc|iPhone.Deploy.0 = Release|Any CPU
		{8D3D0868-9BB7-49C7-A560-75DF3256250D}.Ad-Hoc|iPhoneSimulator.ActiveCfg = Release|Any CPU
		{8D3D0868-9BB7-49C7-A560-75DF3256250D}.Ad-Hoc|iPhoneSimulator.Build.0 = Release|Any CPU
		{8D3D0868-9BB7-49C7-A560-75DF3256250D}.Ad-Hoc|iPhoneSimulator.Deploy.0 = Release|Any CPU
		{8D3D0868-9BB7-49C7-A560-75DF3256250D}.Ad-Hoc|x64.ActiveCfg = Release|Any CPU
		{8D3D0868-9BB7-49C7-A560-75DF3256250D}.Ad-Hoc|x64.Build.0 = Release|Any CPU
		{8D3D0868-9BB7-49C7-A560-75DF3256250D}.Ad-Hoc|x64.Deploy.0 = Release|Any CPU
		{8D3D0868-9BB7-49C7-A560-75DF3256250D}.Ad-Hoc|x86.ActiveCfg = Release|Any CPU
		{8D3D0868-9BB7-49C7-A560-75DF3256250D}.Ad-Hoc|x86.Build.0 = Release|Any CPU
		{8D3D0868-9BB7-49C7-A560-75DF3256250D}.Ad-Hoc|x86.Deploy.0 = Release|Any CPU
		{8D3D0868-9BB7-49C7-A560-75DF3256250D}.AppStore|Any CPU.ActiveCfg = Release|Any CPU
		{8D3D0868-9BB7-49C7-A560-75DF3256250D}.AppStore|Any CPU.Build.0 = Release|Any CPU
		{8D3D0868-9BB7-49C7-A560-75DF3256250D}.AppStore|Any CPU.Deploy.0 = Release|Any CPU
		{8D3D0868-9BB7-49C7-A560-75DF3256250D}.AppStore|ARM.ActiveCfg = Release|Any CPU
		{8D3D0868-9BB7-49C7-A560-75DF3256250D}.AppStore|ARM.Build.0 = Release|Any CPU
		{8D3D0868-9BB7-49C7-A560-75DF3256250D}.AppStore|ARM.Deploy.0 = Release|Any CPU
		{8D3D0868-9BB7-49C7-A560-75DF3256250D}.AppStore|iPhone.ActiveCfg = Release|Any CPU
		{8D3D0868-9BB7-49C7-A560-75DF3256250D}.AppStore|iPhone.Build.0 = Release|Any CPU
		{8D3D0868-9BB7-49C7-A560-75DF3256250D}.AppStore|iPhone.Deploy.0 = Release|Any CPU
		{8D3D0868-9BB7-49C7-A560-75DF3256250D}.AppStore|iPhoneSimulator.ActiveCfg = Release|Any CPU
		{8D3D0868-9BB7-49C7-A560-75DF3256250D}.AppStore|iPhoneSimulator.Build.0 = Release|Any CPU
		{8D3D0868-9BB7-49C7-A560-75DF3256250D}.AppStore|iPhoneSimulator.Deploy.0 = Release|Any CPU
		{8D3D0868-9BB7-49C7-A560-75DF3256250D}.AppStore|x64.ActiveCfg = Release|Any CPU
		{8D3D0868-9BB7-49C7-A560-75DF3256250D}.AppStore|x64.Build.0 = Release|Any CPU
		{8D3D0868-9BB7-49C7-A560-75DF3256250D}.AppStore|x64.Deploy.0 = Release|Any CPU
		{8D3D0868-9BB7-49C7-A560-75DF3256250D}.AppStore|x86.ActiveCfg = Release|Any CPU
		{8D3D0868-9BB7-49C7-A560-75DF3256250D}.AppStore|x86.Build.0 = Release|Any CPU
		{8D3D0868-9BB7-49C7-A560-75DF3256250D}.AppStore|x86.Deploy.0 = Release|Any CPU
		{8D3D0868-9BB7-49C7-A560-75DF3256250D}.Debug|Any CPU.ActiveCfg = Debug|Any CPU
		{8D3D0868-9BB7-49C7-A560-75DF3256250D}.Debug|Any CPU.Build.0 = Debug|Any CPU
		{8D3D0868-9BB7-49C7-A560-75DF3256250D}.Debug|Any CPU.Deploy.0 = Debug|Any CPU
		{8D3D0868-9BB7-49C7-A560-75DF3256250D}.Debug|ARM.ActiveCfg = Debug|Any CPU
		{8D3D0868-9BB7-49C7-A560-75DF3256250D}.Debug|ARM.Build.0 = Debug|Any CPU
		{8D3D0868-9BB7-49C7-A560-75DF3256250D}.Debug|ARM.Deploy.0 = Debug|Any CPU
		{8D3D0868-9BB7-49C7-A560-75DF3256250D}.Debug|iPhone.ActiveCfg = Debug|Any CPU
		{8D3D0868-9BB7-49C7-A560-75DF3256250D}.Debug|iPhone.Build.0 = Debug|Any CPU
		{8D3D0868-9BB7-49C7-A560-75DF3256250D}.Debug|iPhone.Deploy.0 = Debug|Any CPU
		{8D3D0868-9BB7-49C7-A560-75DF3256250D}.Debug|iPhoneSimulator.ActiveCfg = Debug|Any CPU
		{8D3D0868-9BB7-49C7-A560-75DF3256250D}.Debug|iPhoneSimulator.Build.0 = Debug|Any CPU
		{8D3D0868-9BB7-49C7-A560-75DF3256250D}.Debug|iPhoneSimulator.Deploy.0 = Debug|Any CPU
		{8D3D0868-9BB7-49C7-A560-75DF3256250D}.Debug|x64.ActiveCfg = Debug|Any CPU
		{8D3D0868-9BB7-49C7-A560-75DF3256250D}.Debug|x64.Build.0 = Debug|Any CPU
		{8D3D0868-9BB7-49C7-A560-75DF3256250D}.Debug|x64.Deploy.0 = Debug|Any CPU
		{8D3D0868-9BB7-49C7-A560-75DF3256250D}.Debug|x86.ActiveCfg = Debug|Any CPU
		{8D3D0868-9BB7-49C7-A560-75DF3256250D}.Debug|x86.Build.0 = Debug|Any CPU
		{8D3D0868-9BB7-49C7-A560-75DF3256250D}.Debug|x86.Deploy.0 = Debug|Any CPU
		{8D3D0868-9BB7-49C7-A560-75DF3256250D}.Release|Any CPU.ActiveCfg = Release|Any CPU
		{8D3D0868-9BB7-49C7-A560-75DF3256250D}.Release|Any CPU.Build.0 = Release|Any CPU
		{8D3D0868-9BB7-49C7-A560-75DF3256250D}.Release|Any CPU.Deploy.0 = Release|Any CPU
		{8D3D0868-9BB7-49C7-A560-75DF3256250D}.Release|ARM.ActiveCfg = Release|Any CPU
		{8D3D0868-9BB7-49C7-A560-75DF3256250D}.Release|ARM.Build.0 = Release|Any CPU
		{8D3D0868-9BB7-49C7-A560-75DF3256250D}.Release|ARM.Deploy.0 = Release|Any CPU
		{8D3D0868-9BB7-49C7-A560-75DF3256250D}.Release|iPhone.ActiveCfg = Release|Any CPU
		{8D3D0868-9BB7-49C7-A560-75DF3256250D}.Release|iPhone.Build.0 = Release|Any CPU
		{8D3D0868-9BB7-49C7-A560-75DF3256250D}.Release|iPhone.Deploy.0 = Release|Any CPU
		{8D3D0868-9BB7-49C7-A560-75DF3256250D}.Release|iPhoneSimulator.ActiveCfg = Release|Any CPU
		{8D3D0868-9BB7-49C7-A560-75DF3256250D}.Release|iPhoneSimulator.Build.0 = Release|Any CPU
		{8D3D0868-9BB7-49C7-A560-75DF3256250D}.Release|iPhoneSimulator.Deploy.0 = Release|Any CPU
		{8D3D0868-9BB7-49C7-A560-75DF3256250D}.Release|x64.ActiveCfg = Release|Any CPU
		{8D3D0868-9BB7-49C7-A560-75DF3256250D}.Release|x64.Build.0 = Release|Any CPU
		{8D3D0868-9BB7-49C7-A560-75DF3256250D}.Release|x64.Deploy.0 = Release|Any CPU
		{8D3D0868-9BB7-49C7-A560-75DF3256250D}.Release|x86.ActiveCfg = Release|Any CPU
		{8D3D0868-9BB7-49C7-A560-75DF3256250D}.Release|x86.Build.0 = Release|Any CPU
		{8D3D0868-9BB7-49C7-A560-75DF3256250D}.Release|x86.Deploy.0 = Release|Any CPU
		{108F90A7-C351-4B01-8230-1AEFE45E36AE}.Ad-Hoc|Any CPU.ActiveCfg = Ad-Hoc|iPhone
		{108F90A7-C351-4B01-8230-1AEFE45E36AE}.Ad-Hoc|ARM.ActiveCfg = Ad-Hoc|iPhone
		{108F90A7-C351-4B01-8230-1AEFE45E36AE}.Ad-Hoc|iPhone.ActiveCfg = Ad-Hoc|iPhone
		{108F90A7-C351-4B01-8230-1AEFE45E36AE}.Ad-Hoc|iPhone.Build.0 = Ad-Hoc|iPhone
		{108F90A7-C351-4B01-8230-1AEFE45E36AE}.Ad-Hoc|iPhoneSimulator.ActiveCfg = Ad-Hoc|iPhoneSimulator
		{108F90A7-C351-4B01-8230-1AEFE45E36AE}.Ad-Hoc|iPhoneSimulator.Build.0 = Ad-Hoc|iPhoneSimulator
		{108F90A7-C351-4B01-8230-1AEFE45E36AE}.Ad-Hoc|x64.ActiveCfg = Ad-Hoc|iPhone
		{108F90A7-C351-4B01-8230-1AEFE45E36AE}.Ad-Hoc|x86.ActiveCfg = Ad-Hoc|iPhone
		{108F90A7-C351-4B01-8230-1AEFE45E36AE}.AppStore|Any CPU.ActiveCfg = AppStore|iPhone
		{108F90A7-C351-4B01-8230-1AEFE45E36AE}.AppStore|ARM.ActiveCfg = AppStore|iPhone
		{108F90A7-C351-4B01-8230-1AEFE45E36AE}.AppStore|iPhone.ActiveCfg = AppStore|iPhone
		{108F90A7-C351-4B01-8230-1AEFE45E36AE}.AppStore|iPhone.Build.0 = AppStore|iPhone
		{108F90A7-C351-4B01-8230-1AEFE45E36AE}.AppStore|iPhoneSimulator.ActiveCfg = AppStore|iPhoneSimulator
		{108F90A7-C351-4B01-8230-1AEFE45E36AE}.AppStore|iPhoneSimulator.Build.0 = AppStore|iPhoneSimulator
		{108F90A7-C351-4B01-8230-1AEFE45E36AE}.AppStore|x64.ActiveCfg = AppStore|iPhone
		{108F90A7-C351-4B01-8230-1AEFE45E36AE}.AppStore|x86.ActiveCfg = AppStore|iPhone
		{108F90A7-C351-4B01-8230-1AEFE45E36AE}.Debug|Any CPU.ActiveCfg = Debug|iPhone
		{108F90A7-C351-4B01-8230-1AEFE45E36AE}.Debug|ARM.ActiveCfg = Debug|iPhone
		{108F90A7-C351-4B01-8230-1AEFE45E36AE}.Debug|iPhone.ActiveCfg = Debug|iPhone
		{108F90A7-C351-4B01-8230-1AEFE45E36AE}.Debug|iPhone.Build.0 = Debug|iPhone
		{108F90A7-C351-4B01-8230-1AEFE45E36AE}.Debug|iPhoneSimulator.ActiveCfg = Debug|iPhoneSimulator
		{108F90A7-C351-4B01-8230-1AEFE45E36AE}.Debug|iPhoneSimulator.Build.0 = Debug|iPhoneSimulator
		{108F90A7-C351-4B01-8230-1AEFE45E36AE}.Debug|x64.ActiveCfg = Debug|iPhone
		{108F90A7-C351-4B01-8230-1AEFE45E36AE}.Debug|x86.ActiveCfg = Debug|iPhone
		{108F90A7-C351-4B01-8230-1AEFE45E36AE}.Release|Any CPU.ActiveCfg = Release|iPhone
		{108F90A7-C351-4B01-8230-1AEFE45E36AE}.Release|ARM.ActiveCfg = Release|iPhone
		{108F90A7-C351-4B01-8230-1AEFE45E36AE}.Release|iPhone.ActiveCfg = Release|iPhone
		{108F90A7-C351-4B01-8230-1AEFE45E36AE}.Release|iPhone.Build.0 = Release|iPhone
		{108F90A7-C351-4B01-8230-1AEFE45E36AE}.Release|iPhoneSimulator.ActiveCfg = Release|iPhoneSimulator
		{108F90A7-C351-4B01-8230-1AEFE45E36AE}.Release|iPhoneSimulator.Build.0 = Release|iPhoneSimulator
		{108F90A7-C351-4B01-8230-1AEFE45E36AE}.Release|x64.ActiveCfg = Release|iPhone
		{108F90A7-C351-4B01-8230-1AEFE45E36AE}.Release|x86.ActiveCfg = Release|iPhone
		{DD605030-1BA9-4657-AC8F-B0073B862D92}.Ad-Hoc|Any CPU.ActiveCfg = Release|x86
		{DD605030-1BA9-4657-AC8F-B0073B862D92}.Ad-Hoc|Any CPU.Build.0 = Release|x86
		{DD605030-1BA9-4657-AC8F-B0073B862D92}.Ad-Hoc|Any CPU.Deploy.0 = Release|x86
		{DD605030-1BA9-4657-AC8F-B0073B862D92}.Ad-Hoc|ARM.ActiveCfg = Release|ARM
		{DD605030-1BA9-4657-AC8F-B0073B862D92}.Ad-Hoc|ARM.Build.0 = Release|ARM
		{DD605030-1BA9-4657-AC8F-B0073B862D92}.Ad-Hoc|ARM.Deploy.0 = Release|ARM
		{DD605030-1BA9-4657-AC8F-B0073B862D92}.Ad-Hoc|iPhone.ActiveCfg = Release|x86
		{DD605030-1BA9-4657-AC8F-B0073B862D92}.Ad-Hoc|iPhone.Build.0 = Release|x86
		{DD605030-1BA9-4657-AC8F-B0073B862D92}.Ad-Hoc|iPhone.Deploy.0 = Release|x86
		{DD605030-1BA9-4657-AC8F-B0073B862D92}.Ad-Hoc|iPhoneSimulator.ActiveCfg = Release|x86
		{DD605030-1BA9-4657-AC8F-B0073B862D92}.Ad-Hoc|iPhoneSimulator.Build.0 = Release|x86
		{DD605030-1BA9-4657-AC8F-B0073B862D92}.Ad-Hoc|iPhoneSimulator.Deploy.0 = Release|x86
		{DD605030-1BA9-4657-AC8F-B0073B862D92}.Ad-Hoc|x64.ActiveCfg = Release|x64
		{DD605030-1BA9-4657-AC8F-B0073B862D92}.Ad-Hoc|x64.Build.0 = Release|x64
		{DD605030-1BA9-4657-AC8F-B0073B862D92}.Ad-Hoc|x64.Deploy.0 = Release|x64
		{DD605030-1BA9-4657-AC8F-B0073B862D92}.Ad-Hoc|x86.ActiveCfg = Release|x86
		{DD605030-1BA9-4657-AC8F-B0073B862D92}.Ad-Hoc|x86.Build.0 = Release|x86
		{DD605030-1BA9-4657-AC8F-B0073B862D92}.Ad-Hoc|x86.Deploy.0 = Release|x86
		{DD605030-1BA9-4657-AC8F-B0073B862D92}.AppStore|Any CPU.ActiveCfg = Release|x86
		{DD605030-1BA9-4657-AC8F-B0073B862D92}.AppStore|Any CPU.Build.0 = Release|x86
		{DD605030-1BA9-4657-AC8F-B0073B862D92}.AppStore|Any CPU.Deploy.0 = Release|x86
		{DD605030-1BA9-4657-AC8F-B0073B862D92}.AppStore|ARM.ActiveCfg = Release|ARM
		{DD605030-1BA9-4657-AC8F-B0073B862D92}.AppStore|ARM.Build.0 = Release|ARM
		{DD605030-1BA9-4657-AC8F-B0073B862D92}.AppStore|ARM.Deploy.0 = Release|ARM
		{DD605030-1BA9-4657-AC8F-B0073B862D92}.AppStore|iPhone.ActiveCfg = Release|x86
		{DD605030-1BA9-4657-AC8F-B0073B862D92}.AppStore|iPhone.Build.0 = Release|x86
		{DD605030-1BA9-4657-AC8F-B0073B862D92}.AppStore|iPhone.Deploy.0 = Release|x86
		{DD605030-1BA9-4657-AC8F-B0073B862D92}.AppStore|iPhoneSimulator.ActiveCfg = Release|x86
		{DD605030-1BA9-4657-AC8F-B0073B862D92}.AppStore|iPhoneSimulator.Build.0 = Release|x86
		{DD605030-1BA9-4657-AC8F-B0073B862D92}.AppStore|iPhoneSimulator.Deploy.0 = Release|x86
		{DD605030-1BA9-4657-AC8F-B0073B862D92}.AppStore|x64.ActiveCfg = Release|x64
		{DD605030-1BA9-4657-AC8F-B0073B862D92}.AppStore|x64.Build.0 = Release|x64
		{DD605030-1BA9-4657-AC8F-B0073B862D92}.AppStore|x64.Deploy.0 = Release|x64
		{DD605030-1BA9-4657-AC8F-B0073B862D92}.AppStore|x86.ActiveCfg = Release|x86
		{DD605030-1BA9-4657-AC8F-B0073B862D92}.AppStore|x86.Build.0 = Release|x86
		{DD605030-1BA9-4657-AC8F-B0073B862D92}.AppStore|x86.Deploy.0 = Release|x86
		{DD605030-1BA9-4657-AC8F-B0073B862D92}.Debug|Any CPU.ActiveCfg = Debug|x86
		{DD605030-1BA9-4657-AC8F-B0073B862D92}.Debug|ARM.ActiveCfg = Debug|ARM
		{DD605030-1BA9-4657-AC8F-B0073B862D92}.Debug|ARM.Build.0 = Debug|ARM
		{DD605030-1BA9-4657-AC8F-B0073B862D92}.Debug|ARM.Deploy.0 = Debug|ARM
		{DD605030-1BA9-4657-AC8F-B0073B862D92}.Debug|iPhone.ActiveCfg = Debug|x86
		{DD605030-1BA9-4657-AC8F-B0073B862D92}.Debug|iPhoneSimulator.ActiveCfg = Debug|x86
		{DD605030-1BA9-4657-AC8F-B0073B862D92}.Debug|x64.ActiveCfg = Debug|x64
		{DD605030-1BA9-4657-AC8F-B0073B862D92}.Debug|x64.Build.0 = Debug|x64
		{DD605030-1BA9-4657-AC8F-B0073B862D92}.Debug|x64.Deploy.0 = Debug|x64
		{DD605030-1BA9-4657-AC8F-B0073B862D92}.Debug|x86.ActiveCfg = Debug|x86
		{DD605030-1BA9-4657-AC8F-B0073B862D92}.Debug|x86.Build.0 = Debug|x86
		{DD605030-1BA9-4657-AC8F-B0073B862D92}.Debug|x86.Deploy.0 = Debug|x86
		{DD605030-1BA9-4657-AC8F-B0073B862D92}.Release|Any CPU.ActiveCfg = Release|x86
		{DD605030-1BA9-4657-AC8F-B0073B862D92}.Release|ARM.ActiveCfg = Release|ARM
		{DD605030-1BA9-4657-AC8F-B0073B862D92}.Release|ARM.Build.0 = Release|ARM
		{DD605030-1BA9-4657-AC8F-B0073B862D92}.Release|ARM.Deploy.0 = Release|ARM
		{DD605030-1BA9-4657-AC8F-B0073B862D92}.Release|iPhone.ActiveCfg = Release|x86
		{DD605030-1BA9-4657-AC8F-B0073B862D92}.Release|iPhoneSimulator.ActiveCfg = Release|x86
		{DD605030-1BA9-4657-AC8F-B0073B862D92}.Release|x64.ActiveCfg = Release|x64
		{DD605030-1BA9-4657-AC8F-B0073B862D92}.Release|x64.Build.0 = Release|x64
		{DD605030-1BA9-4657-AC8F-B0073B862D92}.Release|x64.Deploy.0 = Release|x64
		{DD605030-1BA9-4657-AC8F-B0073B862D92}.Release|x86.ActiveCfg = Release|x86
		{DD605030-1BA9-4657-AC8F-B0073B862D92}.Release|x86.Build.0 = Release|x86
		{DD605030-1BA9-4657-AC8F-B0073B862D92}.Release|x86.Deploy.0 = Release|x86
	EndGlobalSection
	GlobalSection(SolutionProperties) = preSolution
		HideSolutionNode = FALSE
	EndGlobalSection
	GlobalSection(ExtensibilityGlobals) = postSolution
		SolutionGuid = {8411D693-B42C-4F7F-97C8-068F041E5181}
	EndGlobalSection
EndGlobal
