
Microsoft Visual Studio Solution File, Format Version 12.00
# Visual Studio 15
VisualStudioVersion = 15.0.26730.12
MinimumVisualStudioVersion = 10.0.40219.1
Project("{FAE04EC0-301F-11D3-BF4B-00C04F79EFBC}") = "OxyPlotSample.Android", "OxyPlotSample\OxyPlotSample.Android\OxyPlotSample.Android.csproj", "{9521D18F-0984-4C26-9791-84C9BB04CF2F}"
EndProject
Project("{FAE04EC0-301F-11D3-BF4B-00C04F79EFBC}") = "OxyPlotSample", "OxyPlotSample\OxyPlotSample\OxyPlotSample.csproj", "{619D6D4A-47E5-4FB9-A05A-C6F6DF1A2910}"
EndProject
Project("{FAE04EC0-301F-11D3-BF4B-00C04F79EFBC}") = "OxyPlotSample.UWP", "OxyPlotSample\OxyPlotSample.UWP\OxyPlotSample.UWP.csproj", "{CCD5C960-063D-479C-BECD-4CC8BCCCDEB6}"
EndProject
Project("{FAE04EC0-301F-11D3-BF4B-00C04F79EFBC}") = "OxyPlotSample.iOS", "OxyPlotSample\OxyPlotSample.iOS\OxyPlotSample.iOS.csproj", "{EB39FA74-61EB-4469-A2C2-9771A65AA32F}"
EndProject
Global
	GlobalSection(SolutionConfigurationPlatforms) = preSolution
		Ad-Hoc|Any CPU = Ad-Hoc|Any CPU
		Ad-Hoc|ARM = Ad-Hoc|ARM
		Ad-Hoc|iPhone = Ad-Hoc|iPhone
		Ad-Hoc|iPhoneSimulator = Ad-Hoc|iPhoneSimulator
		Ad-Hoc|x64 = Ad-Hoc|x64
		Ad-Hoc|x86 = Ad-Hoc|x86
		AppStore|Any CPU = AppStore|Any CPU
		AppStore|ARM = AppStore|ARM
		AppStore|iPhone = AppStore|iPhone
		AppStore|iPhoneSimulator = AppStore|iPhoneSimulator
		AppStore|x64 = AppStore|x64
		AppStore|x86 = AppStore|x86
		Debug|Any CPU = Debug|Any CPU
		Debug|ARM = Debug|ARM
		Debug|iPhone = Debug|iPhone
		Debug|iPhoneSimulator = Debug|iPhoneSimulator
		Debug|x64 = Debug|x64
		Debug|x86 = Debug|x86
		Release|Any CPU = Release|Any CPU
		Release|ARM = Release|ARM
		Release|iPhone = Release|iPhone
		Release|iPhoneSimulator = Release|iPhoneSimulator
		Release|x64 = Release|x64
		Release|x86 = Release|x86
	EndGlobalSection
	GlobalSection(ProjectConfigurationPlatforms) = postSolution
		{9521D18F-0984-4C26-9791-84C9BB04CF2F}.Ad-Hoc|Any CPU.ActiveCfg = Release|Any CPU
		{9521D18F-0984-4C26-9791-84C9BB04CF2F}.Ad-Hoc|Any CPU.Build.0 = Release|Any CPU
		{9521D18F-0984-4C26-9791-84C9BB04CF2F}.Ad-Hoc|Any CPU.Deploy.0 = Release|Any CPU
		{9521D18F-0984-4C26-9791-84C9BB04CF2F}.Ad-Hoc|ARM.ActiveCfg = Release|Any CPU
		{9521D18F-0984-4C26-9791-84C9BB04CF2F}.Ad-Hoc|ARM.Build.0 = Release|Any CPU
		{9521D18F-0984-4C26-9791-84C9BB04CF2F}.Ad-Hoc|ARM.Deploy.0 = Release|Any CPU
		{9521D18F-0984-4C26-9791-84C9BB04CF2F}.Ad-Hoc|iPhone.ActiveCfg = Release|Any CPU
		{9521D18F-0984-4C26-9791-84C9BB04CF2F}.Ad-Hoc|iPhone.Build.0 = Release|Any CPU
		{9521D18F-0984-4C26-9791-84C9BB04CF2F}.Ad-Hoc|iPhone.Deploy.0 = Release|Any CPU
		{9521D18F-0984-4C26-9791-84C9BB04CF2F}.Ad-Hoc|iPhoneSimulator.ActiveCfg = Release|Any CPU
		{9521D18F-0984-4C26-9791-84C9BB04CF2F}.Ad-Hoc|iPhoneSimulator.Build.0 = Release|Any CPU
		{9521D18F-0984-4C26-9791-84C9BB04CF2F}.Ad-Hoc|iPhoneSimulator.Deploy.0 = Release|Any CPU
		{9521D18F-0984-4C26-9791-84C9BB04CF2F}.Ad-Hoc|x64.ActiveCfg = Release|Any CPU
		{9521D18F-0984-4C26-9791-84C9BB04CF2F}.Ad-Hoc|x64.Build.0 = Release|Any CPU
		{9521D18F-0984-4C26-9791-84C9BB04CF2F}.Ad-Hoc|x64.Deploy.0 = Release|Any CPU
		{9521D18F-0984-4C26-9791-84C9BB04CF2F}.Ad-Hoc|x86.ActiveCfg = Release|Any CPU
		{9521D18F-0984-4C26-9791-84C9BB04CF2F}.Ad-Hoc|x86.Build.0 = Release|Any CPU
		{9521D18F-0984-4C26-9791-84C9BB04CF2F}.Ad-Hoc|x86.Deploy.0 = Release|Any CPU
		{9521D18F-0984-4C26-9791-84C9BB04CF2F}.AppStore|Any CPU.ActiveCfg = Release|Any CPU
		{9521D18F-0984-4C26-9791-84C9BB04CF2F}.AppStore|Any CPU.Build.0 = Release|Any CPU
		{9521D18F-0984-4C26-9791-84C9BB04CF2F}.AppStore|Any CPU.Deploy.0 = Release|Any CPU
		{9521D18F-0984-4C26-9791-84C9BB04CF2F}.AppStore|ARM.ActiveCfg = Release|Any CPU
		{9521D18F-0984-4C26-9791-84C9BB04CF2F}.AppStore|ARM.Build.0 = Release|Any CPU
		{9521D18F-0984-4C26-9791-84C9BB04CF2F}.AppStore|ARM.Deploy.0 = Release|Any CPU
		{9521D18F-0984-4C26-9791-84C9BB04CF2F}.AppStore|iPhone.ActiveCfg = Release|Any CPU
		{9521D18F-0984-4C26-9791-84C9BB04CF2F}.AppStore|iPhone.Build.0 = Release|Any CPU
		{9521D18F-0984-4C26-9791-84C9BB04CF2F}.AppStore|iPhone.Deploy.0 = Release|Any CPU
		{9521D18F-0984-4C26-9791-84C9BB04CF2F}.AppStore|iPhoneSimulator.ActiveCfg = Release|Any CPU
		{9521D18F-0984-4C26-9791-84C9BB04CF2F}.AppStore|iPhoneSimulator.Build.0 = Release|Any CPU
		{9521D18F-0984-4C26-9791-84C9BB04CF2F}.AppStore|iPhoneSimulator.Deploy.0 = Release|Any CPU
		{9521D18F-0984-4C26-9791-84C9BB04CF2F}.AppStore|x64.ActiveCfg = Release|Any CPU
		{9521D18F-0984-4C26-9791-84C9BB04CF2F}.AppStore|x64.Build.0 = Release|Any CPU
		{9521D18F-0984-4C26-9791-84C9BB04CF2F}.AppStore|x64.Deploy.0 = Release|Any CPU
		{9521D18F-0984-4C26-9791-84C9BB04CF2F}.AppStore|x86.ActiveCfg = Release|Any CPU
		{9521D18F-0984-4C26-9791-84C9BB04CF2F}.AppStore|x86.Build.0 = Release|Any CPU
		{9521D18F-0984-4C26-9791-84C9BB04CF2F}.AppStore|x86.Deploy.0 = Release|Any CPU
		{9521D18F-0984-4C26-9791-84C9BB04CF2F}.Debug|Any CPU.ActiveCfg = Debug|Any CPU
		{9521D18F-0984-4C26-9791-84C9BB04CF2F}.Debug|Any CPU.Build.0 = Debug|Any CPU
		{9521D18F-0984-4C26-9791-84C9BB04CF2F}.Debug|Any CPU.Deploy.0 = Debug|Any CPU
		{9521D18F-0984-4C26-9791-84C9BB04CF2F}.Debug|ARM.ActiveCfg = Debug|Any CPU
		{9521D18F-0984-4C26-9791-84C9BB04CF2F}.Debug|ARM.Build.0 = Debug|Any CPU
		{9521D18F-0984-4C26-9791-84C9BB04CF2F}.Debug|ARM.Deploy.0 = Debug|Any CPU
		{9521D18F-0984-4C26-9791-84C9BB04CF2F}.Debug|iPhone.ActiveCfg = Debug|Any CPU
		{9521D18F-0984-4C26-9791-84C9BB04CF2F}.Debug|iPhone.Build.0 = Debug|Any CPU
		{9521D18F-0984-4C26-9791-84C9BB04CF2F}.Debug|iPhone.Deploy.0 = Debug|Any CPU
		{9521D18F-0984-4C26-9791-84C9BB04CF2F}.Debug|iPhoneSimulator.ActiveCfg = Debug|Any CPU
		{9521D18F-0984-4C26-9791-84C9BB04CF2F}.Debug|iPhoneSimulator.Build.0 = Debug|Any CPU
		{9521D18F-0984-4C26-9791-84C9BB04CF2F}.Debug|iPhoneSimulator.Deploy.0 = Debug|Any CPU
		{9521D18F-0984-4C26-9791-84C9BB04CF2F}.Debug|x64.ActiveCfg = Debug|Any CPU
		{9521D18F-0984-4C26-9791-84C9BB04CF2F}.Debug|x64.Build.0 = Debug|Any CPU
		{9521D18F-0984-4C26-9791-84C9BB04CF2F}.Debug|x64.Deploy.0 = Debug|Any CPU
		{9521D18F-0984-4C26-9791-84C9BB04CF2F}.Debug|x86.ActiveCfg = Debug|Any CPU
		{9521D18F-0984-4C26-9791-84C9BB04CF2F}.Debug|x86.Build.0 = Debug|Any CPU
		{9521D18F-0984-4C26-9791-84C9BB04CF2F}.Debug|x86.Deploy.0 = Debug|Any CPU
		{9521D18F-0984-4C26-9791-84C9BB04CF2F}.Release|Any CPU.ActiveCfg = Release|Any CPU
		{9521D18F-0984-4C26-9791-84C9BB04CF2F}.Release|Any CPU.Build.0 = Release|Any CPU
		{9521D18F-0984-4C26-9791-84C9BB04CF2F}.Release|Any CPU.Deploy.0 = Release|Any CPU
		{9521D18F-0984-4C26-9791-84C9BB04CF2F}.Release|ARM.ActiveCfg = Release|Any CPU
		{9521D18F-0984-4C26-9791-84C9BB04CF2F}.Release|ARM.Build.0 = Release|Any CPU
		{9521D18F-0984-4C26-9791-84C9BB04CF2F}.Release|ARM.Deploy.0 = Release|Any CPU
		{9521D18F-0984-4C26-9791-84C9BB04CF2F}.Release|iPhone.ActiveCfg = Release|Any CPU
		{9521D18F-0984-4C26-9791-84C9BB04CF2F}.Release|iPhone.Build.0 = Release|Any CPU
		{9521D18F-0984-4C26-9791-84C9BB04CF2F}.Release|iPhone.Deploy.0 = Release|Any CPU
		{9521D18F-0984-4C26-9791-84C9BB04CF2F}.Release|iPhoneSimulator.ActiveCfg = Release|Any CPU
		{9521D18F-0984-4C26-9791-84C9BB04CF2F}.Release|iPhoneSimulator.Build.0 = Release|Any CPU
		{9521D18F-0984-4C26-9791-84C9BB04CF2F}.Release|iPhoneSimulator.Deploy.0 = Release|Any CPU
		{9521D18F-0984-4C26-9791-84C9BB04CF2F}.Release|x64.ActiveCfg = Release|Any CPU
		{9521D18F-0984-4C26-9791-84C9BB04CF2F}.Release|x64.Build.0 = Release|Any CPU
		{9521D18F-0984-4C26-9791-84C9BB04CF2F}.Release|x64.Deploy.0 = Release|Any CPU
		{9521D18F-0984-4C26-9791-84C9BB04CF2F}.Release|x86.ActiveCfg = Release|Any CPU
		{9521D18F-0984-4C26-9791-84C9BB04CF2F}.Release|x86.Build.0 = Release|Any CPU
		{9521D18F-0984-4C26-9791-84C9BB04CF2F}.Release|x86.Deploy.0 = Release|Any CPU
		{619D6D4A-47E5-4FB9-A05A-C6F6DF1A2910}.Ad-Hoc|Any CPU.ActiveCfg = Release|Any CPU
		{619D6D4A-47E5-4FB9-A05A-C6F6DF1A2910}.Ad-Hoc|Any CPU.Build.0 = Release|Any CPU
		{619D6D4A-47E5-4FB9-A05A-C6F6DF1A2910}.Ad-Hoc|ARM.ActiveCfg = Release|Any CPU
		{619D6D4A-47E5-4FB9-A05A-C6F6DF1A2910}.Ad-Hoc|ARM.Build.0 = Release|Any CPU
		{619D6D4A-47E5-4FB9-A05A-C6F6DF1A2910}.Ad-Hoc|iPhone.ActiveCfg = Release|Any CPU
		{619D6D4A-47E5-4FB9-A05A-C6F6DF1A2910}.Ad-Hoc|iPhone.Build.0 = Release|Any CPU
		{619D6D4A-47E5-4FB9-A05A-C6F6DF1A2910}.Ad-Hoc|iPhoneSimulator.ActiveCfg = Release|Any CPU
		{619D6D4A-47E5-4FB9-A05A-C6F6DF1A2910}.Ad-Hoc|iPhoneSimulator.Build.0 = Release|Any CPU
		{619D6D4A-47E5-4FB9-A05A-C6F6DF1A2910}.Ad-Hoc|x64.ActiveCfg = Release|Any CPU
		{619D6D4A-47E5-4FB9-A05A-C6F6DF1A2910}.Ad-Hoc|x64.Build.0 = Release|Any CPU
		{619D6D4A-47E5-4FB9-A05A-C6F6DF1A2910}.Ad-Hoc|x86.ActiveCfg = Release|Any CPU
		{619D6D4A-47E5-4FB9-A05A-C6F6DF1A2910}.Ad-Hoc|x86.Build.0 = Release|Any CPU
		{619D6D4A-47E5-4FB9-A05A-C6F6DF1A2910}.AppStore|Any CPU.ActiveCfg = Release|Any CPU
		{619D6D4A-47E5-4FB9-A05A-C6F6DF1A2910}.AppStore|Any CPU.Build.0 = Release|Any CPU
		{619D6D4A-47E5-4FB9-A05A-C6F6DF1A2910}.AppStore|ARM.ActiveCfg = Release|Any CPU
		{619D6D4A-47E5-4FB9-A05A-C6F6DF1A2910}.AppStore|ARM.Build.0 = Release|Any CPU
		{619D6D4A-47E5-4FB9-A05A-C6F6DF1A2910}.AppStore|iPhone.ActiveCfg = Release|Any CPU
		{619D6D4A-47E5-4FB9-A05A-C6F6DF1A2910}.AppStore|iPhone.Build.0 = Release|Any CPU
		{619D6D4A-47E5-4FB9-A05A-C6F6DF1A2910}.AppStore|iPhoneSimulator.ActiveCfg = Release|Any CPU
		{619D6D4A-47E5-4FB9-A05A-C6F6DF1A2910}.AppStore|iPhoneSimulator.Build.0 = Release|Any CPU
		{619D6D4A-47E5-4FB9-A05A-C6F6DF1A2910}.AppStore|x64.ActiveCfg = Release|Any CPU
		{619D6D4A-47E5-4FB9-A05A-C6F6DF1A2910}.AppStore|x64.Build.0 = Release|Any CPU
		{619D6D4A-47E5-4FB9-A05A-C6F6DF1A2910}.AppStore|x86.ActiveCfg = Release|Any CPU
		{619D6D4A-47E5-4FB9-A05A-C6F6DF1A2910}.AppStore|x86.Build.0 = Release|Any CPU
		{619D6D4A-47E5-4FB9-A05A-C6F6DF1A2910}.Debug|Any CPU.ActiveCfg = Debug|Any CPU
		{619D6D4A-47E5-4FB9-A05A-C6F6DF1A2910}.Debug|Any CPU.Build.0 = Debug|Any CPU
		{619D6D4A-47E5-4FB9-A05A-C6F6DF1A2910}.Debug|ARM.ActiveCfg = Debug|Any CPU
		{619D6D4A-47E5-4FB9-A05A-C6F6DF1A2910}.Debug|ARM.Build.0 = Debug|Any CPU
		{619D6D4A-47E5-4FB9-A05A-C6F6DF1A2910}.Debug|iPhone.ActiveCfg = Debug|Any CPU
		{619D6D4A-47E5-4FB9-A05A-C6F6DF1A2910}.Debug|iPhone.Build.0 = Debug|Any CPU
		{619D6D4A-47E5-4FB9-A05A-C6F6DF1A2910}.Debug|iPhoneSimulator.ActiveCfg = Debug|Any CPU
		{619D6D4A-47E5-4FB9-A05A-C6F6DF1A2910}.Debug|iPhoneSimulator.Build.0 = Debug|Any CPU
		{619D6D4A-47E5-4FB9-A05A-C6F6DF1A2910}.Debug|x64.ActiveCfg = Debug|Any CPU
		{619D6D4A-47E5-4FB9-A05A-C6F6DF1A2910}.Debug|x64.Build.0 = Debug|Any CPU
		{619D6D4A-47E5-4FB9-A05A-C6F6DF1A2910}.Debug|x86.ActiveCfg = Debug|Any CPU
		{619D6D4A-47E5-4FB9-A05A-C6F6DF1A2910}.Debug|x86.Build.0 = Debug|Any CPU
		{619D6D4A-47E5-4FB9-A05A-C6F6DF1A2910}.Release|Any CPU.ActiveCfg = Release|Any CPU
		{619D6D4A-47E5-4FB9-A05A-C6F6DF1A2910}.Release|Any CPU.Build.0 = Release|Any CPU
		{619D6D4A-47E5-4FB9-A05A-C6F6DF1A2910}.Release|ARM.ActiveCfg = Release|Any CPU
		{619D6D4A-47E5-4FB9-A05A-C6F6DF1A2910}.Release|ARM.Build.0 = Release|Any CPU
		{619D6D4A-47E5-4FB9-A05A-C6F6DF1A2910}.Release|iPhone.ActiveCfg = Release|Any CPU
		{619D6D4A-47E5-4FB9-A05A-C6F6DF1A2910}.Release|iPhone.Build.0 = Release|Any CPU
		{619D6D4A-47E5-4FB9-A05A-C6F6DF1A2910}.Release|iPhoneSimulator.ActiveCfg = Release|Any CPU
		{619D6D4A-47E5-4FB9-A05A-C6F6DF1A2910}.Release|iPhoneSimulator.Build.0 = Release|Any CPU
		{619D6D4A-47E5-4FB9-A05A-C6F6DF1A2910}.Release|x64.ActiveCfg = Release|Any CPU
		{619D6D4A-47E5-4FB9-A05A-C6F6DF1A2910}.Release|x64.Build.0 = Release|Any CPU
		{619D6D4A-47E5-4FB9-A05A-C6F6DF1A2910}.Release|x86.ActiveCfg = Release|Any CPU
		{619D6D4A-47E5-4FB9-A05A-C6F6DF1A2910}.Release|x86.Build.0 = Release|Any CPU
		{CCD5C960-063D-479C-BECD-4CC8BCCCDEB6}.Ad-Hoc|Any CPU.ActiveCfg = Release|x86
		{CCD5C960-063D-479C-BECD-4CC8BCCCDEB6}.Ad-Hoc|Any CPU.Build.0 = Release|x86
		{CCD5C960-063D-479C-BECD-4CC8BCCCDEB6}.Ad-Hoc|Any CPU.Deploy.0 = Release|x86
		{CCD5C960-063D-479C-BECD-4CC8BCCCDEB6}.Ad-Hoc|ARM.ActiveCfg = Release|ARM
		{CCD5C960-063D-479C-BECD-4CC8BCCCDEB6}.Ad-Hoc|ARM.Build.0 = Release|ARM
		{CCD5C960-063D-479C-BECD-4CC8BCCCDEB6}.Ad-Hoc|ARM.Deploy.0 = Release|ARM
		{CCD5C960-063D-479C-BECD-4CC8BCCCDEB6}.Ad-Hoc|iPhone.ActiveCfg = Release|x86
		{CCD5C960-063D-479C-BECD-4CC8BCCCDEB6}.Ad-Hoc|iPhone.Build.0 = Release|x86
		{CCD5C960-063D-479C-BECD-4CC8BCCCDEB6}.Ad-Hoc|iPhone.Deploy.0 = Release|x86
		{CCD5C960-063D-479C-BECD-4CC8BCCCDEB6}.Ad-Hoc|iPhoneSimulator.ActiveCfg = Release|x86
		{CCD5C960-063D-479C-BECD-4CC8BCCCDEB6}.Ad-Hoc|iPhoneSimulator.Build.0 = Release|x86
		{CCD5C960-063D-479C-BECD-4CC8BCCCDEB6}.Ad-Hoc|iPhoneSimulator.Deploy.0 = Release|x86
		{CCD5C960-063D-479C-BECD-4CC8BCCCDEB6}.Ad-Hoc|x64.ActiveCfg = Release|x64
		{CCD5C960-063D-479C-BECD-4CC8BCCCDEB6}.Ad-Hoc|x64.Build.0 = Release|x64
		{CCD5C960-063D-479C-BECD-4CC8BCCCDEB6}.Ad-Hoc|x64.Deploy.0 = Release|x64
		{CCD5C960-063D-479C-BECD-4CC8BCCCDEB6}.Ad-Hoc|x86.ActiveCfg = Release|x86
		{CCD5C960-063D-479C-BECD-4CC8BCCCDEB6}.Ad-Hoc|x86.Build.0 = Release|x86
		{CCD5C960-063D-479C-BECD-4CC8BCCCDEB6}.Ad-Hoc|x86.Deploy.0 = Release|x86
		{CCD5C960-063D-479C-BECD-4CC8BCCCDEB6}.AppStore|Any CPU.ActiveCfg = Release|x86
		{CCD5C960-063D-479C-BECD-4CC8BCCCDEB6}.AppStore|Any CPU.Build.0 = Release|x86
		{CCD5C960-063D-479C-BECD-4CC8BCCCDEB6}.AppStore|Any CPU.Deploy.0 = Release|x86
		{CCD5C960-063D-479C-BECD-4CC8BCCCDEB6}.AppStore|ARM.ActiveCfg = Release|ARM
		{CCD5C960-063D-479C-BECD-4CC8BCCCDEB6}.AppStore|ARM.Build.0 = Release|ARM
		{CCD5C960-063D-479C-BECD-4CC8BCCCDEB6}.AppStore|ARM.Deploy.0 = Release|ARM
		{CCD5C960-063D-479C-BECD-4CC8BCCCDEB6}.AppStore|iPhone.ActiveCfg = Release|x86
		{CCD5C960-063D-479C-BECD-4CC8BCCCDEB6}.AppStore|iPhone.Build.0 = Release|x86
		{CCD5C960-063D-479C-BECD-4CC8BCCCDEB6}.AppStore|iPhone.Deploy.0 = Release|x86
		{CCD5C960-063D-479C-BECD-4CC8BCCCDEB6}.AppStore|iPhoneSimulator.ActiveCfg = Release|x86
		{CCD5C960-063D-479C-BECD-4CC8BCCCDEB6}.AppStore|iPhoneSimulator.Build.0 = Release|x86
		{CCD5C960-063D-479C-BECD-4CC8BCCCDEB6}.AppStore|iPhoneSimulator.Deploy.0 = Release|x86
		{CCD5C960-063D-479C-BECD-4CC8BCCCDEB6}.AppStore|x64.ActiveCfg = Release|x64
		{CCD5C960-063D-479C-BECD-4CC8BCCCDEB6}.AppStore|x64.Build.0 = Release|x64
		{CCD5C960-063D-479C-BECD-4CC8BCCCDEB6}.AppStore|x64.Deploy.0 = Release|x64
		{CCD5C960-063D-479C-BECD-4CC8BCCCDEB6}.AppStore|x86.ActiveCfg = Release|x86
		{CCD5C960-063D-479C-BECD-4CC8BCCCDEB6}.AppStore|x86.Build.0 = Release|x86
		{CCD5C960-063D-479C-BECD-4CC8BCCCDEB6}.AppStore|x86.Deploy.0 = Release|x86
		{CCD5C960-063D-479C-BECD-4CC8BCCCDEB6}.Debug|Any CPU.ActiveCfg = Debug|x86
		{CCD5C960-063D-479C-BECD-4CC8BCCCDEB6}.Debug|ARM.ActiveCfg = Debug|ARM
		{CCD5C960-063D-479C-BECD-4CC8BCCCDEB6}.Debug|ARM.Build.0 = Debug|ARM
		{CCD5C960-063D-479C-BECD-4CC8BCCCDEB6}.Debug|ARM.Deploy.0 = Debug|ARM
		{CCD5C960-063D-479C-BECD-4CC8BCCCDEB6}.Debug|iPhone.ActiveCfg = Debug|x86
		{CCD5C960-063D-479C-BECD-4CC8BCCCDEB6}.Debug|iPhoneSimulator.ActiveCfg = Debug|x86
		{CCD5C960-063D-479C-BECD-4CC8BCCCDEB6}.Debug|x64.ActiveCfg = Debug|x64
		{CCD5C960-063D-479C-BECD-4CC8BCCCDEB6}.Debug|x64.Build.0 = Debug|x64
		{CCD5C960-063D-479C-BECD-4CC8BCCCDEB6}.Debug|x64.Deploy.0 = Debug|x64
		{CCD5C960-063D-479C-BECD-4CC8BCCCDEB6}.Debug|x86.ActiveCfg = Debug|x86
		{CCD5C960-063D-479C-BECD-4CC8BCCCDEB6}.Debug|x86.Build.0 = Debug|x86
		{CCD5C960-063D-479C-BECD-4CC8BCCCDEB6}.Debug|x86.Deploy.0 = Debug|x86
		{CCD5C960-063D-479C-BECD-4CC8BCCCDEB6}.Release|Any CPU.ActiveCfg = Release|x86
		{CCD5C960-063D-479C-BECD-4CC8BCCCDEB6}.Release|ARM.ActiveCfg = Release|ARM
		{CCD5C960-063D-479C-BECD-4CC8BCCCDEB6}.Release|ARM.Build.0 = Release|ARM
		{CCD5C960-063D-479C-BECD-4CC8BCCCDEB6}.Release|ARM.Deploy.0 = Release|ARM
		{CCD5C960-063D-479C-BECD-4CC8BCCCDEB6}.Release|iPhone.ActiveCfg = Release|x86
		{CCD5C960-063D-479C-BECD-4CC8BCCCDEB6}.Release|iPhoneSimulator.ActiveCfg = Release|x86
		{CCD5C960-063D-479C-BECD-4CC8BCCCDEB6}.Release|x64.ActiveCfg = Release|x64
		{CCD5C960-063D-479C-BECD-4CC8BCCCDEB6}.Release|x64.Build.0 = Release|x64
		{CCD5C960-063D-479C-BECD-4CC8BCCCDEB6}.Release|x64.Deploy.0 = Release|x64
		{CCD5C960-063D-479C-BECD-4CC8BCCCDEB6}.Release|x86.ActiveCfg = Release|x86
		{CCD5C960-063D-479C-BECD-4CC8BCCCDEB6}.Release|x86.Build.0 = Release|x86
		{CCD5C960-063D-479C-BECD-4CC8BCCCDEB6}.Release|x86.Deploy.0 = Release|x86
		{EB39FA74-61EB-4469-A2C2-9771A65AA32F}.Ad-Hoc|Any CPU.ActiveCfg = Ad-Hoc|iPhone
		{EB39FA74-61EB-4469-A2C2-9771A65AA32F}.Ad-Hoc|ARM.ActiveCfg = Ad-Hoc|iPhone
		{EB39FA74-61EB-4469-A2C2-9771A65AA32F}.Ad-Hoc|iPhone.ActiveCfg = Ad-Hoc|iPhone
		{EB39FA74-61EB-4469-A2C2-9771A65AA32F}.Ad-Hoc|iPhone.Build.0 = Ad-Hoc|iPhone
		{EB39FA74-61EB-4469-A2C2-9771A65AA32F}.Ad-Hoc|iPhoneSimulator.ActiveCfg = Ad-Hoc|iPhoneSimulator
		{EB39FA74-61EB-4469-A2C2-9771A65AA32F}.Ad-Hoc|iPhoneSimulator.Build.0 = Ad-Hoc|iPhoneSimulator
		{EB39FA74-61EB-4469-A2C2-9771A65AA32F}.Ad-Hoc|x64.ActiveCfg = Ad-Hoc|iPhone
		{EB39FA74-61EB-4469-A2C2-9771A65AA32F}.Ad-Hoc|x86.ActiveCfg = Ad-Hoc|iPhone
		{EB39FA74-61EB-4469-A2C2-9771A65AA32F}.AppStore|Any CPU.ActiveCfg = AppStore|iPhone
		{EB39FA74-61EB-4469-A2C2-9771A65AA32F}.AppStore|ARM.ActiveCfg = AppStore|iPhone
		{EB39FA74-61EB-4469-A2C2-9771A65AA32F}.AppStore|iPhone.ActiveCfg = AppStore|iPhone
		{EB39FA74-61EB-4469-A2C2-9771A65AA32F}.AppStore|iPhone.Build.0 = AppStore|iPhone
		{EB39FA74-61EB-4469-A2C2-9771A65AA32F}.AppStore|iPhoneSimulator.ActiveCfg = AppStore|iPhoneSimulator
		{EB39FA74-61EB-4469-A2C2-9771A65AA32F}.AppStore|iPhoneSimulator.Build.0 = AppStore|iPhoneSimulator
		{EB39FA74-61EB-4469-A2C2-9771A65AA32F}.AppStore|x64.ActiveCfg = AppStore|iPhone
		{EB39FA74-61EB-4469-A2C2-9771A65AA32F}.AppStore|x86.ActiveCfg = AppStore|iPhone
		{EB39FA74-61EB-4469-A2C2-9771A65AA32F}.Debug|Any CPU.ActiveCfg = Debug|iPhone
		{EB39FA74-61EB-4469-A2C2-9771A65AA32F}.Debug|ARM.ActiveCfg = Debug|iPhone
		{EB39FA74-61EB-4469-A2C2-9771A65AA32F}.Debug|iPhone.ActiveCfg = Debug|iPhone
		{EB39FA74-61EB-4469-A2C2-9771A65AA32F}.Debug|iPhone.Build.0 = Debug|iPhone
		{EB39FA74-61EB-4469-A2C2-9771A65AA32F}.Debug|iPhoneSimulator.ActiveCfg = Debug|iPhoneSimulator
		{EB39FA74-61EB-4469-A2C2-9771A65AA32F}.Debug|iPhoneSimulator.Build.0 = Debug|iPhoneSimulator
		{EB39FA74-61EB-4469-A2C2-9771A65AA32F}.Debug|x64.ActiveCfg = Debug|iPhone
		{EB39FA74-61EB-4469-A2C2-9771A65AA32F}.Debug|x86.ActiveCfg = Debug|iPhone
		{EB39FA74-61EB-4469-A2C2-9771A65AA32F}.Release|Any CPU.ActiveCfg = Release|iPhone
		{EB39FA74-61EB-4469-A2C2-9771A65AA32F}.Release|ARM.ActiveCfg = Release|iPhone
		{EB39FA74-61EB-4469-A2C2-9771A65AA32F}.Release|iPhone.ActiveCfg = Release|iPhone
		{EB39FA74-61EB-4469-A2C2-9771A65AA32F}.Release|iPhone.Build.0 = Release|iPhone
		{EB39FA74-61EB-4469-A2C2-9771A65AA32F}.Release|iPhoneSimulator.ActiveCfg = Release|iPhoneSimulator
		{EB39FA74-61EB-4469-A2C2-9771A65AA32F}.Release|iPhoneSimulator.Build.0 = Release|iPhoneSimulator
		{EB39FA74-61EB-4469-A2C2-9771A65AA32F}.Release|x64.ActiveCfg = Release|iPhone
		{EB39FA74-61EB-4469-A2C2-9771A65AA32F}.Release|x86.ActiveCfg = Release|iPhone
	EndGlobalSection
	GlobalSection(SolutionProperties) = preSolution
		HideSolutionNode = FALSE
	EndGlobalSection
	GlobalSection(ExtensibilityGlobals) = postSolution
		SolutionGuid = {674ED288-DA86-414E-BBD4-EADC381DE7FF}
	EndGlobalSection
EndGlobal
