
Microsoft Visual Studio Solution File, Format Version 12.00
# Visual Studio 14
VisualStudioVersion = 14.0.25420.1
MinimumVisualStudioVersion = 10.0.40219.1
Project("{FAE04EC0-301F-11D3-BF4B-00C04F79EFBC}") = "ViewCellInCode", "ViewCellInCode\ViewCellInCode\ViewCellInCode.csproj", "{9DFC0723-F9FE-4178-A28B-40812CD50A32}"
EndProject
Project("{FAE04EC0-301F-11D3-BF4B-00C04F79EFBC}") = "ViewCellInCode.Droid", "ViewCellInCode\ViewCellInCode.Droid\ViewCellInCode.Droid.csproj", "{100C131E-A6F5-4DD8-A0D9-E76D7C95DD90}"
EndProject
Project("{FAE04EC0-301F-11D3-BF4B-00C04F79EFBC}") = "ViewCellInCode.iOS", "ViewCellInCode\ViewCellInCode.iOS\ViewCellInCode.iOS.csproj", "{79E0C617-16D3-4780-BDB5-5DE4D5D66F19}"
EndProject
Project("{FAE04EC0-301F-11D3-BF4B-00C04F79EFBC}") = "ViewCellInCode.WinPhone", "ViewCellInCode\ViewCellInCode.WinPhone\ViewCellInCode.WinPhone.csproj", "{8AE33425-4A4B-468C-A4AA-93EAA4E3538A}"
EndProject
Project("{FAE04EC0-301F-11D3-BF4B-00C04F79EFBC}") = "ViewCellInCode.Windows", "ViewCellInCode\ViewCellInCode.Windows\ViewCellInCode.Windows.csproj", "{0D6273D7-6343-4505-A39D-091936283B14}"
EndProject
Global
	GlobalSection(SolutionConfigurationPlatforms) = preSolution
		Ad-Hoc|Any CPU = Ad-Hoc|Any CPU
		Ad-Hoc|ARM = Ad-Hoc|ARM
		Ad-Hoc|iPhone = Ad-Hoc|iPhone
		Ad-Hoc|iPhoneSimulator = Ad-Hoc|iPhoneSimulator
		Ad-Hoc|x64 = Ad-Hoc|x64
		Ad-Hoc|x86 = Ad-Hoc|x86
		AppStore|Any CPU = AppStore|Any CPU
		AppStore|ARM = AppStore|ARM
		AppStore|iPhone = AppStore|iPhone
		AppStore|iPhoneSimulator = AppStore|iPhoneSimulator
		AppStore|x64 = AppStore|x64
		AppStore|x86 = AppStore|x86
		Debug|Any CPU = Debug|Any CPU
		Debug|ARM = Debug|ARM
		Debug|iPhone = Debug|iPhone
		Debug|iPhoneSimulator = Debug|iPhoneSimulator
		Debug|x64 = Debug|x64
		Debug|x86 = Debug|x86
		Release|Any CPU = Release|Any CPU
		Release|ARM = Release|ARM
		Release|iPhone = Release|iPhone
		Release|iPhoneSimulator = Release|iPhoneSimulator
		Release|x64 = Release|x64
		Release|x86 = Release|x86
	EndGlobalSection
	GlobalSection(ProjectConfigurationPlatforms) = postSolution
		{9DFC0723-F9FE-4178-A28B-40812CD50A32}.Ad-Hoc|Any CPU.ActiveCfg = Release|Any CPU
		{9DFC0723-F9FE-4178-A28B-40812CD50A32}.Ad-Hoc|Any CPU.Build.0 = Release|Any CPU
		{9DFC0723-F9FE-4178-A28B-40812CD50A32}.Ad-Hoc|ARM.ActiveCfg = Release|Any CPU
		{9DFC0723-F9FE-4178-A28B-40812CD50A32}.Ad-Hoc|ARM.Build.0 = Release|Any CPU
		{9DFC0723-F9FE-4178-A28B-40812CD50A32}.Ad-Hoc|iPhone.ActiveCfg = Release|Any CPU
		{9DFC0723-F9FE-4178-A28B-40812CD50A32}.Ad-Hoc|iPhone.Build.0 = Release|Any CPU
		{9DFC0723-F9FE-4178-A28B-40812CD50A32}.Ad-Hoc|iPhoneSimulator.ActiveCfg = Release|Any CPU
		{9DFC0723-F9FE-4178-A28B-40812CD50A32}.Ad-Hoc|iPhoneSimulator.Build.0 = Release|Any CPU
		{9DFC0723-F9FE-4178-A28B-40812CD50A32}.Ad-Hoc|x64.ActiveCfg = Release|Any CPU
		{9DFC0723-F9FE-4178-A28B-40812CD50A32}.Ad-Hoc|x64.Build.0 = Release|Any CPU
		{9DFC0723-F9FE-4178-A28B-40812CD50A32}.Ad-Hoc|x86.ActiveCfg = Release|Any CPU
		{9DFC0723-F9FE-4178-A28B-40812CD50A32}.Ad-Hoc|x86.Build.0 = Release|Any CPU
		{9DFC0723-F9FE-4178-A28B-40812CD50A32}.AppStore|Any CPU.ActiveCfg = Release|Any CPU
		{9DFC0723-F9FE-4178-A28B-40812CD50A32}.AppStore|Any CPU.Build.0 = Release|Any CPU
		{9DFC0723-F9FE-4178-A28B-40812CD50A32}.AppStore|ARM.ActiveCfg = Release|Any CPU
		{9DFC0723-F9FE-4178-A28B-40812CD50A32}.AppStore|ARM.Build.0 = Release|Any CPU
		{9DFC0723-F9FE-4178-A28B-40812CD50A32}.AppStore|iPhone.ActiveCfg = Release|Any CPU
		{9DFC0723-F9FE-4178-A28B-40812CD50A32}.AppStore|iPhone.Build.0 = Release|Any CPU
		{9DFC0723-F9FE-4178-A28B-40812CD50A32}.AppStore|iPhoneSimulator.ActiveCfg = Release|Any CPU
		{9DFC0723-F9FE-4178-A28B-40812CD50A32}.AppStore|iPhoneSimulator.Build.0 = Release|Any CPU
		{9DFC0723-F9FE-4178-A28B-40812CD50A32}.AppStore|x64.ActiveCfg = Release|Any CPU
		{9DFC0723-F9FE-4178-A28B-40812CD50A32}.AppStore|x64.Build.0 = Release|Any CPU
		{9DFC0723-F9FE-4178-A28B-40812CD50A32}.AppStore|x86.ActiveCfg = Release|Any CPU
		{9DFC0723-F9FE-4178-A28B-40812CD50A32}.AppStore|x86.Build.0 = Release|Any CPU
		{9DFC0723-F9FE-4178-A28B-40812CD50A32}.Debug|Any CPU.ActiveCfg = Debug|Any CPU
		{9DFC0723-F9FE-4178-A28B-40812CD50A32}.Debug|Any CPU.Build.0 = Debug|Any CPU
		{9DFC0723-F9FE-4178-A28B-40812CD50A32}.Debug|ARM.ActiveCfg = Debug|Any CPU
		{9DFC0723-F9FE-4178-A28B-40812CD50A32}.Debug|ARM.Build.0 = Debug|Any CPU
		{9DFC0723-F9FE-4178-A28B-40812CD50A32}.Debug|iPhone.ActiveCfg = Debug|Any CPU
		{9DFC0723-F9FE-4178-A28B-40812CD50A32}.Debug|iPhone.Build.0 = Debug|Any CPU
		{9DFC0723-F9FE-4178-A28B-40812CD50A32}.Debug|iPhoneSimulator.ActiveCfg = Debug|Any CPU
		{9DFC0723-F9FE-4178-A28B-40812CD50A32}.Debug|iPhoneSimulator.Build.0 = Debug|Any CPU
		{9DFC0723-F9FE-4178-A28B-40812CD50A32}.Debug|x64.ActiveCfg = Debug|Any CPU
		{9DFC0723-F9FE-4178-A28B-40812CD50A32}.Debug|x64.Build.0 = Debug|Any CPU
		{9DFC0723-F9FE-4178-A28B-40812CD50A32}.Debug|x86.ActiveCfg = Debug|Any CPU
		{9DFC0723-F9FE-4178-A28B-40812CD50A32}.Debug|x86.Build.0 = Debug|Any CPU
		{9DFC0723-F9FE-4178-A28B-40812CD50A32}.Release|Any CPU.ActiveCfg = Release|Any CPU
		{9DFC0723-F9FE-4178-A28B-40812CD50A32}.Release|Any CPU.Build.0 = Release|Any CPU
		{9DFC0723-F9FE-4178-A28B-40812CD50A32}.Release|ARM.ActiveCfg = Release|Any CPU
		{9DFC0723-F9FE-4178-A28B-40812CD50A32}.Release|ARM.Build.0 = Release|Any CPU
		{9DFC0723-F9FE-4178-A28B-40812CD50A32}.Release|iPhone.ActiveCfg = Release|Any CPU
		{9DFC0723-F9FE-4178-A28B-40812CD50A32}.Release|iPhone.Build.0 = Release|Any CPU
		{9DFC0723-F9FE-4178-A28B-40812CD50A32}.Release|iPhoneSimulator.ActiveCfg = Release|Any CPU
		{9DFC0723-F9FE-4178-A28B-40812CD50A32}.Release|iPhoneSimulator.Build.0 = Release|Any CPU
		{9DFC0723-F9FE-4178-A28B-40812CD50A32}.Release|x64.ActiveCfg = Release|Any CPU
		{9DFC0723-F9FE-4178-A28B-40812CD50A32}.Release|x64.Build.0 = Release|Any CPU
		{9DFC0723-F9FE-4178-A28B-40812CD50A32}.Release|x86.ActiveCfg = Release|Any CPU
		{9DFC0723-F9FE-4178-A28B-40812CD50A32}.Release|x86.Build.0 = Release|Any CPU
		{100C131E-A6F5-4DD8-A0D9-E76D7C95DD90}.Ad-Hoc|Any CPU.ActiveCfg = Release|Any CPU
		{100C131E-A6F5-4DD8-A0D9-E76D7C95DD90}.Ad-Hoc|Any CPU.Build.0 = Release|Any CPU
		{100C131E-A6F5-4DD8-A0D9-E76D7C95DD90}.Ad-Hoc|Any CPU.Deploy.0 = Release|Any CPU
		{100C131E-A6F5-4DD8-A0D9-E76D7C95DD90}.Ad-Hoc|ARM.ActiveCfg = Release|Any CPU
		{100C131E-A6F5-4DD8-A0D9-E76D7C95DD90}.Ad-Hoc|ARM.Build.0 = Release|Any CPU
		{100C131E-A6F5-4DD8-A0D9-E76D7C95DD90}.Ad-Hoc|ARM.Deploy.0 = Release|Any CPU
		{100C131E-A6F5-4DD8-A0D9-E76D7C95DD90}.Ad-Hoc|iPhone.ActiveCfg = Release|Any CPU
		{100C131E-A6F5-4DD8-A0D9-E76D7C95DD90}.Ad-Hoc|iPhone.Build.0 = Release|Any CPU
		{100C131E-A6F5-4DD8-A0D9-E76D7C95DD90}.Ad-Hoc|iPhone.Deploy.0 = Release|Any CPU
		{100C131E-A6F5-4DD8-A0D9-E76D7C95DD90}.Ad-Hoc|iPhoneSimulator.ActiveCfg = Release|Any CPU
		{100C131E-A6F5-4DD8-A0D9-E76D7C95DD90}.Ad-Hoc|iPhoneSimulator.Build.0 = Release|Any CPU
		{100C131E-A6F5-4DD8-A0D9-E76D7C95DD90}.Ad-Hoc|iPhoneSimulator.Deploy.0 = Release|Any CPU
		{100C131E-A6F5-4DD8-A0D9-E76D7C95DD90}.Ad-Hoc|x64.ActiveCfg = Release|Any CPU
		{100C131E-A6F5-4DD8-A0D9-E76D7C95DD90}.Ad-Hoc|x64.Build.0 = Release|Any CPU
		{100C131E-A6F5-4DD8-A0D9-E76D7C95DD90}.Ad-Hoc|x64.Deploy.0 = Release|Any CPU
		{100C131E-A6F5-4DD8-A0D9-E76D7C95DD90}.Ad-Hoc|x86.ActiveCfg = Release|Any CPU
		{100C131E-A6F5-4DD8-A0D9-E76D7C95DD90}.Ad-Hoc|x86.Build.0 = Release|Any CPU
		{100C131E-A6F5-4DD8-A0D9-E76D7C95DD90}.Ad-Hoc|x86.Deploy.0 = Release|Any CPU
		{100C131E-A6F5-4DD8-A0D9-E76D7C95DD90}.AppStore|Any CPU.ActiveCfg = Release|Any CPU
		{100C131E-A6F5-4DD8-A0D9-E76D7C95DD90}.AppStore|Any CPU.Build.0 = Release|Any CPU
		{100C131E-A6F5-4DD8-A0D9-E76D7C95DD90}.AppStore|Any CPU.Deploy.0 = Release|Any CPU
		{100C131E-A6F5-4DD8-A0D9-E76D7C95DD90}.AppStore|ARM.ActiveCfg = Release|Any CPU
		{100C131E-A6F5-4DD8-A0D9-E76D7C95DD90}.AppStore|ARM.Build.0 = Release|Any CPU
		{100C131E-A6F5-4DD8-A0D9-E76D7C95DD90}.AppStore|ARM.Deploy.0 = Release|Any CPU
		{100C131E-A6F5-4DD8-A0D9-E76D7C95DD90}.AppStore|iPhone.ActiveCfg = Release|Any CPU
		{100C131E-A6F5-4DD8-A0D9-E76D7C95DD90}.AppStore|iPhone.Build.0 = Release|Any CPU
		{100C131E-A6F5-4DD8-A0D9-E76D7C95DD90}.AppStore|iPhone.Deploy.0 = Release|Any CPU
		{100C131E-A6F5-4DD8-A0D9-E76D7C95DD90}.AppStore|iPhoneSimulator.ActiveCfg = Release|Any CPU
		{100C131E-A6F5-4DD8-A0D9-E76D7C95DD90}.AppStore|iPhoneSimulator.Build.0 = Release|Any CPU
		{100C131E-A6F5-4DD8-A0D9-E76D7C95DD90}.AppStore|iPhoneSimulator.Deploy.0 = Release|Any CPU
		{100C131E-A6F5-4DD8-A0D9-E76D7C95DD90}.AppStore|x64.ActiveCfg = Release|Any CPU
		{100C131E-A6F5-4DD8-A0D9-E76D7C95DD90}.AppStore|x64.Build.0 = Release|Any CPU
		{100C131E-A6F5-4DD8-A0D9-E76D7C95DD90}.AppStore|x64.Deploy.0 = Release|Any CPU
		{100C131E-A6F5-4DD8-A0D9-E76D7C95DD90}.AppStore|x86.ActiveCfg = Release|Any CPU
		{100C131E-A6F5-4DD8-A0D9-E76D7C95DD90}.AppStore|x86.Build.0 = Release|Any CPU
		{100C131E-A6F5-4DD8-A0D9-E76D7C95DD90}.AppStore|x86.Deploy.0 = Release|Any CPU
		{100C131E-A6F5-4DD8-A0D9-E76D7C95DD90}.Debug|Any CPU.ActiveCfg = Debug|Any CPU
		{100C131E-A6F5-4DD8-A0D9-E76D7C95DD90}.Debug|Any CPU.Build.0 = Debug|Any CPU
		{100C131E-A6F5-4DD8-A0D9-E76D7C95DD90}.Debug|Any CPU.Deploy.0 = Debug|Any CPU
		{100C131E-A6F5-4DD8-A0D9-E76D7C95DD90}.Debug|ARM.ActiveCfg = Debug|Any CPU
		{100C131E-A6F5-4DD8-A0D9-E76D7C95DD90}.Debug|ARM.Build.0 = Debug|Any CPU
		{100C131E-A6F5-4DD8-A0D9-E76D7C95DD90}.Debug|ARM.Deploy.0 = Debug|Any CPU
		{100C131E-A6F5-4DD8-A0D9-E76D7C95DD90}.Debug|iPhone.ActiveCfg = Debug|Any CPU
		{100C131E-A6F5-4DD8-A0D9-E76D7C95DD90}.Debug|iPhone.Build.0 = Debug|Any CPU
		{100C131E-A6F5-4DD8-A0D9-E76D7C95DD90}.Debug|iPhone.Deploy.0 = Debug|Any CPU
		{100C131E-A6F5-4DD8-A0D9-E76D7C95DD90}.Debug|iPhoneSimulator.ActiveCfg = Debug|Any CPU
		{100C131E-A6F5-4DD8-A0D9-E76D7C95DD90}.Debug|iPhoneSimulator.Build.0 = Debug|Any CPU
		{100C131E-A6F5-4DD8-A0D9-E76D7C95DD90}.Debug|iPhoneSimulator.Deploy.0 = Debug|Any CPU
		{100C131E-A6F5-4DD8-A0D9-E76D7C95DD90}.Debug|x64.ActiveCfg = Debug|Any CPU
		{100C131E-A6F5-4DD8-A0D9-E76D7C95DD90}.Debug|x64.Build.0 = Debug|Any CPU
		{100C131E-A6F5-4DD8-A0D9-E76D7C95DD90}.Debug|x64.Deploy.0 = Debug|Any CPU
		{100C131E-A6F5-4DD8-A0D9-E76D7C95DD90}.Debug|x86.ActiveCfg = Debug|Any CPU
		{100C131E-A6F5-4DD8-A0D9-E76D7C95DD90}.Debug|x86.Build.0 = Debug|Any CPU
		{100C131E-A6F5-4DD8-A0D9-E76D7C95DD90}.Debug|x86.Deploy.0 = Debug|Any CPU
		{100C131E-A6F5-4DD8-A0D9-E76D7C95DD90}.Release|Any CPU.ActiveCfg = Release|Any CPU
		{100C131E-A6F5-4DD8-A0D9-E76D7C95DD90}.Release|Any CPU.Build.0 = Release|Any CPU
		{100C131E-A6F5-4DD8-A0D9-E76D7C95DD90}.Release|Any CPU.Deploy.0 = Release|Any CPU
		{100C131E-A6F5-4DD8-A0D9-E76D7C95DD90}.Release|ARM.ActiveCfg = Release|Any CPU
		{100C131E-A6F5-4DD8-A0D9-E76D7C95DD90}.Release|ARM.Build.0 = Release|Any CPU
		{100C131E-A6F5-4DD8-A0D9-E76D7C95DD90}.Release|ARM.Deploy.0 = Release|Any CPU
		{100C131E-A6F5-4DD8-A0D9-E76D7C95DD90}.Release|iPhone.ActiveCfg = Release|Any CPU
		{100C131E-A6F5-4DD8-A0D9-E76D7C95DD90}.Release|iPhone.Build.0 = Release|Any CPU
		{100C131E-A6F5-4DD8-A0D9-E76D7C95DD90}.Release|iPhone.Deploy.0 = Release|Any CPU
		{100C131E-A6F5-4DD8-A0D9-E76D7C95DD90}.Release|iPhoneSimulator.ActiveCfg = Release|Any CPU
		{100C131E-A6F5-4DD8-A0D9-E76D7C95DD90}.Release|iPhoneSimulator.Build.0 = Release|Any CPU
		{100C131E-A6F5-4DD8-A0D9-E76D7C95DD90}.Release|iPhoneSimulator.Deploy.0 = Release|Any CPU
		{100C131E-A6F5-4DD8-A0D9-E76D7C95DD90}.Release|x64.ActiveCfg = Release|Any CPU
		{100C131E-A6F5-4DD8-A0D9-E76D7C95DD90}.Release|x64.Build.0 = Release|Any CPU
		{100C131E-A6F5-4DD8-A0D9-E76D7C95DD90}.Release|x64.Deploy.0 = Release|Any CPU
		{100C131E-A6F5-4DD8-A0D9-E76D7C95DD90}.Release|x86.ActiveCfg = Release|Any CPU
		{100C131E-A6F5-4DD8-A0D9-E76D7C95DD90}.Release|x86.Build.0 = Release|Any CPU
		{100C131E-A6F5-4DD8-A0D9-E76D7C95DD90}.Release|x86.Deploy.0 = Release|Any CPU
		{79E0C617-16D3-4780-BDB5-5DE4D5D66F19}.Ad-Hoc|Any CPU.ActiveCfg = Ad-Hoc|iPhone
		{79E0C617-16D3-4780-BDB5-5DE4D5D66F19}.Ad-Hoc|ARM.ActiveCfg = Ad-Hoc|iPhone
		{79E0C617-16D3-4780-BDB5-5DE4D5D66F19}.Ad-Hoc|iPhone.ActiveCfg = Ad-Hoc|iPhone
		{79E0C617-16D3-4780-BDB5-5DE4D5D66F19}.Ad-Hoc|iPhone.Build.0 = Ad-Hoc|iPhone
		{79E0C617-16D3-4780-BDB5-5DE4D5D66F19}.Ad-Hoc|iPhoneSimulator.ActiveCfg = Ad-Hoc|iPhoneSimulator
		{79E0C617-16D3-4780-BDB5-5DE4D5D66F19}.Ad-Hoc|iPhoneSimulator.Build.0 = Ad-Hoc|iPhoneSimulator
		{79E0C617-16D3-4780-BDB5-5DE4D5D66F19}.Ad-Hoc|x64.ActiveCfg = Ad-Hoc|iPhone
		{79E0C617-16D3-4780-BDB5-5DE4D5D66F19}.Ad-Hoc|x86.ActiveCfg = Ad-Hoc|iPhone
		{79E0C617-16D3-4780-BDB5-5DE4D5D66F19}.AppStore|Any CPU.ActiveCfg = AppStore|iPhone
		{79E0C617-16D3-4780-BDB5-5DE4D5D66F19}.AppStore|ARM.ActiveCfg = AppStore|iPhone
		{79E0C617-16D3-4780-BDB5-5DE4D5D66F19}.AppStore|iPhone.ActiveCfg = AppStore|iPhone
		{79E0C617-16D3-4780-BDB5-5DE4D5D66F19}.AppStore|iPhone.Build.0 = AppStore|iPhone
		{79E0C617-16D3-4780-BDB5-5DE4D5D66F19}.AppStore|iPhoneSimulator.ActiveCfg = AppStore|iPhoneSimulator
		{79E0C617-16D3-4780-BDB5-5DE4D5D66F19}.AppStore|iPhoneSimulator.Build.0 = AppStore|iPhoneSimulator
		{79E0C617-16D3-4780-BDB5-5DE4D5D66F19}.AppStore|x64.ActiveCfg = AppStore|iPhone
		{79E0C617-16D3-4780-BDB5-5DE4D5D66F19}.AppStore|x86.ActiveCfg = AppStore|iPhone
		{79E0C617-16D3-4780-BDB5-5DE4D5D66F19}.Debug|Any CPU.ActiveCfg = Debug|iPhone
		{79E0C617-16D3-4780-BDB5-5DE4D5D66F19}.Debug|ARM.ActiveCfg = Debug|iPhone
		{79E0C617-16D3-4780-BDB5-5DE4D5D66F19}.Debug|iPhone.ActiveCfg = Debug|iPhone
		{79E0C617-16D3-4780-BDB5-5DE4D5D66F19}.Debug|iPhone.Build.0 = Debug|iPhone
		{79E0C617-16D3-4780-BDB5-5DE4D5D66F19}.Debug|iPhoneSimulator.ActiveCfg = Debug|iPhoneSimulator
		{79E0C617-16D3-4780-BDB5-5DE4D5D66F19}.Debug|iPhoneSimulator.Build.0 = Debug|iPhoneSimulator
		{79E0C617-16D3-4780-BDB5-5DE4D5D66F19}.Debug|x64.ActiveCfg = Debug|iPhone
		{79E0C617-16D3-4780-BDB5-5DE4D5D66F19}.Debug|x86.ActiveCfg = Debug|iPhone
		{79E0C617-16D3-4780-BDB5-5DE4D5D66F19}.Release|Any CPU.ActiveCfg = Release|iPhone
		{79E0C617-16D3-4780-BDB5-5DE4D5D66F19}.Release|ARM.ActiveCfg = Release|iPhone
		{79E0C617-16D3-4780-BDB5-5DE4D5D66F19}.Release|iPhone.ActiveCfg = Release|iPhone
		{79E0C617-16D3-4780-BDB5-5DE4D5D66F19}.Release|iPhone.Build.0 = Release|iPhone
		{79E0C617-16D3-4780-BDB5-5DE4D5D66F19}.Release|iPhoneSimulator.ActiveCfg = Release|iPhoneSimulator
		{79E0C617-16D3-4780-BDB5-5DE4D5D66F19}.Release|iPhoneSimulator.Build.0 = Release|iPhoneSimulator
		{79E0C617-16D3-4780-BDB5-5DE4D5D66F19}.Release|x64.ActiveCfg = Release|iPhone
		{79E0C617-16D3-4780-BDB5-5DE4D5D66F19}.Release|x86.ActiveCfg = Release|iPhone
		{8AE33425-4A4B-468C-A4AA-93EAA4E3538A}.Ad-Hoc|Any CPU.ActiveCfg = Release|Any CPU
		{8AE33425-4A4B-468C-A4AA-93EAA4E3538A}.Ad-Hoc|Any CPU.Build.0 = Release|Any CPU
		{8AE33425-4A4B-468C-A4AA-93EAA4E3538A}.Ad-Hoc|Any CPU.Deploy.0 = Release|Any CPU
		{8AE33425-4A4B-468C-A4AA-93EAA4E3538A}.Ad-Hoc|ARM.ActiveCfg = Release|ARM
		{8AE33425-4A4B-468C-A4AA-93EAA4E3538A}.Ad-Hoc|ARM.Build.0 = Release|ARM
		{8AE33425-4A4B-468C-A4AA-93EAA4E3538A}.Ad-Hoc|ARM.Deploy.0 = Release|ARM
		{8AE33425-4A4B-468C-A4AA-93EAA4E3538A}.Ad-Hoc|iPhone.ActiveCfg = Release|Any CPU
		{8AE33425-4A4B-468C-A4AA-93EAA4E3538A}.Ad-Hoc|iPhone.Build.0 = Release|Any CPU
		{8AE33425-4A4B-468C-A4AA-93EAA4E3538A}.Ad-Hoc|iPhone.Deploy.0 = Release|Any CPU
		{8AE33425-4A4B-468C-A4AA-93EAA4E3538A}.Ad-Hoc|iPhoneSimulator.ActiveCfg = Release|Any CPU
		{8AE33425-4A4B-468C-A4AA-93EAA4E3538A}.Ad-Hoc|iPhoneSimulator.Build.0 = Release|Any CPU
		{8AE33425-4A4B-468C-A4AA-93EAA4E3538A}.Ad-Hoc|iPhoneSimulator.Deploy.0 = Release|Any CPU
		{8AE33425-4A4B-468C-A4AA-93EAA4E3538A}.Ad-Hoc|x64.ActiveCfg = Release|Any CPU
		{8AE33425-4A4B-468C-A4AA-93EAA4E3538A}.Ad-Hoc|x64.Build.0 = Release|Any CPU
		{8AE33425-4A4B-468C-A4AA-93EAA4E3538A}.Ad-Hoc|x64.Deploy.0 = Release|Any CPU
		{8AE33425-4A4B-468C-A4AA-93EAA4E3538A}.Ad-Hoc|x86.ActiveCfg = Release|x86
		{8AE33425-4A4B-468C-A4AA-93EAA4E3538A}.Ad-Hoc|x86.Build.0 = Release|x86
		{8AE33425-4A4B-468C-A4AA-93EAA4E3538A}.Ad-Hoc|x86.Deploy.0 = Release|x86
		{8AE33425-4A4B-468C-A4AA-93EAA4E3538A}.AppStore|Any CPU.ActiveCfg = Release|Any CPU
		{8AE33425-4A4B-468C-A4AA-93EAA4E3538A}.AppStore|Any CPU.Build.0 = Release|Any CPU
		{8AE33425-4A4B-468C-A4AA-93EAA4E3538A}.AppStore|Any CPU.Deploy.0 = Release|Any CPU
		{8AE33425-4A4B-468C-A4AA-93EAA4E3538A}.AppStore|ARM.ActiveCfg = Release|ARM
		{8AE33425-4A4B-468C-A4AA-93EAA4E3538A}.AppStore|ARM.Build.0 = Release|ARM
		{8AE33425-4A4B-468C-A4AA-93EAA4E3538A}.AppStore|ARM.Deploy.0 = Release|ARM
		{8AE33425-4A4B-468C-A4AA-93EAA4E3538A}.AppStore|iPhone.ActiveCfg = Release|Any CPU
		{8AE33425-4A4B-468C-A4AA-93EAA4E3538A}.AppStore|iPhone.Build.0 = Release|Any CPU
		{8AE33425-4A4B-468C-A4AA-93EAA4E3538A}.AppStore|iPhone.Deploy.0 = Release|Any CPU
		{8AE33425-4A4B-468C-A4AA-93EAA4E3538A}.AppStore|iPhoneSimulator.ActiveCfg = Release|Any CPU
		{8AE33425-4A4B-468C-A4AA-93EAA4E3538A}.AppStore|iPhoneSimulator.Build.0 = Release|Any CPU
		{8AE33425-4A4B-468C-A4AA-93EAA4E3538A}.AppStore|iPhoneSimulator.Deploy.0 = Release|Any CPU
		{8AE33425-4A4B-468C-A4AA-93EAA4E3538A}.AppStore|x64.ActiveCfg = Release|Any CPU
		{8AE33425-4A4B-468C-A4AA-93EAA4E3538A}.AppStore|x64.Build.0 = Release|Any CPU
		{8AE33425-4A4B-468C-A4AA-93EAA4E3538A}.AppStore|x64.Deploy.0 = Release|Any CPU
		{8AE33425-4A4B-468C-A4AA-93EAA4E3538A}.AppStore|x86.ActiveCfg = Release|x86
		{8AE33425-4A4B-468C-A4AA-93EAA4E3538A}.AppStore|x86.Build.0 = Release|x86
		{8AE33425-4A4B-468C-A4AA-93EAA4E3538A}.AppStore|x86.Deploy.0 = Release|x86
		{8AE33425-4A4B-468C-A4AA-93EAA4E3538A}.Debug|Any CPU.ActiveCfg = Debug|Any CPU
		{8AE33425-4A4B-468C-A4AA-93EAA4E3538A}.Debug|Any CPU.Build.0 = Debug|Any CPU
		{8AE33425-4A4B-468C-A4AA-93EAA4E3538A}.Debug|Any CPU.Deploy.0 = Debug|Any CPU
		{8AE33425-4A4B-468C-A4AA-93EAA4E3538A}.Debug|ARM.ActiveCfg = Debug|ARM
		{8AE33425-4A4B-468C-A4AA-93EAA4E3538A}.Debug|ARM.Build.0 = Debug|ARM
		{8AE33425-4A4B-468C-A4AA-93EAA4E3538A}.Debug|ARM.Deploy.0 = Debug|ARM
		{8AE33425-4A4B-468C-A4AA-93EAA4E3538A}.Debug|iPhone.ActiveCfg = Debug|Any CPU
		{8AE33425-4A4B-468C-A4AA-93EAA4E3538A}.Debug|iPhone.Build.0 = Debug|Any CPU
		{8AE33425-4A4B-468C-A4AA-93EAA4E3538A}.Debug|iPhone.Deploy.0 = Debug|Any CPU
		{8AE33425-4A4B-468C-A4AA-93EAA4E3538A}.Debug|iPhoneSimulator.ActiveCfg = Debug|Any CPU
		{8AE33425-4A4B-468C-A4AA-93EAA4E3538A}.Debug|iPhoneSimulator.Build.0 = Debug|Any CPU
		{8AE33425-4A4B-468C-A4AA-93EAA4E3538A}.Debug|iPhoneSimulator.Deploy.0 = Debug|Any CPU
		{8AE33425-4A4B-468C-A4AA-93EAA4E3538A}.Debug|x64.ActiveCfg = Debug|Any CPU
		{8AE33425-4A4B-468C-A4AA-93EAA4E3538A}.Debug|x64.Build.0 = Debug|Any CPU
		{8AE33425-4A4B-468C-A4AA-93EAA4E3538A}.Debug|x64.Deploy.0 = Debug|Any CPU
		{8AE33425-4A4B-468C-A4AA-93EAA4E3538A}.Debug|x86.ActiveCfg = Debug|x86
		{8AE33425-4A4B-468C-A4AA-93EAA4E3538A}.Debug|x86.Build.0 = Debug|x86
		{8AE33425-4A4B-468C-A4AA-93EAA4E3538A}.Debug|x86.Deploy.0 = Debug|x86
		{8AE33425-4A4B-468C-A4AA-93EAA4E3538A}.Release|Any CPU.ActiveCfg = Release|Any CPU
		{8AE33425-4A4B-468C-A4AA-93EAA4E3538A}.Release|Any CPU.Build.0 = Release|Any CPU
		{8AE33425-4A4B-468C-A4AA-93EAA4E3538A}.Release|Any CPU.Deploy.0 = Release|Any CPU
		{8AE33425-4A4B-468C-A4AA-93EAA4E3538A}.Release|ARM.ActiveCfg = Release|ARM
		{8AE33425-4A4B-468C-A4AA-93EAA4E3538A}.Release|ARM.Build.0 = Release|ARM
		{8AE33425-4A4B-468C-A4AA-93EAA4E3538A}.Release|ARM.Deploy.0 = Release|ARM
		{8AE33425-4A4B-468C-A4AA-93EAA4E3538A}.Release|iPhone.ActiveCfg = Release|Any CPU
		{8AE33425-4A4B-468C-A4AA-93EAA4E3538A}.Release|iPhone.Build.0 = Release|Any CPU
		{8AE33425-4A4B-468C-A4AA-93EAA4E3538A}.Release|iPhone.Deploy.0 = Release|Any CPU
		{8AE33425-4A4B-468C-A4AA-93EAA4E3538A}.Release|iPhoneSimulator.ActiveCfg = Release|Any CPU
		{8AE33425-4A4B-468C-A4AA-93EAA4E3538A}.Release|iPhoneSimulator.Build.0 = Release|Any CPU
		{8AE33425-4A4B-468C-A4AA-93EAA4E3538A}.Release|iPhoneSimulator.Deploy.0 = Release|Any CPU
		{8AE33425-4A4B-468C-A4AA-93EAA4E3538A}.Release|x64.ActiveCfg = Release|Any CPU
		{8AE33425-4A4B-468C-A4AA-93EAA4E3538A}.Release|x64.Build.0 = Release|Any CPU
		{8AE33425-4A4B-468C-A4AA-93EAA4E3538A}.Release|x64.Deploy.0 = Release|Any CPU
		{8AE33425-4A4B-468C-A4AA-93EAA4E3538A}.Release|x86.ActiveCfg = Release|x86
		{8AE33425-4A4B-468C-A4AA-93EAA4E3538A}.Release|x86.Build.0 = Release|x86
		{8AE33425-4A4B-468C-A4AA-93EAA4E3538A}.Release|x86.Deploy.0 = Release|x86
		{0D6273D7-6343-4505-A39D-091936283B14}.Ad-Hoc|Any CPU.ActiveCfg = Release|Any CPU
		{0D6273D7-6343-4505-A39D-091936283B14}.Ad-Hoc|Any CPU.Build.0 = Release|Any CPU
		{0D6273D7-6343-4505-A39D-091936283B14}.Ad-Hoc|Any CPU.Deploy.0 = Release|Any CPU
		{0D6273D7-6343-4505-A39D-091936283B14}.Ad-Hoc|ARM.ActiveCfg = Release|ARM
		{0D6273D7-6343-4505-A39D-091936283B14}.Ad-Hoc|ARM.Build.0 = Release|ARM
		{0D6273D7-6343-4505-A39D-091936283B14}.Ad-Hoc|ARM.Deploy.0 = Release|ARM
		{0D6273D7-6343-4505-A39D-091936283B14}.Ad-Hoc|iPhone.ActiveCfg = Release|Any CPU
		{0D6273D7-6343-4505-A39D-091936283B14}.Ad-Hoc|iPhone.Build.0 = Release|Any CPU
		{0D6273D7-6343-4505-A39D-091936283B14}.Ad-Hoc|iPhone.Deploy.0 = Release|Any CPU
		{0D6273D7-6343-4505-A39D-091936283B14}.Ad-Hoc|iPhoneSimulator.ActiveCfg = Release|Any CPU
		{0D6273D7-6343-4505-A39D-091936283B14}.Ad-Hoc|iPhoneSimulator.Build.0 = Release|Any CPU
		{0D6273D7-6343-4505-A39D-091936283B14}.Ad-Hoc|iPhoneSimulator.Deploy.0 = Release|Any CPU
		{0D6273D7-6343-4505-A39D-091936283B14}.Ad-Hoc|x64.ActiveCfg = Release|x64
		{0D6273D7-6343-4505-A39D-091936283B14}.Ad-Hoc|x64.Build.0 = Release|x64
		{0D6273D7-6343-4505-A39D-091936283B14}.Ad-Hoc|x64.Deploy.0 = Release|x64
		{0D6273D7-6343-4505-A39D-091936283B14}.Ad-Hoc|x86.ActiveCfg = Release|x86
		{0D6273D7-6343-4505-A39D-091936283B14}.Ad-Hoc|x86.Build.0 = Release|x86
		{0D6273D7-6343-4505-A39D-091936283B14}.Ad-Hoc|x86.Deploy.0 = Release|x86
		{0D6273D7-6343-4505-A39D-091936283B14}.AppStore|Any CPU.ActiveCfg = Release|Any CPU
		{0D6273D7-6343-4505-A39D-091936283B14}.AppStore|Any CPU.Build.0 = Release|Any CPU
		{0D6273D7-6343-4505-A39D-091936283B14}.AppStore|Any CPU.Deploy.0 = Release|Any CPU
		{0D6273D7-6343-4505-A39D-091936283B14}.AppStore|ARM.ActiveCfg = Release|ARM
		{0D6273D7-6343-4505-A39D-091936283B14}.AppStore|ARM.Build.0 = Release|ARM
		{0D6273D7-6343-4505-A39D-091936283B14}.AppStore|ARM.Deploy.0 = Release|ARM
		{0D6273D7-6343-4505-A39D-091936283B14}.AppStore|iPhone.ActiveCfg = Release|Any CPU
		{0D6273D7-6343-4505-A39D-091936283B14}.AppStore|iPhone.Build.0 = Release|Any CPU
		{0D6273D7-6343-4505-A39D-091936283B14}.AppStore|iPhone.Deploy.0 = Release|Any CPU
		{0D6273D7-6343-4505-A39D-091936283B14}.AppStore|iPhoneSimulator.ActiveCfg = Release|Any CPU
		{0D6273D7-6343-4505-A39D-091936283B14}.AppStore|iPhoneSimulator.Build.0 = Release|Any CPU
		{0D6273D7-6343-4505-A39D-091936283B14}.AppStore|iPhoneSimulator.Deploy.0 = Release|Any CPU
		{0D6273D7-6343-4505-A39D-091936283B14}.AppStore|x64.ActiveCfg = Release|x64
		{0D6273D7-6343-4505-A39D-091936283B14}.AppStore|x64.Build.0 = Release|x64
		{0D6273D7-6343-4505-A39D-091936283B14}.AppStore|x64.Deploy.0 = Release|x64
		{0D6273D7-6343-4505-A39D-091936283B14}.AppStore|x86.ActiveCfg = Release|x86
		{0D6273D7-6343-4505-A39D-091936283B14}.AppStore|x86.Build.0 = Release|x86
		{0D6273D7-6343-4505-A39D-091936283B14}.AppStore|x86.Deploy.0 = Release|x86
		{0D6273D7-6343-4505-A39D-091936283B14}.Debug|Any CPU.ActiveCfg = Debug|Any CPU
		{0D6273D7-6343-4505-A39D-091936283B14}.Debug|Any CPU.Build.0 = Debug|Any CPU
		{0D6273D7-6343-4505-A39D-091936283B14}.Debug|Any CPU.Deploy.0 = Debug|Any CPU
		{0D6273D7-6343-4505-A39D-091936283B14}.Debug|ARM.ActiveCfg = Debug|ARM
		{0D6273D7-6343-4505-A39D-091936283B14}.Debug|ARM.Build.0 = Debug|ARM
		{0D6273D7-6343-4505-A39D-091936283B14}.Debug|ARM.Deploy.0 = Debug|ARM
		{0D6273D7-6343-4505-A39D-091936283B14}.Debug|iPhone.ActiveCfg = Debug|Any CPU
		{0D6273D7-6343-4505-A39D-091936283B14}.Debug|iPhone.Build.0 = Debug|Any CPU
		{0D6273D7-6343-4505-A39D-091936283B14}.Debug|iPhone.Deploy.0 = Debug|Any CPU
		{0D6273D7-6343-4505-A39D-091936283B14}.Debug|iPhoneSimulator.ActiveCfg = Debug|Any CPU
		{0D6273D7-6343-4505-A39D-091936283B14}.Debug|iPhoneSimulator.Build.0 = Debug|Any CPU
		{0D6273D7-6343-4505-A39D-091936283B14}.Debug|iPhoneSimulator.Deploy.0 = Debug|Any CPU
		{0D6273D7-6343-4505-A39D-091936283B14}.Debug|x64.ActiveCfg = Debug|x64
		{0D6273D7-6343-4505-A39D-091936283B14}.Debug|x64.Build.0 = Debug|x64
		{0D6273D7-6343-4505-A39D-091936283B14}.Debug|x64.Deploy.0 = Debug|x64
		{0D6273D7-6343-4505-A39D-091936283B14}.Debug|x86.ActiveCfg = Debug|x86
		{0D6273D7-6343-4505-A39D-091936283B14}.Debug|x86.Build.0 = Debug|x86
		{0D6273D7-6343-4505-A39D-091936283B14}.Debug|x86.Deploy.0 = Debug|x86
		{0D6273D7-6343-4505-A39D-091936283B14}.Release|Any CPU.ActiveCfg = Release|Any CPU
		{0D6273D7-6343-4505-A39D-091936283B14}.Release|Any CPU.Build.0 = Release|Any CPU
		{0D6273D7-6343-4505-A39D-091936283B14}.Release|Any CPU.Deploy.0 = Release|Any CPU
		{0D6273D7-6343-4505-A39D-091936283B14}.Release|ARM.ActiveCfg = Release|ARM
		{0D6273D7-6343-4505-A39D-091936283B14}.Release|ARM.Build.0 = Release|ARM
		{0D6273D7-6343-4505-A39D-091936283B14}.Release|ARM.Deploy.0 = Release|ARM
		{0D6273D7-6343-4505-A39D-091936283B14}.Release|iPhone.ActiveCfg = Release|Any CPU
		{0D6273D7-6343-4505-A39D-091936283B14}.Release|iPhone.Build.0 = Release|Any CPU
		{0D6273D7-6343-4505-A39D-091936283B14}.Release|iPhone.Deploy.0 = Release|Any CPU
		{0D6273D7-6343-4505-A39D-091936283B14}.Release|iPhoneSimulator.ActiveCfg = Release|Any CPU
		{0D6273D7-6343-4505-A39D-091936283B14}.Release|iPhoneSimulator.Build.0 = Release|Any CPU
		{0D6273D7-6343-4505-A39D-091936283B14}.Release|iPhoneSimulator.Deploy.0 = Release|Any CPU
		{0D6273D7-6343-4505-A39D-091936283B14}.Release|x64.ActiveCfg = Release|x64
		{0D6273D7-6343-4505-A39D-091936283B14}.Release|x64.Build.0 = Release|x64
		{0D6273D7-6343-4505-A39D-091936283B14}.Release|x64.Deploy.0 = Release|x64
		{0D6273D7-6343-4505-A39D-091936283B14}.Release|x86.ActiveCfg = Release|x86
		{0D6273D7-6343-4505-A39D-091936283B14}.Release|x86.Build.0 = Release|x86
		{0D6273D7-6343-4505-A39D-091936283B14}.Release|x86.Deploy.0 = Release|x86
	EndGlobalSection
	GlobalSection(SolutionProperties) = preSolution
		HideSolutionNode = FALSE
	EndGlobalSection
EndGlobal
