
Microsoft Visual Studio Solution File, Format Version 12.00
# Visual Studio 15
VisualStudioVersion = 15.0.26430.16
MinimumVisualStudioVersion = 10.0.40219.1
Project("{FAE04EC0-301F-11D3-BF4B-00C04F79EFBC}") = "Speedo.Android", "Speedo\Speedo.Android\Speedo.Android.csproj", "{0B99974E-9055-4D05-BEF6-B54F871214AD}"
EndProject
Project("{FAE04EC0-301F-11D3-BF4B-00C04F79EFBC}") = "Speedo", "Speedo\Speedo\Speedo.csproj", "{3CB412D7-3038-4F5E-9764-983AEE28989D}"
EndProject
Project("{FAE04EC0-301F-11D3-BF4B-00C04F79EFBC}") = "Speedo.UWP", "Speedo\Speedo.UWP\Speedo.UWP.csproj", "{79912C44-9046-49F7-A5C3-48DDE2612967}"
EndProject
Project("{FAE04EC0-301F-11D3-BF4B-00C04F79EFBC}") = "Speedo.iOS", "Speedo\Speedo.iOS\Speedo.iOS.csproj", "{04C06E53-A907-425B-9917-30EFA9D2BFC5}"
EndProject
Global
	GlobalSection(SolutionConfigurationPlatforms) = preSolution
		Ad-Hoc|Any CPU = Ad-Hoc|Any CPU
		Ad-Hoc|ARM = Ad-Hoc|ARM
		Ad-Hoc|iPhone = Ad-Hoc|iPhone
		Ad-Hoc|iPhoneSimulator = Ad-Hoc|iPhoneSimulator
		Ad-Hoc|x64 = Ad-Hoc|x64
		Ad-Hoc|x86 = Ad-Hoc|x86
		AppStore|Any CPU = AppStore|Any CPU
		AppStore|ARM = AppStore|ARM
		AppStore|iPhone = AppStore|iPhone
		AppStore|iPhoneSimulator = AppStore|iPhoneSimulator
		AppStore|x64 = AppStore|x64
		AppStore|x86 = AppStore|x86
		Debug|Any CPU = Debug|Any CPU
		Debug|ARM = Debug|ARM
		Debug|iPhone = Debug|iPhone
		Debug|iPhoneSimulator = Debug|iPhoneSimulator
		Debug|x64 = Debug|x64
		Debug|x86 = Debug|x86
		Release|Any CPU = Release|Any CPU
		Release|ARM = Release|ARM
		Release|iPhone = Release|iPhone
		Release|iPhoneSimulator = Release|iPhoneSimulator
		Release|x64 = Release|x64
		Release|x86 = Release|x86
	EndGlobalSection
	GlobalSection(ProjectConfigurationPlatforms) = postSolution
		{0B99974E-9055-4D05-BEF6-B54F871214AD}.Ad-Hoc|Any CPU.ActiveCfg = Release|Any CPU
		{0B99974E-9055-4D05-BEF6-B54F871214AD}.Ad-Hoc|Any CPU.Build.0 = Release|Any CPU
		{0B99974E-9055-4D05-BEF6-B54F871214AD}.Ad-Hoc|Any CPU.Deploy.0 = Release|Any CPU
		{0B99974E-9055-4D05-BEF6-B54F871214AD}.Ad-Hoc|ARM.ActiveCfg = Release|Any CPU
		{0B99974E-9055-4D05-BEF6-B54F871214AD}.Ad-Hoc|ARM.Build.0 = Release|Any CPU
		{0B99974E-9055-4D05-BEF6-B54F871214AD}.Ad-Hoc|ARM.Deploy.0 = Release|Any CPU
		{0B99974E-9055-4D05-BEF6-B54F871214AD}.Ad-Hoc|iPhone.ActiveCfg = Release|Any CPU
		{0B99974E-9055-4D05-BEF6-B54F871214AD}.Ad-Hoc|iPhone.Build.0 = Release|Any CPU
		{0B99974E-9055-4D05-BEF6-B54F871214AD}.Ad-Hoc|iPhone.Deploy.0 = Release|Any CPU
		{0B99974E-9055-4D05-BEF6-B54F871214AD}.Ad-Hoc|iPhoneSimulator.ActiveCfg = Release|Any CPU
		{0B99974E-9055-4D05-BEF6-B54F871214AD}.Ad-Hoc|iPhoneSimulator.Build.0 = Release|Any CPU
		{0B99974E-9055-4D05-BEF6-B54F871214AD}.Ad-Hoc|iPhoneSimulator.Deploy.0 = Release|Any CPU
		{0B99974E-9055-4D05-BEF6-B54F871214AD}.Ad-Hoc|x64.ActiveCfg = Release|Any CPU
		{0B99974E-9055-4D05-BEF6-B54F871214AD}.Ad-Hoc|x64.Build.0 = Release|Any CPU
		{0B99974E-9055-4D05-BEF6-B54F871214AD}.Ad-Hoc|x64.Deploy.0 = Release|Any CPU
		{0B99974E-9055-4D05-BEF6-B54F871214AD}.Ad-Hoc|x86.ActiveCfg = Release|Any CPU
		{0B99974E-9055-4D05-BEF6-B54F871214AD}.Ad-Hoc|x86.Build.0 = Release|Any CPU
		{0B99974E-9055-4D05-BEF6-B54F871214AD}.Ad-Hoc|x86.Deploy.0 = Release|Any CPU
		{0B99974E-9055-4D05-BEF6-B54F871214AD}.AppStore|Any CPU.ActiveCfg = Release|Any CPU
		{0B99974E-9055-4D05-BEF6-B54F871214AD}.AppStore|Any CPU.Build.0 = Release|Any CPU
		{0B99974E-9055-4D05-BEF6-B54F871214AD}.AppStore|Any CPU.Deploy.0 = Release|Any CPU
		{0B99974E-9055-4D05-BEF6-B54F871214AD}.AppStore|ARM.ActiveCfg = Release|Any CPU
		{0B99974E-9055-4D05-BEF6-B54F871214AD}.AppStore|ARM.Build.0 = Release|Any CPU
		{0B99974E-9055-4D05-BEF6-B54F871214AD}.AppStore|ARM.Deploy.0 = Release|Any CPU
		{0B99974E-9055-4D05-BEF6-B54F871214AD}.AppStore|iPhone.ActiveCfg = Release|Any CPU
		{0B99974E-9055-4D05-BEF6-B54F871214AD}.AppStore|iPhone.Build.0 = Release|Any CPU
		{0B99974E-9055-4D05-BEF6-B54F871214AD}.AppStore|iPhone.Deploy.0 = Release|Any CPU
		{0B99974E-9055-4D05-BEF6-B54F871214AD}.AppStore|iPhoneSimulator.ActiveCfg = Release|Any CPU
		{0B99974E-9055-4D05-BEF6-B54F871214AD}.AppStore|iPhoneSimulator.Build.0 = Release|Any CPU
		{0B99974E-9055-4D05-BEF6-B54F871214AD}.AppStore|iPhoneSimulator.Deploy.0 = Release|Any CPU
		{0B99974E-9055-4D05-BEF6-B54F871214AD}.AppStore|x64.ActiveCfg = Release|Any CPU
		{0B99974E-9055-4D05-BEF6-B54F871214AD}.AppStore|x64.Build.0 = Release|Any CPU
		{0B99974E-9055-4D05-BEF6-B54F871214AD}.AppStore|x64.Deploy.0 = Release|Any CPU
		{0B99974E-9055-4D05-BEF6-B54F871214AD}.AppStore|x86.ActiveCfg = Release|Any CPU
		{0B99974E-9055-4D05-BEF6-B54F871214AD}.AppStore|x86.Build.0 = Release|Any CPU
		{0B99974E-9055-4D05-BEF6-B54F871214AD}.AppStore|x86.Deploy.0 = Release|Any CPU
		{0B99974E-9055-4D05-BEF6-B54F871214AD}.Debug|Any CPU.ActiveCfg = Debug|Any CPU
		{0B99974E-9055-4D05-BEF6-B54F871214AD}.Debug|Any CPU.Build.0 = Debug|Any CPU
		{0B99974E-9055-4D05-BEF6-B54F871214AD}.Debug|Any CPU.Deploy.0 = Debug|Any CPU
		{0B99974E-9055-4D05-BEF6-B54F871214AD}.Debug|ARM.ActiveCfg = Debug|Any CPU
		{0B99974E-9055-4D05-BEF6-B54F871214AD}.Debug|ARM.Build.0 = Debug|Any CPU
		{0B99974E-9055-4D05-BEF6-B54F871214AD}.Debug|ARM.Deploy.0 = Debug|Any CPU
		{0B99974E-9055-4D05-BEF6-B54F871214AD}.Debug|iPhone.ActiveCfg = Debug|Any CPU
		{0B99974E-9055-4D05-BEF6-B54F871214AD}.Debug|iPhone.Build.0 = Debug|Any CPU
		{0B99974E-9055-4D05-BEF6-B54F871214AD}.Debug|iPhone.Deploy.0 = Debug|Any CPU
		{0B99974E-9055-4D05-BEF6-B54F871214AD}.Debug|iPhoneSimulator.ActiveCfg = Debug|Any CPU
		{0B99974E-9055-4D05-BEF6-B54F871214AD}.Debug|iPhoneSimulator.Build.0 = Debug|Any CPU
		{0B99974E-9055-4D05-BEF6-B54F871214AD}.Debug|iPhoneSimulator.Deploy.0 = Debug|Any CPU
		{0B99974E-9055-4D05-BEF6-B54F871214AD}.Debug|x64.ActiveCfg = Debug|Any CPU
		{0B99974E-9055-4D05-BEF6-B54F871214AD}.Debug|x64.Build.0 = Debug|Any CPU
		{0B99974E-9055-4D05-BEF6-B54F871214AD}.Debug|x64.Deploy.0 = Debug|Any CPU
		{0B99974E-9055-4D05-BEF6-B54F871214AD}.Debug|x86.ActiveCfg = Debug|Any CPU
		{0B99974E-9055-4D05-BEF6-B54F871214AD}.Debug|x86.Build.0 = Debug|Any CPU
		{0B99974E-9055-4D05-BEF6-B54F871214AD}.Debug|x86.Deploy.0 = Debug|Any CPU
		{0B99974E-9055-4D05-BEF6-B54F871214AD}.Release|Any CPU.ActiveCfg = Release|Any CPU
		{0B99974E-9055-4D05-BEF6-B54F871214AD}.Release|Any CPU.Build.0 = Release|Any CPU
		{0B99974E-9055-4D05-BEF6-B54F871214AD}.Release|Any CPU.Deploy.0 = Release|Any CPU
		{0B99974E-9055-4D05-BEF6-B54F871214AD}.Release|ARM.ActiveCfg = Release|Any CPU
		{0B99974E-9055-4D05-BEF6-B54F871214AD}.Release|ARM.Build.0 = Release|Any CPU
		{0B99974E-9055-4D05-BEF6-B54F871214AD}.Release|ARM.Deploy.0 = Release|Any CPU
		{0B99974E-9055-4D05-BEF6-B54F871214AD}.Release|iPhone.ActiveCfg = Release|Any CPU
		{0B99974E-9055-4D05-BEF6-B54F871214AD}.Release|iPhone.Build.0 = Release|Any CPU
		{0B99974E-9055-4D05-BEF6-B54F871214AD}.Release|iPhone.Deploy.0 = Release|Any CPU
		{0B99974E-9055-4D05-BEF6-B54F871214AD}.Release|iPhoneSimulator.ActiveCfg = Release|Any CPU
		{0B99974E-9055-4D05-BEF6-B54F871214AD}.Release|iPhoneSimulator.Build.0 = Release|Any CPU
		{0B99974E-9055-4D05-BEF6-B54F871214AD}.Release|iPhoneSimulator.Deploy.0 = Release|Any CPU
		{0B99974E-9055-4D05-BEF6-B54F871214AD}.Release|x64.ActiveCfg = Release|Any CPU
		{0B99974E-9055-4D05-BEF6-B54F871214AD}.Release|x64.Build.0 = Release|Any CPU
		{0B99974E-9055-4D05-BEF6-B54F871214AD}.Release|x64.Deploy.0 = Release|Any CPU
		{0B99974E-9055-4D05-BEF6-B54F871214AD}.Release|x86.ActiveCfg = Release|Any CPU
		{0B99974E-9055-4D05-BEF6-B54F871214AD}.Release|x86.Build.0 = Release|Any CPU
		{0B99974E-9055-4D05-BEF6-B54F871214AD}.Release|x86.Deploy.0 = Release|Any CPU
		{3CB412D7-3038-4F5E-9764-983AEE28989D}.Ad-Hoc|Any CPU.ActiveCfg = Release|Any CPU
		{3CB412D7-3038-4F5E-9764-983AEE28989D}.Ad-Hoc|Any CPU.Build.0 = Release|Any CPU
		{3CB412D7-3038-4F5E-9764-983AEE28989D}.Ad-Hoc|ARM.ActiveCfg = Release|Any CPU
		{3CB412D7-3038-4F5E-9764-983AEE28989D}.Ad-Hoc|ARM.Build.0 = Release|Any CPU
		{3CB412D7-3038-4F5E-9764-983AEE28989D}.Ad-Hoc|iPhone.ActiveCfg = Release|Any CPU
		{3CB412D7-3038-4F5E-9764-983AEE28989D}.Ad-Hoc|iPhone.Build.0 = Release|Any CPU
		{3CB412D7-3038-4F5E-9764-983AEE28989D}.Ad-Hoc|iPhoneSimulator.ActiveCfg = Release|Any CPU
		{3CB412D7-3038-4F5E-9764-983AEE28989D}.Ad-Hoc|iPhoneSimulator.Build.0 = Release|Any CPU
		{3CB412D7-3038-4F5E-9764-983AEE28989D}.Ad-Hoc|x64.ActiveCfg = Release|Any CPU
		{3CB412D7-3038-4F5E-9764-983AEE28989D}.Ad-Hoc|x64.Build.0 = Release|Any CPU
		{3CB412D7-3038-4F5E-9764-983AEE28989D}.Ad-Hoc|x86.ActiveCfg = Release|Any CPU
		{3CB412D7-3038-4F5E-9764-983AEE28989D}.Ad-Hoc|x86.Build.0 = Release|Any CPU
		{3CB412D7-3038-4F5E-9764-983AEE28989D}.AppStore|Any CPU.ActiveCfg = Release|Any CPU
		{3CB412D7-3038-4F5E-9764-983AEE28989D}.AppStore|Any CPU.Build.0 = Release|Any CPU
		{3CB412D7-3038-4F5E-9764-983AEE28989D}.AppStore|ARM.ActiveCfg = Release|Any CPU
		{3CB412D7-3038-4F5E-9764-983AEE28989D}.AppStore|ARM.Build.0 = Release|Any CPU
		{3CB412D7-3038-4F5E-9764-983AEE28989D}.AppStore|iPhone.ActiveCfg = Release|Any CPU
		{3CB412D7-3038-4F5E-9764-983AEE28989D}.AppStore|iPhone.Build.0 = Release|Any CPU
		{3CB412D7-3038-4F5E-9764-983AEE28989D}.AppStore|iPhoneSimulator.ActiveCfg = Release|Any CPU
		{3CB412D7-3038-4F5E-9764-983AEE28989D}.AppStore|iPhoneSimulator.Build.0 = Release|Any CPU
		{3CB412D7-3038-4F5E-9764-983AEE28989D}.AppStore|x64.ActiveCfg = Release|Any CPU
		{3CB412D7-3038-4F5E-9764-983AEE28989D}.AppStore|x64.Build.0 = Release|Any CPU
		{3CB412D7-3038-4F5E-9764-983AEE28989D}.AppStore|x86.ActiveCfg = Release|Any CPU
		{3CB412D7-3038-4F5E-9764-983AEE28989D}.AppStore|x86.Build.0 = Release|Any CPU
		{3CB412D7-3038-4F5E-9764-983AEE28989D}.Debug|Any CPU.ActiveCfg = Debug|Any CPU
		{3CB412D7-3038-4F5E-9764-983AEE28989D}.Debug|Any CPU.Build.0 = Debug|Any CPU
		{3CB412D7-3038-4F5E-9764-983AEE28989D}.Debug|ARM.ActiveCfg = Debug|Any CPU
		{3CB412D7-3038-4F5E-9764-983AEE28989D}.Debug|ARM.Build.0 = Debug|Any CPU
		{3CB412D7-3038-4F5E-9764-983AEE28989D}.Debug|iPhone.ActiveCfg = Debug|Any CPU
		{3CB412D7-3038-4F5E-9764-983AEE28989D}.Debug|iPhone.Build.0 = Debug|Any CPU
		{3CB412D7-3038-4F5E-9764-983AEE28989D}.Debug|iPhoneSimulator.ActiveCfg = Debug|Any CPU
		{3CB412D7-3038-4F5E-9764-983AEE28989D}.Debug|iPhoneSimulator.Build.0 = Debug|Any CPU
		{3CB412D7-3038-4F5E-9764-983AEE28989D}.Debug|x64.ActiveCfg = Debug|Any CPU
		{3CB412D7-3038-4F5E-9764-983AEE28989D}.Debug|x64.Build.0 = Debug|Any CPU
		{3CB412D7-3038-4F5E-9764-983AEE28989D}.Debug|x86.ActiveCfg = Debug|Any CPU
		{3CB412D7-3038-4F5E-9764-983AEE28989D}.Debug|x86.Build.0 = Debug|Any CPU
		{3CB412D7-3038-4F5E-9764-983AEE28989D}.Release|Any CPU.ActiveCfg = Release|Any CPU
		{3CB412D7-3038-4F5E-9764-983AEE28989D}.Release|Any CPU.Build.0 = Release|Any CPU
		{3CB412D7-3038-4F5E-9764-983AEE28989D}.Release|ARM.ActiveCfg = Release|Any CPU
		{3CB412D7-3038-4F5E-9764-983AEE28989D}.Release|ARM.Build.0 = Release|Any CPU
		{3CB412D7-3038-4F5E-9764-983AEE28989D}.Release|iPhone.ActiveCfg = Release|Any CPU
		{3CB412D7-3038-4F5E-9764-983AEE28989D}.Release|iPhone.Build.0 = Release|Any CPU
		{3CB412D7-3038-4F5E-9764-983AEE28989D}.Release|iPhoneSimulator.ActiveCfg = Release|Any CPU
		{3CB412D7-3038-4F5E-9764-983AEE28989D}.Release|iPhoneSimulator.Build.0 = Release|Any CPU
		{3CB412D7-3038-4F5E-9764-983AEE28989D}.Release|x64.ActiveCfg = Release|Any CPU
		{3CB412D7-3038-4F5E-9764-983AEE28989D}.Release|x64.Build.0 = Release|Any CPU
		{3CB412D7-3038-4F5E-9764-983AEE28989D}.Release|x86.ActiveCfg = Release|Any CPU
		{3CB412D7-3038-4F5E-9764-983AEE28989D}.Release|x86.Build.0 = Release|Any CPU
		{79912C44-9046-49F7-A5C3-48DDE2612967}.Ad-Hoc|Any CPU.ActiveCfg = Release|x86
		{79912C44-9046-49F7-A5C3-48DDE2612967}.Ad-Hoc|Any CPU.Build.0 = Release|x86
		{79912C44-9046-49F7-A5C3-48DDE2612967}.Ad-Hoc|Any CPU.Deploy.0 = Release|x86
		{79912C44-9046-49F7-A5C3-48DDE2612967}.Ad-Hoc|ARM.ActiveCfg = Release|ARM
		{79912C44-9046-49F7-A5C3-48DDE2612967}.Ad-Hoc|ARM.Build.0 = Release|ARM
		{79912C44-9046-49F7-A5C3-48DDE2612967}.Ad-Hoc|ARM.Deploy.0 = Release|ARM
		{79912C44-9046-49F7-A5C3-48DDE2612967}.Ad-Hoc|iPhone.ActiveCfg = Release|x86
		{79912C44-9046-49F7-A5C3-48DDE2612967}.Ad-Hoc|iPhone.Build.0 = Release|x86
		{79912C44-9046-49F7-A5C3-48DDE2612967}.Ad-Hoc|iPhone.Deploy.0 = Release|x86
		{79912C44-9046-49F7-A5C3-48DDE2612967}.Ad-Hoc|iPhoneSimulator.ActiveCfg = Release|x86
		{79912C44-9046-49F7-A5C3-48DDE2612967}.Ad-Hoc|iPhoneSimulator.Build.0 = Release|x86
		{79912C44-9046-49F7-A5C3-48DDE2612967}.Ad-Hoc|iPhoneSimulator.Deploy.0 = Release|x86
		{79912C44-9046-49F7-A5C3-48DDE2612967}.Ad-Hoc|x64.ActiveCfg = Release|x64
		{79912C44-9046-49F7-A5C3-48DDE2612967}.Ad-Hoc|x64.Build.0 = Release|x64
		{79912C44-9046-49F7-A5C3-48DDE2612967}.Ad-Hoc|x64.Deploy.0 = Release|x64
		{79912C44-9046-49F7-A5C3-48DDE2612967}.Ad-Hoc|x86.ActiveCfg = Release|x86
		{79912C44-9046-49F7-A5C3-48DDE2612967}.Ad-Hoc|x86.Build.0 = Release|x86
		{79912C44-9046-49F7-A5C3-48DDE2612967}.Ad-Hoc|x86.Deploy.0 = Release|x86
		{79912C44-9046-49F7-A5C3-48DDE2612967}.AppStore|Any CPU.ActiveCfg = Release|x86
		{79912C44-9046-49F7-A5C3-48DDE2612967}.AppStore|Any CPU.Build.0 = Release|x86
		{79912C44-9046-49F7-A5C3-48DDE2612967}.AppStore|Any CPU.Deploy.0 = Release|x86
		{79912C44-9046-49F7-A5C3-48DDE2612967}.AppStore|ARM.ActiveCfg = Release|ARM
		{79912C44-9046-49F7-A5C3-48DDE2612967}.AppStore|ARM.Build.0 = Release|ARM
		{79912C44-9046-49F7-A5C3-48DDE2612967}.AppStore|ARM.Deploy.0 = Release|ARM
		{79912C44-9046-49F7-A5C3-48DDE2612967}.AppStore|iPhone.ActiveCfg = Release|x86
		{79912C44-9046-49F7-A5C3-48DDE2612967}.AppStore|iPhone.Build.0 = Release|x86
		{79912C44-9046-49F7-A5C3-48DDE2612967}.AppStore|iPhone.Deploy.0 = Release|x86
		{79912C44-9046-49F7-A5C3-48DDE2612967}.AppStore|iPhoneSimulator.ActiveCfg = Release|x86
		{79912C44-9046-49F7-A5C3-48DDE2612967}.AppStore|iPhoneSimulator.Build.0 = Release|x86
		{79912C44-9046-49F7-A5C3-48DDE2612967}.AppStore|iPhoneSimulator.Deploy.0 = Release|x86
		{79912C44-9046-49F7-A5C3-48DDE2612967}.AppStore|x64.ActiveCfg = Release|x64
		{79912C44-9046-49F7-A5C3-48DDE2612967}.AppStore|x64.Build.0 = Release|x64
		{79912C44-9046-49F7-A5C3-48DDE2612967}.AppStore|x64.Deploy.0 = Release|x64
		{79912C44-9046-49F7-A5C3-48DDE2612967}.AppStore|x86.ActiveCfg = Release|x86
		{79912C44-9046-49F7-A5C3-48DDE2612967}.AppStore|x86.Build.0 = Release|x86
		{79912C44-9046-49F7-A5C3-48DDE2612967}.AppStore|x86.Deploy.0 = Release|x86
		{79912C44-9046-49F7-A5C3-48DDE2612967}.Debug|Any CPU.ActiveCfg = Debug|x86
		{79912C44-9046-49F7-A5C3-48DDE2612967}.Debug|ARM.ActiveCfg = Debug|ARM
		{79912C44-9046-49F7-A5C3-48DDE2612967}.Debug|ARM.Build.0 = Debug|ARM
		{79912C44-9046-49F7-A5C3-48DDE2612967}.Debug|ARM.Deploy.0 = Debug|ARM
		{79912C44-9046-49F7-A5C3-48DDE2612967}.Debug|iPhone.ActiveCfg = Debug|x86
		{79912C44-9046-49F7-A5C3-48DDE2612967}.Debug|iPhoneSimulator.ActiveCfg = Debug|x86
		{79912C44-9046-49F7-A5C3-48DDE2612967}.Debug|x64.ActiveCfg = Debug|x64
		{79912C44-9046-49F7-A5C3-48DDE2612967}.Debug|x64.Build.0 = Debug|x64
		{79912C44-9046-49F7-A5C3-48DDE2612967}.Debug|x64.Deploy.0 = Debug|x64
		{79912C44-9046-49F7-A5C3-48DDE2612967}.Debug|x86.ActiveCfg = Debug|x86
		{79912C44-9046-49F7-A5C3-48DDE2612967}.Debug|x86.Build.0 = Debug|x86
		{79912C44-9046-49F7-A5C3-48DDE2612967}.Debug|x86.Deploy.0 = Debug|x86
		{79912C44-9046-49F7-A5C3-48DDE2612967}.Release|Any CPU.ActiveCfg = Release|x86
		{79912C44-9046-49F7-A5C3-48DDE2612967}.Release|ARM.ActiveCfg = Release|ARM
		{79912C44-9046-49F7-A5C3-48DDE2612967}.Release|ARM.Build.0 = Release|ARM
		{79912C44-9046-49F7-A5C3-48DDE2612967}.Release|ARM.Deploy.0 = Release|ARM
		{79912C44-9046-49F7-A5C3-48DDE2612967}.Release|iPhone.ActiveCfg = Release|x86
		{79912C44-9046-49F7-A5C3-48DDE2612967}.Release|iPhoneSimulator.ActiveCfg = Release|x86
		{79912C44-9046-49F7-A5C3-48DDE2612967}.Release|x64.ActiveCfg = Release|x64
		{79912C44-9046-49F7-A5C3-48DDE2612967}.Release|x64.Build.0 = Release|x64
		{79912C44-9046-49F7-A5C3-48DDE2612967}.Release|x64.Deploy.0 = Release|x64
		{79912C44-9046-49F7-A5C3-48DDE2612967}.Release|x86.ActiveCfg = Release|x86
		{79912C44-9046-49F7-A5C3-48DDE2612967}.Release|x86.Build.0 = Release|x86
		{79912C44-9046-49F7-A5C3-48DDE2612967}.Release|x86.Deploy.0 = Release|x86
		{04C06E53-A907-425B-9917-30EFA9D2BFC5}.Ad-Hoc|Any CPU.ActiveCfg = Ad-Hoc|iPhone
		{04C06E53-A907-425B-9917-30EFA9D2BFC5}.Ad-Hoc|ARM.ActiveCfg = Ad-Hoc|iPhone
		{04C06E53-A907-425B-9917-30EFA9D2BFC5}.Ad-Hoc|iPhone.ActiveCfg = Ad-Hoc|iPhone
		{04C06E53-A907-425B-9917-30EFA9D2BFC5}.Ad-Hoc|iPhone.Build.0 = Ad-Hoc|iPhone
		{04C06E53-A907-425B-9917-30EFA9D2BFC5}.Ad-Hoc|iPhoneSimulator.ActiveCfg = Ad-Hoc|iPhoneSimulator
		{04C06E53-A907-425B-9917-30EFA9D2BFC5}.Ad-Hoc|iPhoneSimulator.Build.0 = Ad-Hoc|iPhoneSimulator
		{04C06E53-A907-425B-9917-30EFA9D2BFC5}.Ad-Hoc|x64.ActiveCfg = Ad-Hoc|iPhone
		{04C06E53-A907-425B-9917-30EFA9D2BFC5}.Ad-Hoc|x86.ActiveCfg = Ad-Hoc|iPhone
		{04C06E53-A907-425B-9917-30EFA9D2BFC5}.AppStore|Any CPU.ActiveCfg = AppStore|iPhone
		{04C06E53-A907-425B-9917-30EFA9D2BFC5}.AppStore|ARM.ActiveCfg = AppStore|iPhone
		{04C06E53-A907-425B-9917-30EFA9D2BFC5}.AppStore|iPhone.ActiveCfg = AppStore|iPhone
		{04C06E53-A907-425B-9917-30EFA9D2BFC5}.AppStore|iPhone.Build.0 = AppStore|iPhone
		{04C06E53-A907-425B-9917-30EFA9D2BFC5}.AppStore|iPhoneSimulator.ActiveCfg = AppStore|iPhoneSimulator
		{04C06E53-A907-425B-9917-30EFA9D2BFC5}.AppStore|iPhoneSimulator.Build.0 = AppStore|iPhoneSimulator
		{04C06E53-A907-425B-9917-30EFA9D2BFC5}.AppStore|x64.ActiveCfg = AppStore|iPhone
		{04C06E53-A907-425B-9917-30EFA9D2BFC5}.AppStore|x86.ActiveCfg = AppStore|iPhone
		{04C06E53-A907-425B-9917-30EFA9D2BFC5}.Debug|Any CPU.ActiveCfg = Debug|iPhone
		{04C06E53-A907-425B-9917-30EFA9D2BFC5}.Debug|ARM.ActiveCfg = Debug|iPhone
		{04C06E53-A907-425B-9917-30EFA9D2BFC5}.Debug|iPhone.ActiveCfg = Debug|iPhone
		{04C06E53-A907-425B-9917-30EFA9D2BFC5}.Debug|iPhone.Build.0 = Debug|iPhone
		{04C06E53-A907-425B-9917-30EFA9D2BFC5}.Debug|iPhoneSimulator.ActiveCfg = Debug|iPhoneSimulator
		{04C06E53-A907-425B-9917-30EFA9D2BFC5}.Debug|iPhoneSimulator.Build.0 = Debug|iPhoneSimulator
		{04C06E53-A907-425B-9917-30EFA9D2BFC5}.Debug|x64.ActiveCfg = Debug|iPhone
		{04C06E53-A907-425B-9917-30EFA9D2BFC5}.Debug|x86.ActiveCfg = Debug|iPhone
		{04C06E53-A907-425B-9917-30EFA9D2BFC5}.Release|Any CPU.ActiveCfg = Release|iPhone
		{04C06E53-A907-425B-9917-30EFA9D2BFC5}.Release|ARM.ActiveCfg = Release|iPhone
		{04C06E53-A907-425B-9917-30EFA9D2BFC5}.Release|iPhone.ActiveCfg = Release|iPhone
		{04C06E53-A907-425B-9917-30EFA9D2BFC5}.Release|iPhone.Build.0 = Release|iPhone
		{04C06E53-A907-425B-9917-30EFA9D2BFC5}.Release|iPhoneSimulator.ActiveCfg = Release|iPhoneSimulator
		{04C06E53-A907-425B-9917-30EFA9D2BFC5}.Release|iPhoneSimulator.Build.0 = Release|iPhoneSimulator
		{04C06E53-A907-425B-9917-30EFA9D2BFC5}.Release|x64.ActiveCfg = Release|iPhone
		{04C06E53-A907-425B-9917-30EFA9D2BFC5}.Release|x86.ActiveCfg = Release|iPhone
	EndGlobalSection
	GlobalSection(SolutionProperties) = preSolution
		HideSolutionNode = FALSE
	EndGlobalSection
EndGlobal
