
Microsoft Visual Studio Solution File, Format Version 12.00
# Visual Studio 15
VisualStudioVersion = 15.0.26228.0
MinimumVisualStudioVersion = 10.0.40219.1
Project("{FAE04EC0-301F-11D3-BF4B-00C04F79EFBC}") = "SkiaShapes.Android", "SkiaPong\SkiaPong.Android\SkiaShapes.Android.csproj", "{307748A7-3DBB-4807-A842-360026304E33}"
EndProject
Project("{FAE04EC0-301F-11D3-BF4B-00C04F79EFBC}") = "SkiaShapes", "SkiaPong\SkiaPong\SkiaShapes.csproj", "{F39CDB05-ECD5-44D3-8451-24FA20FC36B4}"
EndProject
Project("{FAE04EC0-301F-11D3-BF4B-00C04F79EFBC}") = "SkiaShapes.UWP", "SkiaPong\SkiaPong.UWP\SkiaShapes.UWP.csproj", "{A29D3F3B-5594-4552-9AC0-D669BEF79CC5}"
EndProject
Project("{FAE04EC0-301F-11D3-BF4B-00C04F79EFBC}") = "SkiaShapes.iOS", "SkiaPong\SkiaPong.iOS\SkiaShapes.iOS.csproj", "{EEC740BE-E3CC-43C7-A908-D07C48481CA3}"
EndProject
Global
	GlobalSection(SolutionConfigurationPlatforms) = preSolution
		Ad-Hoc|Any CPU = Ad-Hoc|Any CPU
		Ad-Hoc|ARM = Ad-Hoc|ARM
		Ad-Hoc|iPhone = Ad-Hoc|iPhone
		Ad-Hoc|iPhoneSimulator = Ad-Hoc|iPhoneSimulator
		Ad-Hoc|x64 = Ad-Hoc|x64
		Ad-Hoc|x86 = Ad-Hoc|x86
		AppStore|Any CPU = AppStore|Any CPU
		AppStore|ARM = AppStore|ARM
		AppStore|iPhone = AppStore|iPhone
		AppStore|iPhoneSimulator = AppStore|iPhoneSimulator
		AppStore|x64 = AppStore|x64
		AppStore|x86 = AppStore|x86
		Debug|Any CPU = Debug|Any CPU
		Debug|ARM = Debug|ARM
		Debug|iPhone = Debug|iPhone
		Debug|iPhoneSimulator = Debug|iPhoneSimulator
		Debug|x64 = Debug|x64
		Debug|x86 = Debug|x86
		Release|Any CPU = Release|Any CPU
		Release|ARM = Release|ARM
		Release|iPhone = Release|iPhone
		Release|iPhoneSimulator = Release|iPhoneSimulator
		Release|x64 = Release|x64
		Release|x86 = Release|x86
	EndGlobalSection
	GlobalSection(ProjectConfigurationPlatforms) = postSolution
		{307748A7-3DBB-4807-A842-360026304E33}.Ad-Hoc|Any CPU.ActiveCfg = Release|Any CPU
		{307748A7-3DBB-4807-A842-360026304E33}.Ad-Hoc|Any CPU.Build.0 = Release|Any CPU
		{307748A7-3DBB-4807-A842-360026304E33}.Ad-Hoc|Any CPU.Deploy.0 = Release|Any CPU
		{307748A7-3DBB-4807-A842-360026304E33}.Ad-Hoc|ARM.ActiveCfg = Release|Any CPU
		{307748A7-3DBB-4807-A842-360026304E33}.Ad-Hoc|ARM.Build.0 = Release|Any CPU
		{307748A7-3DBB-4807-A842-360026304E33}.Ad-Hoc|ARM.Deploy.0 = Release|Any CPU
		{307748A7-3DBB-4807-A842-360026304E33}.Ad-Hoc|iPhone.ActiveCfg = Release|Any CPU
		{307748A7-3DBB-4807-A842-360026304E33}.Ad-Hoc|iPhone.Build.0 = Release|Any CPU
		{307748A7-3DBB-4807-A842-360026304E33}.Ad-Hoc|iPhone.Deploy.0 = Release|Any CPU
		{307748A7-3DBB-4807-A842-360026304E33}.Ad-Hoc|iPhoneSimulator.ActiveCfg = Release|Any CPU
		{307748A7-3DBB-4807-A842-360026304E33}.Ad-Hoc|iPhoneSimulator.Build.0 = Release|Any CPU
		{307748A7-3DBB-4807-A842-360026304E33}.Ad-Hoc|iPhoneSimulator.Deploy.0 = Release|Any CPU
		{307748A7-3DBB-4807-A842-360026304E33}.Ad-Hoc|x64.ActiveCfg = Release|Any CPU
		{307748A7-3DBB-4807-A842-360026304E33}.Ad-Hoc|x64.Build.0 = Release|Any CPU
		{307748A7-3DBB-4807-A842-360026304E33}.Ad-Hoc|x64.Deploy.0 = Release|Any CPU
		{307748A7-3DBB-4807-A842-360026304E33}.Ad-Hoc|x86.ActiveCfg = Release|Any CPU
		{307748A7-3DBB-4807-A842-360026304E33}.Ad-Hoc|x86.Build.0 = Release|Any CPU
		{307748A7-3DBB-4807-A842-360026304E33}.Ad-Hoc|x86.Deploy.0 = Release|Any CPU
		{307748A7-3DBB-4807-A842-360026304E33}.AppStore|Any CPU.ActiveCfg = Release|Any CPU
		{307748A7-3DBB-4807-A842-360026304E33}.AppStore|Any CPU.Build.0 = Release|Any CPU
		{307748A7-3DBB-4807-A842-360026304E33}.AppStore|Any CPU.Deploy.0 = Release|Any CPU
		{307748A7-3DBB-4807-A842-360026304E33}.AppStore|ARM.ActiveCfg = Release|Any CPU
		{307748A7-3DBB-4807-A842-360026304E33}.AppStore|ARM.Build.0 = Release|Any CPU
		{307748A7-3DBB-4807-A842-360026304E33}.AppStore|ARM.Deploy.0 = Release|Any CPU
		{307748A7-3DBB-4807-A842-360026304E33}.AppStore|iPhone.ActiveCfg = Release|Any CPU
		{307748A7-3DBB-4807-A842-360026304E33}.AppStore|iPhone.Build.0 = Release|Any CPU
		{307748A7-3DBB-4807-A842-360026304E33}.AppStore|iPhone.Deploy.0 = Release|Any CPU
		{307748A7-3DBB-4807-A842-360026304E33}.AppStore|iPhoneSimulator.ActiveCfg = Release|Any CPU
		{307748A7-3DBB-4807-A842-360026304E33}.AppStore|iPhoneSimulator.Build.0 = Release|Any CPU
		{307748A7-3DBB-4807-A842-360026304E33}.AppStore|iPhoneSimulator.Deploy.0 = Release|Any CPU
		{307748A7-3DBB-4807-A842-360026304E33}.AppStore|x64.ActiveCfg = Release|Any CPU
		{307748A7-3DBB-4807-A842-360026304E33}.AppStore|x64.Build.0 = Release|Any CPU
		{307748A7-3DBB-4807-A842-360026304E33}.AppStore|x64.Deploy.0 = Release|Any CPU
		{307748A7-3DBB-4807-A842-360026304E33}.AppStore|x86.ActiveCfg = Release|Any CPU
		{307748A7-3DBB-4807-A842-360026304E33}.AppStore|x86.Build.0 = Release|Any CPU
		{307748A7-3DBB-4807-A842-360026304E33}.AppStore|x86.Deploy.0 = Release|Any CPU
		{307748A7-3DBB-4807-A842-360026304E33}.Debug|Any CPU.ActiveCfg = Debug|Any CPU
		{307748A7-3DBB-4807-A842-360026304E33}.Debug|Any CPU.Build.0 = Debug|Any CPU
		{307748A7-3DBB-4807-A842-360026304E33}.Debug|Any CPU.Deploy.0 = Debug|Any CPU
		{307748A7-3DBB-4807-A842-360026304E33}.Debug|ARM.ActiveCfg = Debug|Any CPU
		{307748A7-3DBB-4807-A842-360026304E33}.Debug|ARM.Build.0 = Debug|Any CPU
		{307748A7-3DBB-4807-A842-360026304E33}.Debug|ARM.Deploy.0 = Debug|Any CPU
		{307748A7-3DBB-4807-A842-360026304E33}.Debug|iPhone.ActiveCfg = Debug|Any CPU
		{307748A7-3DBB-4807-A842-360026304E33}.Debug|iPhone.Build.0 = Debug|Any CPU
		{307748A7-3DBB-4807-A842-360026304E33}.Debug|iPhone.Deploy.0 = Debug|Any CPU
		{307748A7-3DBB-4807-A842-360026304E33}.Debug|iPhoneSimulator.ActiveCfg = Debug|Any CPU
		{307748A7-3DBB-4807-A842-360026304E33}.Debug|iPhoneSimulator.Build.0 = Debug|Any CPU
		{307748A7-3DBB-4807-A842-360026304E33}.Debug|iPhoneSimulator.Deploy.0 = Debug|Any CPU
		{307748A7-3DBB-4807-A842-360026304E33}.Debug|x64.ActiveCfg = Debug|Any CPU
		{307748A7-3DBB-4807-A842-360026304E33}.Debug|x64.Build.0 = Debug|Any CPU
		{307748A7-3DBB-4807-A842-360026304E33}.Debug|x64.Deploy.0 = Debug|Any CPU
		{307748A7-3DBB-4807-A842-360026304E33}.Debug|x86.ActiveCfg = Debug|Any CPU
		{307748A7-3DBB-4807-A842-360026304E33}.Debug|x86.Build.0 = Debug|Any CPU
		{307748A7-3DBB-4807-A842-360026304E33}.Debug|x86.Deploy.0 = Debug|Any CPU
		{307748A7-3DBB-4807-A842-360026304E33}.Release|Any CPU.ActiveCfg = Release|Any CPU
		{307748A7-3DBB-4807-A842-360026304E33}.Release|Any CPU.Build.0 = Release|Any CPU
		{307748A7-3DBB-4807-A842-360026304E33}.Release|Any CPU.Deploy.0 = Release|Any CPU
		{307748A7-3DBB-4807-A842-360026304E33}.Release|ARM.ActiveCfg = Release|Any CPU
		{307748A7-3DBB-4807-A842-360026304E33}.Release|ARM.Build.0 = Release|Any CPU
		{307748A7-3DBB-4807-A842-360026304E33}.Release|ARM.Deploy.0 = Release|Any CPU
		{307748A7-3DBB-4807-A842-360026304E33}.Release|iPhone.ActiveCfg = Release|Any CPU
		{307748A7-3DBB-4807-A842-360026304E33}.Release|iPhone.Build.0 = Release|Any CPU
		{307748A7-3DBB-4807-A842-360026304E33}.Release|iPhone.Deploy.0 = Release|Any CPU
		{307748A7-3DBB-4807-A842-360026304E33}.Release|iPhoneSimulator.ActiveCfg = Release|Any CPU
		{307748A7-3DBB-4807-A842-360026304E33}.Release|iPhoneSimulator.Build.0 = Release|Any CPU
		{307748A7-3DBB-4807-A842-360026304E33}.Release|iPhoneSimulator.Deploy.0 = Release|Any CPU
		{307748A7-3DBB-4807-A842-360026304E33}.Release|x64.ActiveCfg = Release|Any CPU
		{307748A7-3DBB-4807-A842-360026304E33}.Release|x64.Build.0 = Release|Any CPU
		{307748A7-3DBB-4807-A842-360026304E33}.Release|x64.Deploy.0 = Release|Any CPU
		{307748A7-3DBB-4807-A842-360026304E33}.Release|x86.ActiveCfg = Release|Any CPU
		{307748A7-3DBB-4807-A842-360026304E33}.Release|x86.Build.0 = Release|Any CPU
		{307748A7-3DBB-4807-A842-360026304E33}.Release|x86.Deploy.0 = Release|Any CPU
		{F39CDB05-ECD5-44D3-8451-24FA20FC36B4}.Ad-Hoc|Any CPU.ActiveCfg = Release|Any CPU
		{F39CDB05-ECD5-44D3-8451-24FA20FC36B4}.Ad-Hoc|Any CPU.Build.0 = Release|Any CPU
		{F39CDB05-ECD5-44D3-8451-24FA20FC36B4}.Ad-Hoc|ARM.ActiveCfg = Release|Any CPU
		{F39CDB05-ECD5-44D3-8451-24FA20FC36B4}.Ad-Hoc|ARM.Build.0 = Release|Any CPU
		{F39CDB05-ECD5-44D3-8451-24FA20FC36B4}.Ad-Hoc|iPhone.ActiveCfg = Release|Any CPU
		{F39CDB05-ECD5-44D3-8451-24FA20FC36B4}.Ad-Hoc|iPhone.Build.0 = Release|Any CPU
		{F39CDB05-ECD5-44D3-8451-24FA20FC36B4}.Ad-Hoc|iPhoneSimulator.ActiveCfg = Release|Any CPU
		{F39CDB05-ECD5-44D3-8451-24FA20FC36B4}.Ad-Hoc|iPhoneSimulator.Build.0 = Release|Any CPU
		{F39CDB05-ECD5-44D3-8451-24FA20FC36B4}.Ad-Hoc|x64.ActiveCfg = Release|Any CPU
		{F39CDB05-ECD5-44D3-8451-24FA20FC36B4}.Ad-Hoc|x64.Build.0 = Release|Any CPU
		{F39CDB05-ECD5-44D3-8451-24FA20FC36B4}.Ad-Hoc|x86.ActiveCfg = Release|Any CPU
		{F39CDB05-ECD5-44D3-8451-24FA20FC36B4}.Ad-Hoc|x86.Build.0 = Release|Any CPU
		{F39CDB05-ECD5-44D3-8451-24FA20FC36B4}.AppStore|Any CPU.ActiveCfg = Release|Any CPU
		{F39CDB05-ECD5-44D3-8451-24FA20FC36B4}.AppStore|Any CPU.Build.0 = Release|Any CPU
		{F39CDB05-ECD5-44D3-8451-24FA20FC36B4}.AppStore|ARM.ActiveCfg = Release|Any CPU
		{F39CDB05-ECD5-44D3-8451-24FA20FC36B4}.AppStore|ARM.Build.0 = Release|Any CPU
		{F39CDB05-ECD5-44D3-8451-24FA20FC36B4}.AppStore|iPhone.ActiveCfg = Release|Any CPU
		{F39CDB05-ECD5-44D3-8451-24FA20FC36B4}.AppStore|iPhone.Build.0 = Release|Any CPU
		{F39CDB05-ECD5-44D3-8451-24FA20FC36B4}.AppStore|iPhoneSimulator.ActiveCfg = Release|Any CPU
		{F39CDB05-ECD5-44D3-8451-24FA20FC36B4}.AppStore|iPhoneSimulator.Build.0 = Release|Any CPU
		{F39CDB05-ECD5-44D3-8451-24FA20FC36B4}.AppStore|x64.ActiveCfg = Release|Any CPU
		{F39CDB05-ECD5-44D3-8451-24FA20FC36B4}.AppStore|x64.Build.0 = Release|Any CPU
		{F39CDB05-ECD5-44D3-8451-24FA20FC36B4}.AppStore|x86.ActiveCfg = Release|Any CPU
		{F39CDB05-ECD5-44D3-8451-24FA20FC36B4}.AppStore|x86.Build.0 = Release|Any CPU
		{F39CDB05-ECD5-44D3-8451-24FA20FC36B4}.Debug|Any CPU.ActiveCfg = Debug|Any CPU
		{F39CDB05-ECD5-44D3-8451-24FA20FC36B4}.Debug|Any CPU.Build.0 = Debug|Any CPU
		{F39CDB05-ECD5-44D3-8451-24FA20FC36B4}.Debug|ARM.ActiveCfg = Debug|Any CPU
		{F39CDB05-ECD5-44D3-8451-24FA20FC36B4}.Debug|ARM.Build.0 = Debug|Any CPU
		{F39CDB05-ECD5-44D3-8451-24FA20FC36B4}.Debug|iPhone.ActiveCfg = Debug|Any CPU
		{F39CDB05-ECD5-44D3-8451-24FA20FC36B4}.Debug|iPhone.Build.0 = Debug|Any CPU
		{F39CDB05-ECD5-44D3-8451-24FA20FC36B4}.Debug|iPhoneSimulator.ActiveCfg = Debug|Any CPU
		{F39CDB05-ECD5-44D3-8451-24FA20FC36B4}.Debug|iPhoneSimulator.Build.0 = Debug|Any CPU
		{F39CDB05-ECD5-44D3-8451-24FA20FC36B4}.Debug|x64.ActiveCfg = Debug|Any CPU
		{F39CDB05-ECD5-44D3-8451-24FA20FC36B4}.Debug|x64.Build.0 = Debug|Any CPU
		{F39CDB05-ECD5-44D3-8451-24FA20FC36B4}.Debug|x86.ActiveCfg = Debug|Any CPU
		{F39CDB05-ECD5-44D3-8451-24FA20FC36B4}.Debug|x86.Build.0 = Debug|Any CPU
		{F39CDB05-ECD5-44D3-8451-24FA20FC36B4}.Release|Any CPU.ActiveCfg = Release|Any CPU
		{F39CDB05-ECD5-44D3-8451-24FA20FC36B4}.Release|Any CPU.Build.0 = Release|Any CPU
		{F39CDB05-ECD5-44D3-8451-24FA20FC36B4}.Release|ARM.ActiveCfg = Release|Any CPU
		{F39CDB05-ECD5-44D3-8451-24FA20FC36B4}.Release|ARM.Build.0 = Release|Any CPU
		{F39CDB05-ECD5-44D3-8451-24FA20FC36B4}.Release|iPhone.ActiveCfg = Release|Any CPU
		{F39CDB05-ECD5-44D3-8451-24FA20FC36B4}.Release|iPhone.Build.0 = Release|Any CPU
		{F39CDB05-ECD5-44D3-8451-24FA20FC36B4}.Release|iPhoneSimulator.ActiveCfg = Release|Any CPU
		{F39CDB05-ECD5-44D3-8451-24FA20FC36B4}.Release|iPhoneSimulator.Build.0 = Release|Any CPU
		{F39CDB05-ECD5-44D3-8451-24FA20FC36B4}.Release|x64.ActiveCfg = Release|Any CPU
		{F39CDB05-ECD5-44D3-8451-24FA20FC36B4}.Release|x64.Build.0 = Release|Any CPU
		{F39CDB05-ECD5-44D3-8451-24FA20FC36B4}.Release|x86.ActiveCfg = Release|Any CPU
		{F39CDB05-ECD5-44D3-8451-24FA20FC36B4}.Release|x86.Build.0 = Release|Any CPU
		{A29D3F3B-5594-4552-9AC0-D669BEF79CC5}.Ad-Hoc|Any CPU.ActiveCfg = Release|x86
		{A29D3F3B-5594-4552-9AC0-D669BEF79CC5}.Ad-Hoc|Any CPU.Build.0 = Release|x86
		{A29D3F3B-5594-4552-9AC0-D669BEF79CC5}.Ad-Hoc|Any CPU.Deploy.0 = Release|x86
		{A29D3F3B-5594-4552-9AC0-D669BEF79CC5}.Ad-Hoc|ARM.ActiveCfg = Release|ARM
		{A29D3F3B-5594-4552-9AC0-D669BEF79CC5}.Ad-Hoc|ARM.Build.0 = Release|ARM
		{A29D3F3B-5594-4552-9AC0-D669BEF79CC5}.Ad-Hoc|ARM.Deploy.0 = Release|ARM
		{A29D3F3B-5594-4552-9AC0-D669BEF79CC5}.Ad-Hoc|iPhone.ActiveCfg = Release|x86
		{A29D3F3B-5594-4552-9AC0-D669BEF79CC5}.Ad-Hoc|iPhone.Build.0 = Release|x86
		{A29D3F3B-5594-4552-9AC0-D669BEF79CC5}.Ad-Hoc|iPhone.Deploy.0 = Release|x86
		{A29D3F3B-5594-4552-9AC0-D669BEF79CC5}.Ad-Hoc|iPhoneSimulator.ActiveCfg = Release|x86
		{A29D3F3B-5594-4552-9AC0-D669BEF79CC5}.Ad-Hoc|iPhoneSimulator.Build.0 = Release|x86
		{A29D3F3B-5594-4552-9AC0-D669BEF79CC5}.Ad-Hoc|iPhoneSimulator.Deploy.0 = Release|x86
		{A29D3F3B-5594-4552-9AC0-D669BEF79CC5}.Ad-Hoc|x64.ActiveCfg = Release|x64
		{A29D3F3B-5594-4552-9AC0-D669BEF79CC5}.Ad-Hoc|x64.Build.0 = Release|x64
		{A29D3F3B-5594-4552-9AC0-D669BEF79CC5}.Ad-Hoc|x64.Deploy.0 = Release|x64
		{A29D3F3B-5594-4552-9AC0-D669BEF79CC5}.Ad-Hoc|x86.ActiveCfg = Release|x86
		{A29D3F3B-5594-4552-9AC0-D669BEF79CC5}.Ad-Hoc|x86.Build.0 = Release|x86
		{A29D3F3B-5594-4552-9AC0-D669BEF79CC5}.Ad-Hoc|x86.Deploy.0 = Release|x86
		{A29D3F3B-5594-4552-9AC0-D669BEF79CC5}.AppStore|Any CPU.ActiveCfg = Release|x86
		{A29D3F3B-5594-4552-9AC0-D669BEF79CC5}.AppStore|Any CPU.Build.0 = Release|x86
		{A29D3F3B-5594-4552-9AC0-D669BEF79CC5}.AppStore|Any CPU.Deploy.0 = Release|x86
		{A29D3F3B-5594-4552-9AC0-D669BEF79CC5}.AppStore|ARM.ActiveCfg = Release|ARM
		{A29D3F3B-5594-4552-9AC0-D669BEF79CC5}.AppStore|ARM.Build.0 = Release|ARM
		{A29D3F3B-5594-4552-9AC0-D669BEF79CC5}.AppStore|ARM.Deploy.0 = Release|ARM
		{A29D3F3B-5594-4552-9AC0-D669BEF79CC5}.AppStore|iPhone.ActiveCfg = Release|x86
		{A29D3F3B-5594-4552-9AC0-D669BEF79CC5}.AppStore|iPhone.Build.0 = Release|x86
		{A29D3F3B-5594-4552-9AC0-D669BEF79CC5}.AppStore|iPhone.Deploy.0 = Release|x86
		{A29D3F3B-5594-4552-9AC0-D669BEF79CC5}.AppStore|iPhoneSimulator.ActiveCfg = Release|x86
		{A29D3F3B-5594-4552-9AC0-D669BEF79CC5}.AppStore|iPhoneSimulator.Build.0 = Release|x86
		{A29D3F3B-5594-4552-9AC0-D669BEF79CC5}.AppStore|iPhoneSimulator.Deploy.0 = Release|x86
		{A29D3F3B-5594-4552-9AC0-D669BEF79CC5}.AppStore|x64.ActiveCfg = Release|x64
		{A29D3F3B-5594-4552-9AC0-D669BEF79CC5}.AppStore|x64.Build.0 = Release|x64
		{A29D3F3B-5594-4552-9AC0-D669BEF79CC5}.AppStore|x64.Deploy.0 = Release|x64
		{A29D3F3B-5594-4552-9AC0-D669BEF79CC5}.AppStore|x86.ActiveCfg = Release|x86
		{A29D3F3B-5594-4552-9AC0-D669BEF79CC5}.AppStore|x86.Build.0 = Release|x86
		{A29D3F3B-5594-4552-9AC0-D669BEF79CC5}.AppStore|x86.Deploy.0 = Release|x86
		{A29D3F3B-5594-4552-9AC0-D669BEF79CC5}.Debug|Any CPU.ActiveCfg = Debug|x86
		{A29D3F3B-5594-4552-9AC0-D669BEF79CC5}.Debug|ARM.ActiveCfg = Debug|ARM
		{A29D3F3B-5594-4552-9AC0-D669BEF79CC5}.Debug|ARM.Build.0 = Debug|ARM
		{A29D3F3B-5594-4552-9AC0-D669BEF79CC5}.Debug|ARM.Deploy.0 = Debug|ARM
		{A29D3F3B-5594-4552-9AC0-D669BEF79CC5}.Debug|iPhone.ActiveCfg = Debug|x86
		{A29D3F3B-5594-4552-9AC0-D669BEF79CC5}.Debug|iPhoneSimulator.ActiveCfg = Debug|x86
		{A29D3F3B-5594-4552-9AC0-D669BEF79CC5}.Debug|x64.ActiveCfg = Debug|x64
		{A29D3F3B-5594-4552-9AC0-D669BEF79CC5}.Debug|x64.Build.0 = Debug|x64
		{A29D3F3B-5594-4552-9AC0-D669BEF79CC5}.Debug|x64.Deploy.0 = Debug|x64
		{A29D3F3B-5594-4552-9AC0-D669BEF79CC5}.Debug|x86.ActiveCfg = Debug|x86
		{A29D3F3B-5594-4552-9AC0-D669BEF79CC5}.Debug|x86.Build.0 = Debug|x86
		{A29D3F3B-5594-4552-9AC0-D669BEF79CC5}.Debug|x86.Deploy.0 = Debug|x86
		{A29D3F3B-5594-4552-9AC0-D669BEF79CC5}.Release|Any CPU.ActiveCfg = Release|x86
		{A29D3F3B-5594-4552-9AC0-D669BEF79CC5}.Release|ARM.ActiveCfg = Release|ARM
		{A29D3F3B-5594-4552-9AC0-D669BEF79CC5}.Release|ARM.Build.0 = Release|ARM
		{A29D3F3B-5594-4552-9AC0-D669BEF79CC5}.Release|ARM.Deploy.0 = Release|ARM
		{A29D3F3B-5594-4552-9AC0-D669BEF79CC5}.Release|iPhone.ActiveCfg = Release|x86
		{A29D3F3B-5594-4552-9AC0-D669BEF79CC5}.Release|iPhoneSimulator.ActiveCfg = Release|x86
		{A29D3F3B-5594-4552-9AC0-D669BEF79CC5}.Release|x64.ActiveCfg = Release|x64
		{A29D3F3B-5594-4552-9AC0-D669BEF79CC5}.Release|x64.Build.0 = Release|x64
		{A29D3F3B-5594-4552-9AC0-D669BEF79CC5}.Release|x64.Deploy.0 = Release|x64
		{A29D3F3B-5594-4552-9AC0-D669BEF79CC5}.Release|x86.ActiveCfg = Release|x86
		{A29D3F3B-5594-4552-9AC0-D669BEF79CC5}.Release|x86.Build.0 = Release|x86
		{A29D3F3B-5594-4552-9AC0-D669BEF79CC5}.Release|x86.Deploy.0 = Release|x86
		{EEC740BE-E3CC-43C7-A908-D07C48481CA3}.Ad-Hoc|Any CPU.ActiveCfg = Ad-Hoc|iPhone
		{EEC740BE-E3CC-43C7-A908-D07C48481CA3}.Ad-Hoc|ARM.ActiveCfg = Ad-Hoc|iPhone
		{EEC740BE-E3CC-43C7-A908-D07C48481CA3}.Ad-Hoc|iPhone.ActiveCfg = Ad-Hoc|iPhone
		{EEC740BE-E3CC-43C7-A908-D07C48481CA3}.Ad-Hoc|iPhone.Build.0 = Ad-Hoc|iPhone
		{EEC740BE-E3CC-43C7-A908-D07C48481CA3}.Ad-Hoc|iPhoneSimulator.ActiveCfg = Ad-Hoc|iPhoneSimulator
		{EEC740BE-E3CC-43C7-A908-D07C48481CA3}.Ad-Hoc|iPhoneSimulator.Build.0 = Ad-Hoc|iPhoneSimulator
		{EEC740BE-E3CC-43C7-A908-D07C48481CA3}.Ad-Hoc|x64.ActiveCfg = Ad-Hoc|iPhone
		{EEC740BE-E3CC-43C7-A908-D07C48481CA3}.Ad-Hoc|x86.ActiveCfg = Ad-Hoc|iPhone
		{EEC740BE-E3CC-43C7-A908-D07C48481CA3}.AppStore|Any CPU.ActiveCfg = AppStore|iPhone
		{EEC740BE-E3CC-43C7-A908-D07C48481CA3}.AppStore|ARM.ActiveCfg = AppStore|iPhone
		{EEC740BE-E3CC-43C7-A908-D07C48481CA3}.AppStore|iPhone.ActiveCfg = AppStore|iPhone
		{EEC740BE-E3CC-43C7-A908-D07C48481CA3}.AppStore|iPhone.Build.0 = AppStore|iPhone
		{EEC740BE-E3CC-43C7-A908-D07C48481CA3}.AppStore|iPhoneSimulator.ActiveCfg = AppStore|iPhoneSimulator
		{EEC740BE-E3CC-43C7-A908-D07C48481CA3}.AppStore|iPhoneSimulator.Build.0 = AppStore|iPhoneSimulator
		{EEC740BE-E3CC-43C7-A908-D07C48481CA3}.AppStore|x64.ActiveCfg = AppStore|iPhone
		{EEC740BE-E3CC-43C7-A908-D07C48481CA3}.AppStore|x86.ActiveCfg = AppStore|iPhone
		{EEC740BE-E3CC-43C7-A908-D07C48481CA3}.Debug|Any CPU.ActiveCfg = Debug|iPhone
		{EEC740BE-E3CC-43C7-A908-D07C48481CA3}.Debug|ARM.ActiveCfg = Debug|iPhone
		{EEC740BE-E3CC-43C7-A908-D07C48481CA3}.Debug|iPhone.ActiveCfg = Debug|iPhone
		{EEC740BE-E3CC-43C7-A908-D07C48481CA3}.Debug|iPhone.Build.0 = Debug|iPhone
		{EEC740BE-E3CC-43C7-A908-D07C48481CA3}.Debug|iPhoneSimulator.ActiveCfg = Debug|iPhoneSimulator
		{EEC740BE-E3CC-43C7-A908-D07C48481CA3}.Debug|iPhoneSimulator.Build.0 = Debug|iPhoneSimulator
		{EEC740BE-E3CC-43C7-A908-D07C48481CA3}.Debug|x64.ActiveCfg = Debug|iPhone
		{EEC740BE-E3CC-43C7-A908-D07C48481CA3}.Debug|x86.ActiveCfg = Debug|iPhone
		{EEC740BE-E3CC-43C7-A908-D07C48481CA3}.Release|Any CPU.ActiveCfg = Release|iPhone
		{EEC740BE-E3CC-43C7-A908-D07C48481CA3}.Release|ARM.ActiveCfg = Release|iPhone
		{EEC740BE-E3CC-43C7-A908-D07C48481CA3}.Release|iPhone.ActiveCfg = Release|iPhone
		{EEC740BE-E3CC-43C7-A908-D07C48481CA3}.Release|iPhone.Build.0 = Release|iPhone
		{EEC740BE-E3CC-43C7-A908-D07C48481CA3}.Release|iPhoneSimulator.ActiveCfg = Release|iPhoneSimulator
		{EEC740BE-E3CC-43C7-A908-D07C48481CA3}.Release|iPhoneSimulator.Build.0 = Release|iPhoneSimulator
		{EEC740BE-E3CC-43C7-A908-D07C48481CA3}.Release|x64.ActiveCfg = Release|iPhone
		{EEC740BE-E3CC-43C7-A908-D07C48481CA3}.Release|x86.ActiveCfg = Release|iPhone
	EndGlobalSection
	GlobalSection(SolutionProperties) = preSolution
		HideSolutionNode = FALSE
	EndGlobalSection
EndGlobal
